{
  "version": 4,
  "terraform_version": "1.8.4",
  "serial": 555,
  "lineage": "304f9756-07b2-b313-f960-b2e96ecc24a8",
  "outputs": {
    "alb_dns_name": {
      "value": "project-intely-alb-462470990.eu-north-1.elb.amazonaws.com",
      "type": "string"
    },
    "launch_template_id": {
      "value": "lt-06ebf93ed80d395a8",
      "type": "string"
    },
    "launch_template_version": {
      "value": 1,
      "type": "number"
    }
  },
  "resources": [
    {
      "mode": "managed",
      "type": "aws_security_group",
      "name": "rds_sg",
      "provider": "provider[\"registry.terraform.io/hashicorp/aws\"]",
      "instances": [
        {
          "schema_version": 1,
          "attributes": {
            "arn": "arn:aws:ec2:eu-north-1:851725350979:security-group/sg-0ab84ab72b62e9932",
            "description": "Security group for RDS instances",
            "egress": [
              {
                "cidr_blocks": [
                  "0.0.0.0/0"
                ],
                "description": "",
                "from_port": 0,
                "ipv6_cidr_blocks": [],
                "prefix_list_ids": [],
                "protocol": "-1",
                "security_groups": [],
                "self": false,
                "to_port": 0
              }
            ],
            "id": "sg-0ab84ab72b62e9932",
            "ingress": [
              {
                "cidr_blocks": [],
                "description": "",
                "from_port": 3306,
                "ipv6_cidr_blocks": [],
                "prefix_list_ids": [],
                "protocol": "tcp",
                "security_groups": [
                  "sg-02c9511dc6753a6a6"
                ],
                "self": false,
                "to_port": 3306
              }
            ],
            "name": "rds-security-group",
            "name_prefix": "",
            "owner_id": "851725350979",
            "revoke_rules_on_delete": false,
            "tags": {
              "Name": "rds-security-group"
            },
            "tags_all": {
              "Name": "rds-security-group"
            },
            "timeouts": null,
            "vpc_id": "vpc-0348dba66f6612485"
          },
          "sensitive_attributes": [],
          "private": "eyJlMmJmYjczMC1lY2FhLTExZTYtOGY4OC0zNDM2M2JjN2M0YzAiOnsiY3JlYXRlIjo2MDAwMDAwMDAwMDAsImRlbGV0ZSI6OTAwMDAwMDAwMDAwfSwic2NoZW1hX3ZlcnNpb24iOiIxIn0=",
          "dependencies": [
            "module.alb_security_group.module.alb_security_group.aws_security_group.this",
            "module.alb_security_group.module.alb_security_group.aws_security_group.this_name_prefix",
            "module.vpc.aws_vpc.this"
          ]
        }
      ]
    },
    {
      "module": "module.alb",
      "mode": "managed",
      "type": "aws_acm_certificate",
      "name": "cert",
      "provider": "provider[\"registry.terraform.io/hashicorp/aws\"]",
      "instances": [
        {
          "schema_version": 0,
          "attributes": {
            "arn": "arn:aws:acm:eu-north-1:851725350979:certificate/df549ec3-6f35-4d10-9fcb-ef8894afe717",
            "certificate_authority_arn": "",
            "certificate_body": "-----BEGIN CERTIFICATE-----\nMIIFUjCCAzqgAwIBAgIQY9WvzKZVI8viOEfvmM9ttjANBgkqhkiG9w0BAQsFADA5\nMRowGAYDVQQKExFUZXJyYWZvcm0gVGVzdGluZzEbMBkGA1UEAxMScHJvamVjdC1p\nbnRlbHkuY29tMB4XDTI0MDYxNzIzMjU1MloXDTI1MDYxNzIzMjU1MlowOTEaMBgG\nA1UEChMRVGVzdCBPcmdhbml6YXRpb24xGzAZBgNVBAMTEnByb2plY3QtaW50ZWx5\nLmNvbTCCAiIwDQYJKoZIhvcNAQEBBQADggIPADCCAgoCggIBAKIk+bOAq4KS04qd\nKhaqC5nO3T0xihuTC2ahtYuqH9I+Xqu1Da72uH+glE8z/oEpUFOskB6w4iAAceHq\nSy3G30hgCxf2J1qLWvnQZU5m1H0tKltWPhgLzkGHwv7+VoSoBwTfzy4hh4/08pTP\nq3tFe3Zcx07PUZhFIMm1arviisk8hFd7rOiKWooiOETZVS3+kfcBTM9n+Td1ODzS\nkbjZ+TY8A90QAm5HS8f7sV3DoiRaAP6Q+1KUesSn8HJLBzmQKpG0k4aVrwDF+fD3\n91h+E5OKpxiH+sKmmsCOw2V/xjst3FOayqnUpid+4j9HbXvhMzgqoh87o4fwY3rL\nGs+FpGgDb3Mlhc+VaWtq4MGbXIrS9qL8/ze0bYC6ZsO8VbFF3sdf3qpwR+Y7MQ3u\nRPuQ3GrrhhPpCjgNoO6Gu0tQimfzVBeGfn1NvybUAxgbeMbrhaxbwWempWzP5BYJ\nVMmMRNKzvXNxIxI0kXbLTxX4XHx/MVoSTpwmSWqicRFWLCRwkUaqCXVyK0OaPy+e\njvQb1Ylrj2KoUWG5gpFHJVSIzEIv9zDkVHy8dpDf0AZs9h5sSfOFGAXF/VTJJyvv\nqo4MVdrKeGmLncOYPsCk2kXKSwZZ6xbPUowJ+M47VBm3wqbhr+86CnUlLMP4V39M\nyHrvINkp8tHJsfDLzFMSrqtGDTIDAgMBAAGjVjBUMA4GA1UdDwEB/wQEAwIFoDAT\nBgNVHSUEDDAKBggrBgEFBQcDATAMBgNVHRMBAf8EAjAAMB8GA1UdIwQYMBaAFDHq\n+r6i8Ou5Va6Pi0w9kg6WPMz9MA0GCSqGSIb3DQEBCwUAA4ICAQA1ZlaGmBIBySeB\nookMhCdQoeymQccMILyVFaCn+slJpnyMHQDP/sKPFJDX/hH2o+H6qyiWgZrBxFIn\nbJ5hszdbF2B/+NawbYrFkqd9yRmzAr3G5W2PtCV96cSqLV6IqWIlvDDyC3WtwYER\ngRsW/Mcc/XGFzla+K0FUt6sYIanTrT4TYKbWg4HLuaN7ACaHmypQBBbn1ABsuJx9\n0rrhq3vhZ94QFus7ZfrvQzynkoIpr2aujCDcD465muUtFIvrPVYd2F3Cd5FSH101\n7wRX2nfd0/1RQFY6j/nenhtdOTpw9Lg0zuNLVAz1Ase3jNpia3UAQblZL6dJPy3g\nyxDW3EFtzbYsuSaQnMSOGNMO7nyxtDtQnPPzql5pn8IzEdh9Y0sA0FxxvT797gMT\ngBrPjL0roChHMtrTmxTNuVM4gdwXfXTywpDgFwArt0hOKKoE2fhjwFdpCM0DIDOB\nniupYqPyH8nnU1NuTE4Wv3VLolmUAfXjR4kqbL5V0ByBtv8MDBcoEr5tv61NAvXF\nBY8i758kbLTmhJTauqdY4/u2Cie3eUqamgF/H9U9TC2p+LYe/5rsU41ELALczuNa\nVJyBch6vIXexXEEDwJd41wTdW53PczZbB1/3wC9AXYG4P4MEIossXWyKRBmRw53y\nmFX9hHSbauclPgsO03Q1GyiC+X/NMw==\n-----END CERTIFICATE-----\n",
            "certificate_chain": null,
            "domain_name": "project-intely.com",
            "domain_validation_options": [],
            "early_renewal_duration": "",
            "id": "arn:aws:acm:eu-north-1:851725350979:certificate/df549ec3-6f35-4d10-9fcb-ef8894afe717",
            "key_algorithm": "RSA_4096",
            "not_after": "2025-06-17T23:25:52Z",
            "not_before": "2024-06-17T23:25:52Z",
            "options": [
              {
                "certificate_transparency_logging_preference": "DISABLED"
              }
            ],
            "pending_renewal": false,
            "private_key": "-----BEGIN RSA PRIVATE KEY-----\nMIIJJwIBAAKCAgEAoiT5s4CrgpLTip0qFqoLmc7dPTGKG5MLZqG1i6of0j5eq7UN\nrva4f6CUTzP+gSlQU6yQHrDiIABx4epLLcbfSGALF/YnWota+dBlTmbUfS0qW1Y+\nGAvOQYfC/v5WhKgHBN/PLiGHj/TylM+re0V7dlzHTs9RmEUgybVqu+KKyTyEV3us\n6IpaiiI4RNlVLf6R9wFMz2f5N3U4PNKRuNn5NjwD3RACbkdLx/uxXcOiJFoA/pD7\nUpR6xKfwcksHOZAqkbSThpWvAMX58Pf3WH4Tk4qnGIf6wqaawI7DZX/GOy3cU5rK\nqdSmJ37iP0dte+EzOCqiHzujh/Bjessaz4WkaANvcyWFz5Vpa2rgwZtcitL2ovz/\nN7RtgLpmw7xVsUXex1/eqnBH5jsxDe5E+5DcauuGE+kKOA2g7oa7S1CKZ/NUF4Z+\nfU2/JtQDGBt4xuuFrFvBZ6albM/kFglUyYxE0rO9c3EjEjSRdstPFfhcfH8xWhJO\nnCZJaqJxEVYsJHCRRqoJdXIrQ5o/L56O9BvViWuPYqhRYbmCkUclVIjMQi/3MORU\nfLx2kN/QBmz2HmxJ84UYBcX9VMknK++qjgxV2sp4aYudw5g+wKTaRcpLBlnrFs9S\njAn4zjtUGbfCpuGv7zoKdSUsw/hXf0zIeu8g2Sny0cmx8MvMUxKuq0YNMgMCAwEA\nAQKCAgAkCP2ppA357fGvm7Av60i6vRu0Lt9Xs31UKNo1GPELg6r8lDdfTBvC2Yg8\ndfy47dqZTf+VopAOtqqYn75nhQw4hIfSonUqjVABtwvcucO9shz4wZj5NR54t9hh\nXVsTDljI/4iG4xLCrph+9AxTUCTZMFNnM3IZ2jsoOPZonTdk89shqi3KXH00t9gz\njO1+VFZSQ+qzKZNcfOOruMyD/YWCRSJCrf0sTxILdud7RDAzzgDskoIYX0FNlVk9\nvWj0pRKg4TXsMjX7gQRERoelFhf5sVXjgMz9F5PK+a95TkVa/504w20JA2aN3ogf\nshsl7e25LNhtAo8cdhNVxe/GcRgRXyr569tbI+byMhfLg5J0P1ZRdCOVLzL9Kmbo\ngYwyrzMpjWfoFMNTktKjFK6GEKotQZtstkoGdKC0/i5NZ1iNwYTFQXqYyqUkDJ68\n6u+hHBISCzzyAqAwRtrDWayvVfSmR56i0ELEXwZBhgD1MLcFOhvU1AYBJrjiYkIj\n0cJV/RSZy0BjQjJTYn592vrBGfmnwhr54Aj+SILH0X0AIpG58Vm+QBb2dRh5iQyB\npjsztyLKjbp2UoaLHFG0PKUfW+kZTnyRl2ksSIXKcQkMV/onob5KNfVKP23GB/VR\nN+VNbObbYliAz8T14l6MS1BLgjw359Qj0u+vhEYDsmPM/nBdsQKCAQEAy583LGZd\n3MzIIYGjqGelv+cpvuUa4upG3j/xsg1pe7McU1GvjKtSolzx8BUYtzXF/guK9Hkl\ngFhYMVJxwA1F2yL8fk4B/pze2fktrvcQAk5TTKxCB37Zd/67D6Y/KHVQ3q60iEh8\nTnDwBHUJUOYAZA8NB9riZRswAazBW84Ie5aUw0Mrh+pDTbXvOAZkM0lzKN3OBh6B\nVfvAkDU8QcaP+EqJEY+nYkaf4mHjH3Kvm0vEk2X3dgCnsMwvx7IhXoJgNaDsPPQG\n6RN6UO7DNVFkjaz0KCPnLCc0BTxk4QPuwW4VTF/g67ZqzwObQZZXZHmQjTXGgZVb\nmDNIDqckrAgTuwKCAQEAy9po0Dw8ANBqiCMQviPhMZknMCDNsYDCR+3AZy3A604E\nSrpWC8i49jVKdZKie2/yq/oiR3YmYldyKdUgr0QLFfNLHdiYUs79935wC5S2uRJC\nfERsTck/Jtbr64g90N9N3ypeQkWz1c4eZ1VPJr9OBLkbft0Fy3rOtN1x/XVVAKg/\nD1rw2GLTUv0k4pyrCJNeRnEuWz7FJ3MNvC3G6AY7ZlhiQkmLBU/m1tTuDQu9GHwW\npPluxZfLSzUHHh8OrhBpjqO1RVWIstvZAXpmP5SOn7AedywcAQ8clH09904MirHg\nzBRwVCWyRJTA6TXZvyQtzrUSDBjQQkhHsytW9yaiWQKCAQA7WkJ7167ecHaZha9N\npEClKl15vlBS+lUD7YGnE8++ddv40WOpTjr9Brii8ZNNvAflYDn1vuZWfenfHpf3\nkibdlFoi+twL+m/e+4n8aRmqgmg3fjKU+r2rA35FNoFMar3S2vvWicJqHvNnaTH4\n+cH9aIG023GIZR9eLZwDBZBlbeQY8phausc5fKGpI/vLE0rVC6pFEFlE1egwYMQa\nrCVFC3zeuI/izpFGLKBGh2h2jORUzrEOHWzD1RDMVbjyUnB20Vxq+/qTr9DEjIQs\nI3h674IPvT9iGF9Kc2s4R6wth8f/hicKrhZ+FyAHQypgKCshbh5ZoU6ck74aP1Aq\nMQSHAoIBAB4RunI04FjyZTRtj7OsUTRitfAYdp7fMkkv3biafCF5YZKwR673Takr\nlS8gkQ0KJ06M1++YkvLgmTtob6jKraPwPj1JzLYySC3wnZBnwEguVFZGNX+H1uPg\nwe39K7kapz7q3fqCk5NPExcE82bwww5ZS5/79DXeiI0PORg87WvqZVrbfDk+4pMU\nOhOfLm9WZYqYeVEGQkieZQFD81oYSTzAfsXuWS5Qael4gSC1gZASBbkR/e/xgxA1\n4zXjOOQeEaPzq/JtOnu/iBP6vQhV3m/Zp7TGcd8KHpocmz5Wae0vbcxMm4EeClyp\nYIdF5TeXm5YpCV91bYrJZKIeG3bbYQkCggEACe+sRt3PNU2nUt3xVhlvu040Euv6\ny8HBc0aKXyHg5Szzo148vvdiiNs7WejZVJ850KAWoow+tCS6zOrovuI++NjsjRw7\njbOrw66Ox6g+P1m6eT/36pGHbI0PqHp/hfftPl7h/+QILdvv5/N8l94heP4+4dl3\nDxJHrlQ2FtZMWaF2pwwEKI3VcV5BySmvc78YV6S8gt76w0ged6IYu5nTx/RS1b5I\ndjzj16sSfAOkk4/18dZSECESyy28fFF0iWOzXp8+cssJPuxWvAWsp7qq4rwSebsd\nhT1R+KUgPn9tAD1DOrtWdXCuxrRWINgehr0t8f2yDVjD7f+gbN/ElVl+0Q==\n-----END RSA PRIVATE KEY-----\n",
            "renewal_eligibility": "INELIGIBLE",
            "renewal_summary": [],
            "status": "ISSUED",
            "subject_alternative_names": [
              "project-intely.com"
            ],
            "tags": null,
            "tags_all": {},
            "type": "IMPORTED",
            "validation_emails": [],
            "validation_method": "NONE",
            "validation_option": []
          },
          "sensitive_attributes": [
            [
              {
                "type": "get_attr",
                "value": "private_key"
              }
            ]
          ],
          "private": "bnVsbA==",
          "dependencies": [
            "module.alb.tls_cert_request.cert",
            "module.alb.tls_locally_signed_cert.cert",
            "module.alb.tls_private_key.cert",
            "module.alb.tls_self_signed_cert.ca",
            "module.vpc.aws_default_route_table.private",
            "module.vpc.aws_eip.nat",
            "module.vpc.aws_internet_gateway.this",
            "module.vpc.aws_nat_gateway.this",
            "module.vpc.aws_route.private",
            "module.vpc.aws_route.public",
            "module.vpc.aws_route_table.private",
            "module.vpc.aws_route_table.public",
            "module.vpc.aws_route_table_association.private",
            "module.vpc.aws_route_table_association.public",
            "module.vpc.aws_subnet.private",
            "module.vpc.aws_subnet.public",
            "module.vpc.aws_vpc.this",
            "module.vpc.data.aws_route_table.private"
          ]
        }
      ]
    },
    {
      "module": "module.alb",
      "mode": "managed",
      "type": "aws_lb",
      "name": "this",
      "provider": "provider[\"registry.terraform.io/hashicorp/aws\"]",
      "instances": [
        {
          "schema_version": 0,
          "attributes": {
            "access_logs": [
              {
                "bucket": "",
                "enabled": false,
                "prefix": ""
              }
            ],
            "arn": "arn:aws:elasticloadbalancing:eu-north-1:851725350979:loadbalancer/app/project-intely-alb/c71ef98d953d6b73",
            "arn_suffix": "app/project-intely-alb/c71ef98d953d6b73",
            "client_keep_alive": 3600,
            "connection_logs": [
              {
                "bucket": "",
                "enabled": false,
                "prefix": ""
              }
            ],
            "customer_owned_ipv4_pool": "",
            "desync_mitigation_mode": "defensive",
            "dns_name": "project-intely-alb-462470990.eu-north-1.elb.amazonaws.com",
            "dns_record_client_routing_policy": null,
            "drop_invalid_header_fields": false,
            "enable_cross_zone_load_balancing": true,
            "enable_deletion_protection": false,
            "enable_http2": true,
            "enable_tls_version_and_cipher_suite_headers": false,
            "enable_waf_fail_open": false,
            "enable_xff_client_port": false,
            "enforce_security_group_inbound_rules_on_private_link_traffic": "",
            "id": "arn:aws:elasticloadbalancing:eu-north-1:851725350979:loadbalancer/app/project-intely-alb/c71ef98d953d6b73",
            "idle_timeout": 60,
            "internal": false,
            "ip_address_type": "ipv4",
            "load_balancer_type": "application",
            "name": "project-intely-alb",
            "name_prefix": "",
            "preserve_host_header": false,
            "security_groups": [
              "sg-02c9511dc6753a6a6"
            ],
            "subnet_mapping": [
              {
                "allocation_id": "",
                "ipv6_address": "",
                "outpost_id": "",
                "private_ipv4_address": "",
                "subnet_id": "subnet-00622fc7f0b8f9b26"
              },
              {
                "allocation_id": "",
                "ipv6_address": "",
                "outpost_id": "",
                "private_ipv4_address": "",
                "subnet_id": "subnet-069ccde6425887c4e"
              },
              {
                "allocation_id": "",
                "ipv6_address": "",
                "outpost_id": "",
                "private_ipv4_address": "",
                "subnet_id": "subnet-0bd763362a697759f"
              }
            ],
            "subnets": [
              "subnet-00622fc7f0b8f9b26",
              "subnet-069ccde6425887c4e",
              "subnet-0bd763362a697759f"
            ],
            "tags": {
              "Environment": "project_intely",
              "Project": "intely",
              "Terraform": "true"
            },
            "tags_all": {
              "Environment": "project_intely",
              "Project": "intely",
              "Terraform": "true"
            },
            "timeouts": null,
            "vpc_id": "vpc-0348dba66f6612485",
            "xff_header_processing_mode": "append",
            "zone_id": "Z23TAZ6LKFMNIO"
          },
          "sensitive_attributes": [],
          "private": "eyJlMmJmYjczMC1lY2FhLTExZTYtOGY4OC0zNDM2M2JjN2M0YzAiOnsiY3JlYXRlIjo2MDAwMDAwMDAwMDAsImRlbGV0ZSI6NjAwMDAwMDAwMDAwLCJ1cGRhdGUiOjYwMDAwMDAwMDAwMH19",
          "dependencies": [
            "module.alb_security_group.module.alb_security_group.aws_security_group.this",
            "module.alb_security_group.module.alb_security_group.aws_security_group.this_name_prefix",
            "module.vpc.aws_default_route_table.private",
            "module.vpc.aws_eip.nat",
            "module.vpc.aws_internet_gateway.this",
            "module.vpc.aws_nat_gateway.this",
            "module.vpc.aws_route.private",
            "module.vpc.aws_route.public",
            "module.vpc.aws_route_table.private",
            "module.vpc.aws_route_table.public",
            "module.vpc.aws_route_table_association.private",
            "module.vpc.aws_route_table_association.public",
            "module.vpc.aws_subnet.private",
            "module.vpc.aws_subnet.public",
            "module.vpc.aws_vpc.this",
            "module.vpc.data.aws_route_table.private"
          ]
        }
      ]
    },
    {
      "module": "module.alb",
      "mode": "managed",
      "type": "aws_lb_listener",
      "name": "http",
      "provider": "provider[\"registry.terraform.io/hashicorp/aws\"]",
      "instances": [
        {
          "index_key": "80",
          "schema_version": 0,
          "attributes": {
            "alpn_policy": null,
            "arn": "arn:aws:elasticloadbalancing:eu-north-1:851725350979:listener/app/project-intely-alb/c71ef98d953d6b73/36cde545f0bfe78b",
            "certificate_arn": null,
            "default_action": [
              {
                "authenticate_cognito": [],
                "authenticate_oidc": [],
                "fixed_response": [],
                "forward": [],
                "order": 1,
                "redirect": [],
                "target_group_arn": "arn:aws:elasticloadbalancing:eu-north-1:851725350979:targetgroup/project-intely-tg/d08e46b2da73cd1d",
                "type": "forward"
              }
            ],
            "id": "arn:aws:elasticloadbalancing:eu-north-1:851725350979:listener/app/project-intely-alb/c71ef98d953d6b73/36cde545f0bfe78b",
            "load_balancer_arn": "arn:aws:elasticloadbalancing:eu-north-1:851725350979:loadbalancer/app/project-intely-alb/c71ef98d953d6b73",
            "mutual_authentication": [],
            "port": 80,
            "protocol": "HTTP",
            "ssl_policy": "",
            "tags": null,
            "tags_all": {},
            "timeouts": null
          },
          "sensitive_attributes": [],
          "private": "eyJlMmJmYjczMC1lY2FhLTExZTYtOGY4OC0zNDM2M2JjN2M0YzAiOnsiY3JlYXRlIjozMDAwMDAwMDAwMDAsInVwZGF0ZSI6MzAwMDAwMDAwMDAwfX0=",
          "dependencies": [
            "module.alb.aws_lb.this",
            "module.alb_security_group.module.alb_security_group.aws_security_group.this",
            "module.alb_security_group.module.alb_security_group.aws_security_group.this_name_prefix",
            "module.target_group_http.aws_lb_target_group.this",
            "module.target_group_https.aws_lb_target_group.this",
            "module.vpc.aws_default_route_table.private",
            "module.vpc.aws_eip.nat",
            "module.vpc.aws_internet_gateway.this",
            "module.vpc.aws_nat_gateway.this",
            "module.vpc.aws_route.private",
            "module.vpc.aws_route.public",
            "module.vpc.aws_route_table.private",
            "module.vpc.aws_route_table.public",
            "module.vpc.aws_route_table_association.private",
            "module.vpc.aws_route_table_association.public",
            "module.vpc.aws_subnet.private",
            "module.vpc.aws_subnet.public",
            "module.vpc.aws_vpc.this",
            "module.vpc.data.aws_route_table.private"
          ]
        }
      ]
    },
    {
      "module": "module.alb",
      "mode": "managed",
      "type": "aws_lb_listener",
      "name": "https",
      "provider": "provider[\"registry.terraform.io/hashicorp/aws\"]",
      "instances": [
        {
          "index_key": "443",
          "schema_version": 0,
          "attributes": {
            "alpn_policy": null,
            "arn": "arn:aws:elasticloadbalancing:eu-north-1:851725350979:listener/app/project-intely-alb/c71ef98d953d6b73/10757f1dce471348",
            "certificate_arn": "arn:aws:acm:eu-north-1:851725350979:certificate/df549ec3-6f35-4d10-9fcb-ef8894afe717",
            "default_action": [
              {
                "authenticate_cognito": [],
                "authenticate_oidc": [],
                "fixed_response": [],
                "forward": [],
                "order": 1,
                "redirect": [],
                "target_group_arn": "arn:aws:elasticloadbalancing:eu-north-1:851725350979:targetgroup/project-intely-tg-https/19befdc239c9ada9",
                "type": "forward"
              }
            ],
            "id": "arn:aws:elasticloadbalancing:eu-north-1:851725350979:listener/app/project-intely-alb/c71ef98d953d6b73/10757f1dce471348",
            "load_balancer_arn": "arn:aws:elasticloadbalancing:eu-north-1:851725350979:loadbalancer/app/project-intely-alb/c71ef98d953d6b73",
            "mutual_authentication": [
              {
                "ignore_client_certificate_expiry": false,
                "mode": "off",
                "trust_store_arn": ""
              }
            ],
            "port": 443,
            "protocol": "HTTPS",
            "ssl_policy": "ELBSecurityPolicy-2016-08",
            "tags": null,
            "tags_all": {},
            "timeouts": null
          },
          "sensitive_attributes": [],
          "private": "eyJlMmJmYjczMC1lY2FhLTExZTYtOGY4OC0zNDM2M2JjN2M0YzAiOnsiY3JlYXRlIjozMDAwMDAwMDAwMDAsInVwZGF0ZSI6MzAwMDAwMDAwMDAwfX0=",
          "dependencies": [
            "module.alb.aws_acm_certificate.cert",
            "module.alb.aws_lb.this",
            "module.alb.tls_cert_request.cert",
            "module.alb.tls_locally_signed_cert.cert",
            "module.alb.tls_private_key.cert",
            "module.alb.tls_self_signed_cert.ca",
            "module.alb_security_group.module.alb_security_group.aws_security_group.this",
            "module.alb_security_group.module.alb_security_group.aws_security_group.this_name_prefix",
            "module.target_group_http.aws_lb_target_group.this",
            "module.target_group_https.aws_lb_target_group.this",
            "module.vpc.aws_default_route_table.private",
            "module.vpc.aws_eip.nat",
            "module.vpc.aws_internet_gateway.this",
            "module.vpc.aws_nat_gateway.this",
            "module.vpc.aws_route.private",
            "module.vpc.aws_route.public",
            "module.vpc.aws_route_table.private",
            "module.vpc.aws_route_table.public",
            "module.vpc.aws_route_table_association.private",
            "module.vpc.aws_route_table_association.public",
            "module.vpc.aws_subnet.private",
            "module.vpc.aws_subnet.public",
            "module.vpc.aws_vpc.this",
            "module.vpc.data.aws_route_table.private"
          ]
        }
      ]
    },
    {
      "module": "module.alb",
      "mode": "managed",
      "type": "tls_cert_request",
      "name": "cert",
      "provider": "provider[\"registry.terraform.io/hashicorp/tls\"]",
      "instances": [
        {
          "schema_version": 0,
          "attributes": {
            "cert_request_pem": "-----BEGIN CERTIFICATE REQUEST-----\nMIIEfjCCAmYCAQAwOTEaMBgGA1UEChMRVGVzdCBPcmdhbml6YXRpb24xGzAZBgNV\nBAMTEnByb2plY3QtaW50ZWx5LmNvbTCCAiIwDQYJKoZIhvcNAQEBBQADggIPADCC\nAgoCggIBAKIk+bOAq4KS04qdKhaqC5nO3T0xihuTC2ahtYuqH9I+Xqu1Da72uH+g\nlE8z/oEpUFOskB6w4iAAceHqSy3G30hgCxf2J1qLWvnQZU5m1H0tKltWPhgLzkGH\nwv7+VoSoBwTfzy4hh4/08pTPq3tFe3Zcx07PUZhFIMm1arviisk8hFd7rOiKWooi\nOETZVS3+kfcBTM9n+Td1ODzSkbjZ+TY8A90QAm5HS8f7sV3DoiRaAP6Q+1KUesSn\n8HJLBzmQKpG0k4aVrwDF+fD391h+E5OKpxiH+sKmmsCOw2V/xjst3FOayqnUpid+\n4j9HbXvhMzgqoh87o4fwY3rLGs+FpGgDb3Mlhc+VaWtq4MGbXIrS9qL8/ze0bYC6\nZsO8VbFF3sdf3qpwR+Y7MQ3uRPuQ3GrrhhPpCjgNoO6Gu0tQimfzVBeGfn1NvybU\nAxgbeMbrhaxbwWempWzP5BYJVMmMRNKzvXNxIxI0kXbLTxX4XHx/MVoSTpwmSWqi\ncRFWLCRwkUaqCXVyK0OaPy+ejvQb1Ylrj2KoUWG5gpFHJVSIzEIv9zDkVHy8dpDf\n0AZs9h5sSfOFGAXF/VTJJyvvqo4MVdrKeGmLncOYPsCk2kXKSwZZ6xbPUowJ+M47\nVBm3wqbhr+86CnUlLMP4V39MyHrvINkp8tHJsfDLzFMSrqtGDTIDAgMBAAGgADAN\nBgkqhkiG9w0BAQsFAAOCAgEALep9uDRqrzOKpGQc44IOQ2j/3YWDyQfog1rttd1u\n//hgfP0Q1IMS/qrdus276PkrguyQzDus24N+U4q6OYIjApHl0a1kbxpZRdhW1zIN\nQO0QBF4m/6MfsNEDZEfZpBzvWswwtPUXsfUDhd9j+/jxbU9WOmu137f1fXEpH8nN\njVr6cHf+IR4vjwaxjJKc5BqKUK4fSOoXAoxGkMMz9rQcRr+NRWsXQmYmo7tJzhNh\ndXd/tJ4DfWI/eODQ+ADw9AP+hSLDRP+nQodsLv9D1+qe/f5S72US2LB2Rj1kL78d\nx1k3y7YogFyM+B0RM3mEAC+CqdgqQVfmGib5gI+C9LsVSvM4owdqg/cgVsl70TsS\nSj+sFjK3HlyCJLehLk3xQPr9x8b9DBm2txTfqqe5GYCHM27VGHDbgeYOiLZIkrub\ntorZlv8nA+JWZswo1xiQhsm0pcpOl3qQ3sZZIIOgwmGrAGgBuF2gr/LPj7DPylQe\nVjAZKoCC8yZ+7M9ESNj91IcJMfksnjZQZJWnHR2irVUcvz3rGQVDzxW+CPi7KJby\n5uwejw4Q6EgY/e0b8s4D7RFtBj0es/D+cx4EX22M7KgRo5hqu8x/1B59BBb6uWve\nvUuLDMKBWx0YedCLHwVe0A3iW1YBiSDMQNd8cnEmv+zZaQfIkOrMmz+gYBaqWOlX\nDqs=\n-----END CERTIFICATE REQUEST-----\n",
            "dns_names": null,
            "id": "96bb805960a1e4b44ab36a2494368498745bd960",
            "ip_addresses": null,
            "key_algorithm": "RSA",
            "private_key_pem": "-----BEGIN RSA PRIVATE KEY-----\nMIIJJwIBAAKCAgEAoiT5s4CrgpLTip0qFqoLmc7dPTGKG5MLZqG1i6of0j5eq7UN\nrva4f6CUTzP+gSlQU6yQHrDiIABx4epLLcbfSGALF/YnWota+dBlTmbUfS0qW1Y+\nGAvOQYfC/v5WhKgHBN/PLiGHj/TylM+re0V7dlzHTs9RmEUgybVqu+KKyTyEV3us\n6IpaiiI4RNlVLf6R9wFMz2f5N3U4PNKRuNn5NjwD3RACbkdLx/uxXcOiJFoA/pD7\nUpR6xKfwcksHOZAqkbSThpWvAMX58Pf3WH4Tk4qnGIf6wqaawI7DZX/GOy3cU5rK\nqdSmJ37iP0dte+EzOCqiHzujh/Bjessaz4WkaANvcyWFz5Vpa2rgwZtcitL2ovz/\nN7RtgLpmw7xVsUXex1/eqnBH5jsxDe5E+5DcauuGE+kKOA2g7oa7S1CKZ/NUF4Z+\nfU2/JtQDGBt4xuuFrFvBZ6albM/kFglUyYxE0rO9c3EjEjSRdstPFfhcfH8xWhJO\nnCZJaqJxEVYsJHCRRqoJdXIrQ5o/L56O9BvViWuPYqhRYbmCkUclVIjMQi/3MORU\nfLx2kN/QBmz2HmxJ84UYBcX9VMknK++qjgxV2sp4aYudw5g+wKTaRcpLBlnrFs9S\njAn4zjtUGbfCpuGv7zoKdSUsw/hXf0zIeu8g2Sny0cmx8MvMUxKuq0YNMgMCAwEA\nAQKCAgAkCP2ppA357fGvm7Av60i6vRu0Lt9Xs31UKNo1GPELg6r8lDdfTBvC2Yg8\ndfy47dqZTf+VopAOtqqYn75nhQw4hIfSonUqjVABtwvcucO9shz4wZj5NR54t9hh\nXVsTDljI/4iG4xLCrph+9AxTUCTZMFNnM3IZ2jsoOPZonTdk89shqi3KXH00t9gz\njO1+VFZSQ+qzKZNcfOOruMyD/YWCRSJCrf0sTxILdud7RDAzzgDskoIYX0FNlVk9\nvWj0pRKg4TXsMjX7gQRERoelFhf5sVXjgMz9F5PK+a95TkVa/504w20JA2aN3ogf\nshsl7e25LNhtAo8cdhNVxe/GcRgRXyr569tbI+byMhfLg5J0P1ZRdCOVLzL9Kmbo\ngYwyrzMpjWfoFMNTktKjFK6GEKotQZtstkoGdKC0/i5NZ1iNwYTFQXqYyqUkDJ68\n6u+hHBISCzzyAqAwRtrDWayvVfSmR56i0ELEXwZBhgD1MLcFOhvU1AYBJrjiYkIj\n0cJV/RSZy0BjQjJTYn592vrBGfmnwhr54Aj+SILH0X0AIpG58Vm+QBb2dRh5iQyB\npjsztyLKjbp2UoaLHFG0PKUfW+kZTnyRl2ksSIXKcQkMV/onob5KNfVKP23GB/VR\nN+VNbObbYliAz8T14l6MS1BLgjw359Qj0u+vhEYDsmPM/nBdsQKCAQEAy583LGZd\n3MzIIYGjqGelv+cpvuUa4upG3j/xsg1pe7McU1GvjKtSolzx8BUYtzXF/guK9Hkl\ngFhYMVJxwA1F2yL8fk4B/pze2fktrvcQAk5TTKxCB37Zd/67D6Y/KHVQ3q60iEh8\nTnDwBHUJUOYAZA8NB9riZRswAazBW84Ie5aUw0Mrh+pDTbXvOAZkM0lzKN3OBh6B\nVfvAkDU8QcaP+EqJEY+nYkaf4mHjH3Kvm0vEk2X3dgCnsMwvx7IhXoJgNaDsPPQG\n6RN6UO7DNVFkjaz0KCPnLCc0BTxk4QPuwW4VTF/g67ZqzwObQZZXZHmQjTXGgZVb\nmDNIDqckrAgTuwKCAQEAy9po0Dw8ANBqiCMQviPhMZknMCDNsYDCR+3AZy3A604E\nSrpWC8i49jVKdZKie2/yq/oiR3YmYldyKdUgr0QLFfNLHdiYUs79935wC5S2uRJC\nfERsTck/Jtbr64g90N9N3ypeQkWz1c4eZ1VPJr9OBLkbft0Fy3rOtN1x/XVVAKg/\nD1rw2GLTUv0k4pyrCJNeRnEuWz7FJ3MNvC3G6AY7ZlhiQkmLBU/m1tTuDQu9GHwW\npPluxZfLSzUHHh8OrhBpjqO1RVWIstvZAXpmP5SOn7AedywcAQ8clH09904MirHg\nzBRwVCWyRJTA6TXZvyQtzrUSDBjQQkhHsytW9yaiWQKCAQA7WkJ7167ecHaZha9N\npEClKl15vlBS+lUD7YGnE8++ddv40WOpTjr9Brii8ZNNvAflYDn1vuZWfenfHpf3\nkibdlFoi+twL+m/e+4n8aRmqgmg3fjKU+r2rA35FNoFMar3S2vvWicJqHvNnaTH4\n+cH9aIG023GIZR9eLZwDBZBlbeQY8phausc5fKGpI/vLE0rVC6pFEFlE1egwYMQa\nrCVFC3zeuI/izpFGLKBGh2h2jORUzrEOHWzD1RDMVbjyUnB20Vxq+/qTr9DEjIQs\nI3h674IPvT9iGF9Kc2s4R6wth8f/hicKrhZ+FyAHQypgKCshbh5ZoU6ck74aP1Aq\nMQSHAoIBAB4RunI04FjyZTRtj7OsUTRitfAYdp7fMkkv3biafCF5YZKwR673Takr\nlS8gkQ0KJ06M1++YkvLgmTtob6jKraPwPj1JzLYySC3wnZBnwEguVFZGNX+H1uPg\nwe39K7kapz7q3fqCk5NPExcE82bwww5ZS5/79DXeiI0PORg87WvqZVrbfDk+4pMU\nOhOfLm9WZYqYeVEGQkieZQFD81oYSTzAfsXuWS5Qael4gSC1gZASBbkR/e/xgxA1\n4zXjOOQeEaPzq/JtOnu/iBP6vQhV3m/Zp7TGcd8KHpocmz5Wae0vbcxMm4EeClyp\nYIdF5TeXm5YpCV91bYrJZKIeG3bbYQkCggEACe+sRt3PNU2nUt3xVhlvu040Euv6\ny8HBc0aKXyHg5Szzo148vvdiiNs7WejZVJ850KAWoow+tCS6zOrovuI++NjsjRw7\njbOrw66Ox6g+P1m6eT/36pGHbI0PqHp/hfftPl7h/+QILdvv5/N8l94heP4+4dl3\nDxJHrlQ2FtZMWaF2pwwEKI3VcV5BySmvc78YV6S8gt76w0ged6IYu5nTx/RS1b5I\ndjzj16sSfAOkk4/18dZSECESyy28fFF0iWOzXp8+cssJPuxWvAWsp7qq4rwSebsd\nhT1R+KUgPn9tAD1DOrtWdXCuxrRWINgehr0t8f2yDVjD7f+gbN/ElVl+0Q==\n-----END RSA PRIVATE KEY-----\n",
            "subject": [
              {
                "common_name": "project-intely.com",
                "country": null,
                "locality": null,
                "organization": "Test Organization",
                "organizational_unit": null,
                "postal_code": null,
                "province": null,
                "serial_number": null,
                "street_address": null
              }
            ],
            "uris": null
          },
          "sensitive_attributes": [
            [
              {
                "type": "get_attr",
                "value": "private_key_pem"
              }
            ]
          ],
          "dependencies": [
            "module.alb.tls_private_key.cert",
            "module.vpc.aws_default_route_table.private",
            "module.vpc.aws_eip.nat",
            "module.vpc.aws_internet_gateway.this",
            "module.vpc.aws_nat_gateway.this",
            "module.vpc.aws_route.private",
            "module.vpc.aws_route.public",
            "module.vpc.aws_route_table.private",
            "module.vpc.aws_route_table.public",
            "module.vpc.aws_route_table_association.private",
            "module.vpc.aws_route_table_association.public",
            "module.vpc.aws_subnet.private",
            "module.vpc.aws_subnet.public",
            "module.vpc.aws_vpc.this",
            "module.vpc.data.aws_route_table.private"
          ]
        }
      ]
    },
    {
      "module": "module.alb",
      "mode": "managed",
      "type": "tls_locally_signed_cert",
      "name": "cert",
      "provider": "provider[\"registry.terraform.io/hashicorp/tls\"]",
      "instances": [
        {
          "schema_version": 0,
          "attributes": {
            "allowed_uses": [
              "key_encipherment",
              "digital_signature",
              "server_auth"
            ],
            "ca_cert_pem": "-----BEGIN CERTIFICATE-----\nMIIFPjCCAyagAwIBAgIQb3fENEQdsPT7aVFmSgrgPDANBgkqhkiG9w0BAQsFADA5\nMRowGAYDVQQKExFUZXJyYWZvcm0gVGVzdGluZzEbMBkGA1UEAxMScHJvamVjdC1p\nbnRlbHkuY29tMB4XDTI0MDYxNzIzMjU1MloXDTI1MDYxNzIzMjU1MlowOTEaMBgG\nA1UEChMRVGVycmFmb3JtIFRlc3RpbmcxGzAZBgNVBAMTEnByb2plY3QtaW50ZWx5\nLmNvbTCCAiIwDQYJKoZIhvcNAQEBBQADggIPADCCAgoCggIBAKIk+bOAq4KS04qd\nKhaqC5nO3T0xihuTC2ahtYuqH9I+Xqu1Da72uH+glE8z/oEpUFOskB6w4iAAceHq\nSy3G30hgCxf2J1qLWvnQZU5m1H0tKltWPhgLzkGHwv7+VoSoBwTfzy4hh4/08pTP\nq3tFe3Zcx07PUZhFIMm1arviisk8hFd7rOiKWooiOETZVS3+kfcBTM9n+Td1ODzS\nkbjZ+TY8A90QAm5HS8f7sV3DoiRaAP6Q+1KUesSn8HJLBzmQKpG0k4aVrwDF+fD3\n91h+E5OKpxiH+sKmmsCOw2V/xjst3FOayqnUpid+4j9HbXvhMzgqoh87o4fwY3rL\nGs+FpGgDb3Mlhc+VaWtq4MGbXIrS9qL8/ze0bYC6ZsO8VbFF3sdf3qpwR+Y7MQ3u\nRPuQ3GrrhhPpCjgNoO6Gu0tQimfzVBeGfn1NvybUAxgbeMbrhaxbwWempWzP5BYJ\nVMmMRNKzvXNxIxI0kXbLTxX4XHx/MVoSTpwmSWqicRFWLCRwkUaqCXVyK0OaPy+e\njvQb1Ylrj2KoUWG5gpFHJVSIzEIv9zDkVHy8dpDf0AZs9h5sSfOFGAXF/VTJJyvv\nqo4MVdrKeGmLncOYPsCk2kXKSwZZ6xbPUowJ+M47VBm3wqbhr+86CnUlLMP4V39M\nyHrvINkp8tHJsfDLzFMSrqtGDTIDAgMBAAGjQjBAMA4GA1UdDwEB/wQEAwICpDAP\nBgNVHRMBAf8EBTADAQH/MB0GA1UdDgQWBBQx6vq+ovDruVWuj4tMPZIOljzM/TAN\nBgkqhkiG9w0BAQsFAAOCAgEAClxybNsBIW7jUZrYZHKsHutV0U5RIT9i4ffEZjxg\nrNNHc3zlU33qwPVh8zZ7Gvqk77+GBhmY6frhUXr7CkRZntfqOcD3NRzpxmqinDOR\ndxVF4DZyKAlB9qp5CtWhvGkCK3Akl8VK2iSLdZYBLhHmINErRIGCD8Wlg4ldETZs\nA0plSEICsgB84C+3VhT6vPdxFGB09SbCSveX6a/sik1HwG+UoZ71ldji3DuALP/d\nXohvsQoh1r+eolJYQ4G6kCWclCRhNMyReNcANjEIOqO91x3ZwnbBNeb7lkcmz6PA\nzn0Kmamh5nw8865jabAtxGNOvY2xCu1jruJ74SyeIx/E7IeN7Qso3DZ3oEfr77R0\ngCqrj7aG6iblxWA5eQE0kFHRPgFz1uDV4X3/UDU9XBtxQZXIuPLHMYdqlQ+adP1D\nfKVxZi8/DoQYx9cgj/mlNEGvwle8hi+iBNsedYOWrYmLLtLL6ytPFc6aT+f9QDG4\nV5rpVT6E2QpYKj38O7+4nKGRuIoIBlO9aeFgeK+8sW7mxi5MDJ2rgxXtf0s611Kt\npamOPEXVD/xGfBxNewxi4GgrKQYDPivpkEPLCbSRHoRMBShW14EJE98i+/Txpe4J\nc7DblwQbyu4i7vrpOtsDCmKKAPa4fVNwToGf+5dxV5S/QVQxjrrroCn3fPxJTShS\nJEM=\n-----END CERTIFICATE-----\n",
            "ca_key_algorithm": "RSA",
            "ca_private_key_pem": "-----BEGIN RSA PRIVATE KEY-----\nMIIJJwIBAAKCAgEAoiT5s4CrgpLTip0qFqoLmc7dPTGKG5MLZqG1i6of0j5eq7UN\nrva4f6CUTzP+gSlQU6yQHrDiIABx4epLLcbfSGALF/YnWota+dBlTmbUfS0qW1Y+\nGAvOQYfC/v5WhKgHBN/PLiGHj/TylM+re0V7dlzHTs9RmEUgybVqu+KKyTyEV3us\n6IpaiiI4RNlVLf6R9wFMz2f5N3U4PNKRuNn5NjwD3RACbkdLx/uxXcOiJFoA/pD7\nUpR6xKfwcksHOZAqkbSThpWvAMX58Pf3WH4Tk4qnGIf6wqaawI7DZX/GOy3cU5rK\nqdSmJ37iP0dte+EzOCqiHzujh/Bjessaz4WkaANvcyWFz5Vpa2rgwZtcitL2ovz/\nN7RtgLpmw7xVsUXex1/eqnBH5jsxDe5E+5DcauuGE+kKOA2g7oa7S1CKZ/NUF4Z+\nfU2/JtQDGBt4xuuFrFvBZ6albM/kFglUyYxE0rO9c3EjEjSRdstPFfhcfH8xWhJO\nnCZJaqJxEVYsJHCRRqoJdXIrQ5o/L56O9BvViWuPYqhRYbmCkUclVIjMQi/3MORU\nfLx2kN/QBmz2HmxJ84UYBcX9VMknK++qjgxV2sp4aYudw5g+wKTaRcpLBlnrFs9S\njAn4zjtUGbfCpuGv7zoKdSUsw/hXf0zIeu8g2Sny0cmx8MvMUxKuq0YNMgMCAwEA\nAQKCAgAkCP2ppA357fGvm7Av60i6vRu0Lt9Xs31UKNo1GPELg6r8lDdfTBvC2Yg8\ndfy47dqZTf+VopAOtqqYn75nhQw4hIfSonUqjVABtwvcucO9shz4wZj5NR54t9hh\nXVsTDljI/4iG4xLCrph+9AxTUCTZMFNnM3IZ2jsoOPZonTdk89shqi3KXH00t9gz\njO1+VFZSQ+qzKZNcfOOruMyD/YWCRSJCrf0sTxILdud7RDAzzgDskoIYX0FNlVk9\nvWj0pRKg4TXsMjX7gQRERoelFhf5sVXjgMz9F5PK+a95TkVa/504w20JA2aN3ogf\nshsl7e25LNhtAo8cdhNVxe/GcRgRXyr569tbI+byMhfLg5J0P1ZRdCOVLzL9Kmbo\ngYwyrzMpjWfoFMNTktKjFK6GEKotQZtstkoGdKC0/i5NZ1iNwYTFQXqYyqUkDJ68\n6u+hHBISCzzyAqAwRtrDWayvVfSmR56i0ELEXwZBhgD1MLcFOhvU1AYBJrjiYkIj\n0cJV/RSZy0BjQjJTYn592vrBGfmnwhr54Aj+SILH0X0AIpG58Vm+QBb2dRh5iQyB\npjsztyLKjbp2UoaLHFG0PKUfW+kZTnyRl2ksSIXKcQkMV/onob5KNfVKP23GB/VR\nN+VNbObbYliAz8T14l6MS1BLgjw359Qj0u+vhEYDsmPM/nBdsQKCAQEAy583LGZd\n3MzIIYGjqGelv+cpvuUa4upG3j/xsg1pe7McU1GvjKtSolzx8BUYtzXF/guK9Hkl\ngFhYMVJxwA1F2yL8fk4B/pze2fktrvcQAk5TTKxCB37Zd/67D6Y/KHVQ3q60iEh8\nTnDwBHUJUOYAZA8NB9riZRswAazBW84Ie5aUw0Mrh+pDTbXvOAZkM0lzKN3OBh6B\nVfvAkDU8QcaP+EqJEY+nYkaf4mHjH3Kvm0vEk2X3dgCnsMwvx7IhXoJgNaDsPPQG\n6RN6UO7DNVFkjaz0KCPnLCc0BTxk4QPuwW4VTF/g67ZqzwObQZZXZHmQjTXGgZVb\nmDNIDqckrAgTuwKCAQEAy9po0Dw8ANBqiCMQviPhMZknMCDNsYDCR+3AZy3A604E\nSrpWC8i49jVKdZKie2/yq/oiR3YmYldyKdUgr0QLFfNLHdiYUs79935wC5S2uRJC\nfERsTck/Jtbr64g90N9N3ypeQkWz1c4eZ1VPJr9OBLkbft0Fy3rOtN1x/XVVAKg/\nD1rw2GLTUv0k4pyrCJNeRnEuWz7FJ3MNvC3G6AY7ZlhiQkmLBU/m1tTuDQu9GHwW\npPluxZfLSzUHHh8OrhBpjqO1RVWIstvZAXpmP5SOn7AedywcAQ8clH09904MirHg\nzBRwVCWyRJTA6TXZvyQtzrUSDBjQQkhHsytW9yaiWQKCAQA7WkJ7167ecHaZha9N\npEClKl15vlBS+lUD7YGnE8++ddv40WOpTjr9Brii8ZNNvAflYDn1vuZWfenfHpf3\nkibdlFoi+twL+m/e+4n8aRmqgmg3fjKU+r2rA35FNoFMar3S2vvWicJqHvNnaTH4\n+cH9aIG023GIZR9eLZwDBZBlbeQY8phausc5fKGpI/vLE0rVC6pFEFlE1egwYMQa\nrCVFC3zeuI/izpFGLKBGh2h2jORUzrEOHWzD1RDMVbjyUnB20Vxq+/qTr9DEjIQs\nI3h674IPvT9iGF9Kc2s4R6wth8f/hicKrhZ+FyAHQypgKCshbh5ZoU6ck74aP1Aq\nMQSHAoIBAB4RunI04FjyZTRtj7OsUTRitfAYdp7fMkkv3biafCF5YZKwR673Takr\nlS8gkQ0KJ06M1++YkvLgmTtob6jKraPwPj1JzLYySC3wnZBnwEguVFZGNX+H1uPg\nwe39K7kapz7q3fqCk5NPExcE82bwww5ZS5/79DXeiI0PORg87WvqZVrbfDk+4pMU\nOhOfLm9WZYqYeVEGQkieZQFD81oYSTzAfsXuWS5Qael4gSC1gZASBbkR/e/xgxA1\n4zXjOOQeEaPzq/JtOnu/iBP6vQhV3m/Zp7TGcd8KHpocmz5Wae0vbcxMm4EeClyp\nYIdF5TeXm5YpCV91bYrJZKIeG3bbYQkCggEACe+sRt3PNU2nUt3xVhlvu040Euv6\ny8HBc0aKXyHg5Szzo148vvdiiNs7WejZVJ850KAWoow+tCS6zOrovuI++NjsjRw7\njbOrw66Ox6g+P1m6eT/36pGHbI0PqHp/hfftPl7h/+QILdvv5/N8l94heP4+4dl3\nDxJHrlQ2FtZMWaF2pwwEKI3VcV5BySmvc78YV6S8gt76w0ged6IYu5nTx/RS1b5I\ndjzj16sSfAOkk4/18dZSECESyy28fFF0iWOzXp8+cssJPuxWvAWsp7qq4rwSebsd\nhT1R+KUgPn9tAD1DOrtWdXCuxrRWINgehr0t8f2yDVjD7f+gbN/ElVl+0Q==\n-----END RSA PRIVATE KEY-----\n",
            "cert_pem": "-----BEGIN CERTIFICATE-----\nMIIFUjCCAzqgAwIBAgIQY9WvzKZVI8viOEfvmM9ttjANBgkqhkiG9w0BAQsFADA5\nMRowGAYDVQQKExFUZXJyYWZvcm0gVGVzdGluZzEbMBkGA1UEAxMScHJvamVjdC1p\nbnRlbHkuY29tMB4XDTI0MDYxNzIzMjU1MloXDTI1MDYxNzIzMjU1MlowOTEaMBgG\nA1UEChMRVGVzdCBPcmdhbml6YXRpb24xGzAZBgNVBAMTEnByb2plY3QtaW50ZWx5\nLmNvbTCCAiIwDQYJKoZIhvcNAQEBBQADggIPADCCAgoCggIBAKIk+bOAq4KS04qd\nKhaqC5nO3T0xihuTC2ahtYuqH9I+Xqu1Da72uH+glE8z/oEpUFOskB6w4iAAceHq\nSy3G30hgCxf2J1qLWvnQZU5m1H0tKltWPhgLzkGHwv7+VoSoBwTfzy4hh4/08pTP\nq3tFe3Zcx07PUZhFIMm1arviisk8hFd7rOiKWooiOETZVS3+kfcBTM9n+Td1ODzS\nkbjZ+TY8A90QAm5HS8f7sV3DoiRaAP6Q+1KUesSn8HJLBzmQKpG0k4aVrwDF+fD3\n91h+E5OKpxiH+sKmmsCOw2V/xjst3FOayqnUpid+4j9HbXvhMzgqoh87o4fwY3rL\nGs+FpGgDb3Mlhc+VaWtq4MGbXIrS9qL8/ze0bYC6ZsO8VbFF3sdf3qpwR+Y7MQ3u\nRPuQ3GrrhhPpCjgNoO6Gu0tQimfzVBeGfn1NvybUAxgbeMbrhaxbwWempWzP5BYJ\nVMmMRNKzvXNxIxI0kXbLTxX4XHx/MVoSTpwmSWqicRFWLCRwkUaqCXVyK0OaPy+e\njvQb1Ylrj2KoUWG5gpFHJVSIzEIv9zDkVHy8dpDf0AZs9h5sSfOFGAXF/VTJJyvv\nqo4MVdrKeGmLncOYPsCk2kXKSwZZ6xbPUowJ+M47VBm3wqbhr+86CnUlLMP4V39M\nyHrvINkp8tHJsfDLzFMSrqtGDTIDAgMBAAGjVjBUMA4GA1UdDwEB/wQEAwIFoDAT\nBgNVHSUEDDAKBggrBgEFBQcDATAMBgNVHRMBAf8EAjAAMB8GA1UdIwQYMBaAFDHq\n+r6i8Ou5Va6Pi0w9kg6WPMz9MA0GCSqGSIb3DQEBCwUAA4ICAQA1ZlaGmBIBySeB\nookMhCdQoeymQccMILyVFaCn+slJpnyMHQDP/sKPFJDX/hH2o+H6qyiWgZrBxFIn\nbJ5hszdbF2B/+NawbYrFkqd9yRmzAr3G5W2PtCV96cSqLV6IqWIlvDDyC3WtwYER\ngRsW/Mcc/XGFzla+K0FUt6sYIanTrT4TYKbWg4HLuaN7ACaHmypQBBbn1ABsuJx9\n0rrhq3vhZ94QFus7ZfrvQzynkoIpr2aujCDcD465muUtFIvrPVYd2F3Cd5FSH101\n7wRX2nfd0/1RQFY6j/nenhtdOTpw9Lg0zuNLVAz1Ase3jNpia3UAQblZL6dJPy3g\nyxDW3EFtzbYsuSaQnMSOGNMO7nyxtDtQnPPzql5pn8IzEdh9Y0sA0FxxvT797gMT\ngBrPjL0roChHMtrTmxTNuVM4gdwXfXTywpDgFwArt0hOKKoE2fhjwFdpCM0DIDOB\nniupYqPyH8nnU1NuTE4Wv3VLolmUAfXjR4kqbL5V0ByBtv8MDBcoEr5tv61NAvXF\nBY8i758kbLTmhJTauqdY4/u2Cie3eUqamgF/H9U9TC2p+LYe/5rsU41ELALczuNa\nVJyBch6vIXexXEEDwJd41wTdW53PczZbB1/3wC9AXYG4P4MEIossXWyKRBmRw53y\nmFX9hHSbauclPgsO03Q1GyiC+X/NMw==\n-----END CERTIFICATE-----\n",
            "cert_request_pem": "-----BEGIN CERTIFICATE REQUEST-----\nMIIEfjCCAmYCAQAwOTEaMBgGA1UEChMRVGVzdCBPcmdhbml6YXRpb24xGzAZBgNV\nBAMTEnByb2plY3QtaW50ZWx5LmNvbTCCAiIwDQYJKoZIhvcNAQEBBQADggIPADCC\nAgoCggIBAKIk+bOAq4KS04qdKhaqC5nO3T0xihuTC2ahtYuqH9I+Xqu1Da72uH+g\nlE8z/oEpUFOskB6w4iAAceHqSy3G30hgCxf2J1qLWvnQZU5m1H0tKltWPhgLzkGH\nwv7+VoSoBwTfzy4hh4/08pTPq3tFe3Zcx07PUZhFIMm1arviisk8hFd7rOiKWooi\nOETZVS3+kfcBTM9n+Td1ODzSkbjZ+TY8A90QAm5HS8f7sV3DoiRaAP6Q+1KUesSn\n8HJLBzmQKpG0k4aVrwDF+fD391h+E5OKpxiH+sKmmsCOw2V/xjst3FOayqnUpid+\n4j9HbXvhMzgqoh87o4fwY3rLGs+FpGgDb3Mlhc+VaWtq4MGbXIrS9qL8/ze0bYC6\nZsO8VbFF3sdf3qpwR+Y7MQ3uRPuQ3GrrhhPpCjgNoO6Gu0tQimfzVBeGfn1NvybU\nAxgbeMbrhaxbwWempWzP5BYJVMmMRNKzvXNxIxI0kXbLTxX4XHx/MVoSTpwmSWqi\ncRFWLCRwkUaqCXVyK0OaPy+ejvQb1Ylrj2KoUWG5gpFHJVSIzEIv9zDkVHy8dpDf\n0AZs9h5sSfOFGAXF/VTJJyvvqo4MVdrKeGmLncOYPsCk2kXKSwZZ6xbPUowJ+M47\nVBm3wqbhr+86CnUlLMP4V39MyHrvINkp8tHJsfDLzFMSrqtGDTIDAgMBAAGgADAN\nBgkqhkiG9w0BAQsFAAOCAgEALep9uDRqrzOKpGQc44IOQ2j/3YWDyQfog1rttd1u\n//hgfP0Q1IMS/qrdus276PkrguyQzDus24N+U4q6OYIjApHl0a1kbxpZRdhW1zIN\nQO0QBF4m/6MfsNEDZEfZpBzvWswwtPUXsfUDhd9j+/jxbU9WOmu137f1fXEpH8nN\njVr6cHf+IR4vjwaxjJKc5BqKUK4fSOoXAoxGkMMz9rQcRr+NRWsXQmYmo7tJzhNh\ndXd/tJ4DfWI/eODQ+ADw9AP+hSLDRP+nQodsLv9D1+qe/f5S72US2LB2Rj1kL78d\nx1k3y7YogFyM+B0RM3mEAC+CqdgqQVfmGib5gI+C9LsVSvM4owdqg/cgVsl70TsS\nSj+sFjK3HlyCJLehLk3xQPr9x8b9DBm2txTfqqe5GYCHM27VGHDbgeYOiLZIkrub\ntorZlv8nA+JWZswo1xiQhsm0pcpOl3qQ3sZZIIOgwmGrAGgBuF2gr/LPj7DPylQe\nVjAZKoCC8yZ+7M9ESNj91IcJMfksnjZQZJWnHR2irVUcvz3rGQVDzxW+CPi7KJby\n5uwejw4Q6EgY/e0b8s4D7RFtBj0es/D+cx4EX22M7KgRo5hqu8x/1B59BBb6uWve\nvUuLDMKBWx0YedCLHwVe0A3iW1YBiSDMQNd8cnEmv+zZaQfIkOrMmz+gYBaqWOlX\nDqs=\n-----END CERTIFICATE REQUEST-----\n",
            "early_renewal_hours": 0,
            "id": "132703096449277821023430284772258049462",
            "is_ca_certificate": false,
            "ready_for_renewal": false,
            "set_subject_key_id": false,
            "validity_end_time": "2025-06-18T01:25:52.921776+02:00",
            "validity_period_hours": 8760,
            "validity_start_time": "2024-06-18T01:25:52.921776+02:00"
          },
          "sensitive_attributes": [
            [
              {
                "type": "get_attr",
                "value": "ca_private_key_pem"
              }
            ]
          ],
          "dependencies": [
            "module.alb.tls_cert_request.cert",
            "module.alb.tls_private_key.cert",
            "module.alb.tls_self_signed_cert.ca",
            "module.vpc.aws_default_route_table.private",
            "module.vpc.aws_eip.nat",
            "module.vpc.aws_internet_gateway.this",
            "module.vpc.aws_nat_gateway.this",
            "module.vpc.aws_route.private",
            "module.vpc.aws_route.public",
            "module.vpc.aws_route_table.private",
            "module.vpc.aws_route_table.public",
            "module.vpc.aws_route_table_association.private",
            "module.vpc.aws_route_table_association.public",
            "module.vpc.aws_subnet.private",
            "module.vpc.aws_subnet.public",
            "module.vpc.aws_vpc.this",
            "module.vpc.data.aws_route_table.private"
          ]
        }
      ]
    },
    {
      "module": "module.alb",
      "mode": "managed",
      "type": "tls_private_key",
      "name": "cert",
      "provider": "provider[\"registry.terraform.io/hashicorp/tls\"]",
      "instances": [
        {
          "schema_version": 1,
          "attributes": {
            "algorithm": "RSA",
            "ecdsa_curve": "P224",
            "id": "de479c5fc925c1f220b6290223f629e6826a4e74",
            "private_key_openssh": "-----BEGIN OPENSSH PRIVATE KEY-----\nb3BlbnNzaC1rZXktdjEAAAAABG5vbmUAAAAEbm9uZQAAAAAAAAABAAACFwAAAAdz\nc2gtcnNhAAAAAwEAAQAAAgEAoiT5s4CrgpLTip0qFqoLmc7dPTGKG5MLZqG1i6of\n0j5eq7UNrva4f6CUTzP+gSlQU6yQHrDiIABx4epLLcbfSGALF/YnWota+dBlTmbU\nfS0qW1Y+GAvOQYfC/v5WhKgHBN/PLiGHj/TylM+re0V7dlzHTs9RmEUgybVqu+KK\nyTyEV3us6IpaiiI4RNlVLf6R9wFMz2f5N3U4PNKRuNn5NjwD3RACbkdLx/uxXcOi\nJFoA/pD7UpR6xKfwcksHOZAqkbSThpWvAMX58Pf3WH4Tk4qnGIf6wqaawI7DZX/G\nOy3cU5rKqdSmJ37iP0dte+EzOCqiHzujh/Bjessaz4WkaANvcyWFz5Vpa2rgwZtc\nitL2ovz/N7RtgLpmw7xVsUXex1/eqnBH5jsxDe5E+5DcauuGE+kKOA2g7oa7S1CK\nZ/NUF4Z+fU2/JtQDGBt4xuuFrFvBZ6albM/kFglUyYxE0rO9c3EjEjSRdstPFfhc\nfH8xWhJOnCZJaqJxEVYsJHCRRqoJdXIrQ5o/L56O9BvViWuPYqhRYbmCkUclVIjM\nQi/3MORUfLx2kN/QBmz2HmxJ84UYBcX9VMknK++qjgxV2sp4aYudw5g+wKTaRcpL\nBlnrFs9SjAn4zjtUGbfCpuGv7zoKdSUsw/hXf0zIeu8g2Sny0cmx8MvMUxKuq0YN\nMgMAAAc4Dh5djQ4eXY0AAAAHc3NoLXJzYQAAAgEAoiT5s4CrgpLTip0qFqoLmc7d\nPTGKG5MLZqG1i6of0j5eq7UNrva4f6CUTzP+gSlQU6yQHrDiIABx4epLLcbfSGAL\nF/YnWota+dBlTmbUfS0qW1Y+GAvOQYfC/v5WhKgHBN/PLiGHj/TylM+re0V7dlzH\nTs9RmEUgybVqu+KKyTyEV3us6IpaiiI4RNlVLf6R9wFMz2f5N3U4PNKRuNn5NjwD\n3RACbkdLx/uxXcOiJFoA/pD7UpR6xKfwcksHOZAqkbSThpWvAMX58Pf3WH4Tk4qn\nGIf6wqaawI7DZX/GOy3cU5rKqdSmJ37iP0dte+EzOCqiHzujh/Bjessaz4WkaANv\ncyWFz5Vpa2rgwZtcitL2ovz/N7RtgLpmw7xVsUXex1/eqnBH5jsxDe5E+5DcauuG\nE+kKOA2g7oa7S1CKZ/NUF4Z+fU2/JtQDGBt4xuuFrFvBZ6albM/kFglUyYxE0rO9\nc3EjEjSRdstPFfhcfH8xWhJOnCZJaqJxEVYsJHCRRqoJdXIrQ5o/L56O9BvViWuP\nYqhRYbmCkUclVIjMQi/3MORUfLx2kN/QBmz2HmxJ84UYBcX9VMknK++qjgxV2sp4\naYudw5g+wKTaRcpLBlnrFs9SjAn4zjtUGbfCpuGv7zoKdSUsw/hXf0zIeu8g2Sny\n0cmx8MvMUxKuq0YNMgMAAAADAQABAAACACQI/amkDfnt8a+bsC/rSLq9G7Qu31ez\nfVQo2jUY8QuDqvyUN19MG8LZiDx1/Ljt2plN/5WikA62qpifvmeFDDiEh9KidSqN\nUAG3C9y5w72yHPjBmPk1Hni32GFdWxMOWMj/iIbjEsKumH70DFNQJNkwU2czchna\nOyg49midN2Tz2yGqLcpcfTS32DOM7X5UVlJD6rMpk1x846u4zIP9hYJFIkKt/SxP\nEgt253tEMDPOAOySghhfQU2VWT29aPSlEqDhNewyNfuBBERGh6UWF/mxVeOAzP0X\nk8r5r3lORVr/nTjDbQkDZo3eiB+yGyXt7bks2G0Cjxx2E1XF78ZxGBFfKvnr21sj\n5vIyF8uDknQ/VlF0I5UvMv0qZuiBjDKvMymNZ+gUw1OS0qMUroYQqi1Bm2y2SgZ0\noLT+Lk1nWI3BhMVBepjKpSQMnrzq76EcEhILPPICoDBG2sNZrK9V9KZHnqLQQsRf\nBkGGAPUwtwU6G9TUBgEmuOJiQiPRwlX9FJnLQGNCMlNifn3a+sEZ+afCGvngCP5I\ngsfRfQAikbnxWb5AFvZ1GHmJDIGmOzO3IsqNunZShoscUbQ8pR9b6RlOfJGXaSxI\nhcpxCQxX+iehvko19Uo/bcYH9VE35U1s5ttiWIDPxPXiXoxLUEuCPDfn1CPS76+E\nRgOyY8z+cF2xAAABAAnvrEbdzzVNp1Ld8VYZb7tONBLr+svBwXNGil8h4OUs86Ne\nPL73YojbO1no2VSfOdCgFqKMPrQkuszq6L7iPvjY7I0cO42zq8OujseoPj9Zunk/\n9+qRh2yND6h6f4X37T5e4f/kCC3b7+fzfJfeIXj+PuHZdw8SR65UNhbWTFmhdqcM\nBCiN1XFeQckpr3O/GFekvILe+sNIHneiGLuZ08f0UtW+SHY849erEnwDpJOP9fHW\nUhAhEsstvHxRdIljs16fPnLLCT7sVrwFrKe6quK8Enm7HYU9UfilID5/bQA9Qzq7\nVnVwrsa0ViDYHoa9LfH9sg1Yw+3/oGzfxJVZftEAAAEBAMufNyxmXdzMyCGBo6hn\npb/nKb7lGuLqRt4/8bINaXuzHFNRr4yrUqJc8fAVGLc1xf4LivR5JYBYWDFSccAN\nRdsi/H5OAf6c3tn5La73EAJOU0ysQgd+2Xf+uw+mPyh1UN6utIhIfE5w8AR1CVDm\nAGQPDQfa4mUbMAGswVvOCHuWlMNDK4fqQ0217zgGZDNJcyjdzgYegVX7wJA1PEHG\nj/hKiRGPp2JGn+Jh4x9yr5tLxJNl93YAp7DML8eyIV6CYDWg7Dz0BukTelDuwzVR\nZI2s9Cgj5ywnNAU8ZOED7sFuFUxf4Ou2as8Dm0GWV2R5kI01xoGVW5gzSA6nJKwI\nE7sAAAEBAMvaaNA8PADQaogjEL4j4TGZJzAgzbGAwkftwGctwOtOBEq6VgvIuPY1\nSnWSontv8qv6Ikd2JmJXcinVIK9ECxXzSx3YmFLO/fd+cAuUtrkSQnxEbE3JPybW\n6+uIPdDfTd8qXkJFs9XOHmdVTya/TgS5G37dBct6zrTdcf11VQCoPw9a8Nhi01L9\nJOKcqwiTXkZxLls+xSdzDbwtxugGO2ZYYkJJiwVP5tbU7g0LvRh8FqT5bsWXy0s1\nBx4fDq4QaY6jtUVViLLb2QF6Zj+Ujp+wHncsHAEPHJR9PfdODIqx4MwUcFQlskSU\nwOk12b8kLc61EgwY0EJIR7MrVvcmolkAAAAAAQID\n-----END OPENSSH PRIVATE KEY-----\n",
            "private_key_pem": "-----BEGIN RSA PRIVATE KEY-----\nMIIJJwIBAAKCAgEAoiT5s4CrgpLTip0qFqoLmc7dPTGKG5MLZqG1i6of0j5eq7UN\nrva4f6CUTzP+gSlQU6yQHrDiIABx4epLLcbfSGALF/YnWota+dBlTmbUfS0qW1Y+\nGAvOQYfC/v5WhKgHBN/PLiGHj/TylM+re0V7dlzHTs9RmEUgybVqu+KKyTyEV3us\n6IpaiiI4RNlVLf6R9wFMz2f5N3U4PNKRuNn5NjwD3RACbkdLx/uxXcOiJFoA/pD7\nUpR6xKfwcksHOZAqkbSThpWvAMX58Pf3WH4Tk4qnGIf6wqaawI7DZX/GOy3cU5rK\nqdSmJ37iP0dte+EzOCqiHzujh/Bjessaz4WkaANvcyWFz5Vpa2rgwZtcitL2ovz/\nN7RtgLpmw7xVsUXex1/eqnBH5jsxDe5E+5DcauuGE+kKOA2g7oa7S1CKZ/NUF4Z+\nfU2/JtQDGBt4xuuFrFvBZ6albM/kFglUyYxE0rO9c3EjEjSRdstPFfhcfH8xWhJO\nnCZJaqJxEVYsJHCRRqoJdXIrQ5o/L56O9BvViWuPYqhRYbmCkUclVIjMQi/3MORU\nfLx2kN/QBmz2HmxJ84UYBcX9VMknK++qjgxV2sp4aYudw5g+wKTaRcpLBlnrFs9S\njAn4zjtUGbfCpuGv7zoKdSUsw/hXf0zIeu8g2Sny0cmx8MvMUxKuq0YNMgMCAwEA\nAQKCAgAkCP2ppA357fGvm7Av60i6vRu0Lt9Xs31UKNo1GPELg6r8lDdfTBvC2Yg8\ndfy47dqZTf+VopAOtqqYn75nhQw4hIfSonUqjVABtwvcucO9shz4wZj5NR54t9hh\nXVsTDljI/4iG4xLCrph+9AxTUCTZMFNnM3IZ2jsoOPZonTdk89shqi3KXH00t9gz\njO1+VFZSQ+qzKZNcfOOruMyD/YWCRSJCrf0sTxILdud7RDAzzgDskoIYX0FNlVk9\nvWj0pRKg4TXsMjX7gQRERoelFhf5sVXjgMz9F5PK+a95TkVa/504w20JA2aN3ogf\nshsl7e25LNhtAo8cdhNVxe/GcRgRXyr569tbI+byMhfLg5J0P1ZRdCOVLzL9Kmbo\ngYwyrzMpjWfoFMNTktKjFK6GEKotQZtstkoGdKC0/i5NZ1iNwYTFQXqYyqUkDJ68\n6u+hHBISCzzyAqAwRtrDWayvVfSmR56i0ELEXwZBhgD1MLcFOhvU1AYBJrjiYkIj\n0cJV/RSZy0BjQjJTYn592vrBGfmnwhr54Aj+SILH0X0AIpG58Vm+QBb2dRh5iQyB\npjsztyLKjbp2UoaLHFG0PKUfW+kZTnyRl2ksSIXKcQkMV/onob5KNfVKP23GB/VR\nN+VNbObbYliAz8T14l6MS1BLgjw359Qj0u+vhEYDsmPM/nBdsQKCAQEAy583LGZd\n3MzIIYGjqGelv+cpvuUa4upG3j/xsg1pe7McU1GvjKtSolzx8BUYtzXF/guK9Hkl\ngFhYMVJxwA1F2yL8fk4B/pze2fktrvcQAk5TTKxCB37Zd/67D6Y/KHVQ3q60iEh8\nTnDwBHUJUOYAZA8NB9riZRswAazBW84Ie5aUw0Mrh+pDTbXvOAZkM0lzKN3OBh6B\nVfvAkDU8QcaP+EqJEY+nYkaf4mHjH3Kvm0vEk2X3dgCnsMwvx7IhXoJgNaDsPPQG\n6RN6UO7DNVFkjaz0KCPnLCc0BTxk4QPuwW4VTF/g67ZqzwObQZZXZHmQjTXGgZVb\nmDNIDqckrAgTuwKCAQEAy9po0Dw8ANBqiCMQviPhMZknMCDNsYDCR+3AZy3A604E\nSrpWC8i49jVKdZKie2/yq/oiR3YmYldyKdUgr0QLFfNLHdiYUs79935wC5S2uRJC\nfERsTck/Jtbr64g90N9N3ypeQkWz1c4eZ1VPJr9OBLkbft0Fy3rOtN1x/XVVAKg/\nD1rw2GLTUv0k4pyrCJNeRnEuWz7FJ3MNvC3G6AY7ZlhiQkmLBU/m1tTuDQu9GHwW\npPluxZfLSzUHHh8OrhBpjqO1RVWIstvZAXpmP5SOn7AedywcAQ8clH09904MirHg\nzBRwVCWyRJTA6TXZvyQtzrUSDBjQQkhHsytW9yaiWQKCAQA7WkJ7167ecHaZha9N\npEClKl15vlBS+lUD7YGnE8++ddv40WOpTjr9Brii8ZNNvAflYDn1vuZWfenfHpf3\nkibdlFoi+twL+m/e+4n8aRmqgmg3fjKU+r2rA35FNoFMar3S2vvWicJqHvNnaTH4\n+cH9aIG023GIZR9eLZwDBZBlbeQY8phausc5fKGpI/vLE0rVC6pFEFlE1egwYMQa\nrCVFC3zeuI/izpFGLKBGh2h2jORUzrEOHWzD1RDMVbjyUnB20Vxq+/qTr9DEjIQs\nI3h674IPvT9iGF9Kc2s4R6wth8f/hicKrhZ+FyAHQypgKCshbh5ZoU6ck74aP1Aq\nMQSHAoIBAB4RunI04FjyZTRtj7OsUTRitfAYdp7fMkkv3biafCF5YZKwR673Takr\nlS8gkQ0KJ06M1++YkvLgmTtob6jKraPwPj1JzLYySC3wnZBnwEguVFZGNX+H1uPg\nwe39K7kapz7q3fqCk5NPExcE82bwww5ZS5/79DXeiI0PORg87WvqZVrbfDk+4pMU\nOhOfLm9WZYqYeVEGQkieZQFD81oYSTzAfsXuWS5Qael4gSC1gZASBbkR/e/xgxA1\n4zXjOOQeEaPzq/JtOnu/iBP6vQhV3m/Zp7TGcd8KHpocmz5Wae0vbcxMm4EeClyp\nYIdF5TeXm5YpCV91bYrJZKIeG3bbYQkCggEACe+sRt3PNU2nUt3xVhlvu040Euv6\ny8HBc0aKXyHg5Szzo148vvdiiNs7WejZVJ850KAWoow+tCS6zOrovuI++NjsjRw7\njbOrw66Ox6g+P1m6eT/36pGHbI0PqHp/hfftPl7h/+QILdvv5/N8l94heP4+4dl3\nDxJHrlQ2FtZMWaF2pwwEKI3VcV5BySmvc78YV6S8gt76w0ged6IYu5nTx/RS1b5I\ndjzj16sSfAOkk4/18dZSECESyy28fFF0iWOzXp8+cssJPuxWvAWsp7qq4rwSebsd\nhT1R+KUgPn9tAD1DOrtWdXCuxrRWINgehr0t8f2yDVjD7f+gbN/ElVl+0Q==\n-----END RSA PRIVATE KEY-----\n",
            "private_key_pem_pkcs8": "-----BEGIN PRIVATE KEY-----\nMIIJQQIBADANBgkqhkiG9w0BAQEFAASCCSswggknAgEAAoICAQCiJPmzgKuCktOK\nnSoWqguZzt09MYobkwtmobWLqh/SPl6rtQ2u9rh/oJRPM/6BKVBTrJAesOIgAHHh\n6kstxt9IYAsX9idai1r50GVOZtR9LSpbVj4YC85Bh8L+/laEqAcE388uIYeP9PKU\nz6t7RXt2XMdOz1GYRSDJtWq74orJPIRXe6zoilqKIjhE2VUt/pH3AUzPZ/k3dTg8\n0pG42fk2PAPdEAJuR0vH+7Fdw6IkWgD+kPtSlHrEp/BySwc5kCqRtJOGla8Axfnw\n9/dYfhOTiqcYh/rCpprAjsNlf8Y7LdxTmsqp1KYnfuI/R2174TM4KqIfO6OH8GN6\nyxrPhaRoA29zJYXPlWlrauDBm1yK0vai/P83tG2AumbDvFWxRd7HX96qcEfmOzEN\n7kT7kNxq64YT6Qo4DaDuhrtLUIpn81QXhn59Tb8m1AMYG3jG64WsW8FnpqVsz+QW\nCVTJjETSs71zcSMSNJF2y08V+Fx8fzFaEk6cJklqonERViwkcJFGqgl1citDmj8v\nno70G9WJa49iqFFhuYKRRyVUiMxCL/cw5FR8vHaQ39AGbPYebEnzhRgFxf1UyScr\n76qODFXaynhpi53DmD7ApNpFyksGWesWz1KMCfjOO1QZt8Km4a/vOgp1JSzD+Fd/\nTMh67yDZKfLRybHwy8xTEq6rRg0yAwIDAQABAoICACQI/amkDfnt8a+bsC/rSLq9\nG7Qu31ezfVQo2jUY8QuDqvyUN19MG8LZiDx1/Ljt2plN/5WikA62qpifvmeFDDiE\nh9KidSqNUAG3C9y5w72yHPjBmPk1Hni32GFdWxMOWMj/iIbjEsKumH70DFNQJNkw\nU2czchnaOyg49midN2Tz2yGqLcpcfTS32DOM7X5UVlJD6rMpk1x846u4zIP9hYJF\nIkKt/SxPEgt253tEMDPOAOySghhfQU2VWT29aPSlEqDhNewyNfuBBERGh6UWF/mx\nVeOAzP0Xk8r5r3lORVr/nTjDbQkDZo3eiB+yGyXt7bks2G0Cjxx2E1XF78ZxGBFf\nKvnr21sj5vIyF8uDknQ/VlF0I5UvMv0qZuiBjDKvMymNZ+gUw1OS0qMUroYQqi1B\nm2y2SgZ0oLT+Lk1nWI3BhMVBepjKpSQMnrzq76EcEhILPPICoDBG2sNZrK9V9KZH\nnqLQQsRfBkGGAPUwtwU6G9TUBgEmuOJiQiPRwlX9FJnLQGNCMlNifn3a+sEZ+afC\nGvngCP5IgsfRfQAikbnxWb5AFvZ1GHmJDIGmOzO3IsqNunZShoscUbQ8pR9b6RlO\nfJGXaSxIhcpxCQxX+iehvko19Uo/bcYH9VE35U1s5ttiWIDPxPXiXoxLUEuCPDfn\n1CPS76+ERgOyY8z+cF2xAoIBAQDLnzcsZl3czMghgaOoZ6W/5ym+5Rri6kbeP/Gy\nDWl7sxxTUa+Mq1KiXPHwFRi3NcX+C4r0eSWAWFgxUnHADUXbIvx+TgH+nN7Z+S2u\n9xACTlNMrEIHftl3/rsPpj8odVDerrSISHxOcPAEdQlQ5gBkDw0H2uJlGzABrMFb\nzgh7lpTDQyuH6kNNte84BmQzSXMo3c4GHoFV+8CQNTxBxo/4SokRj6diRp/iYeMf\ncq+bS8STZfd2AKewzC/HsiFegmA1oOw89AbpE3pQ7sM1UWSNrPQoI+csJzQFPGTh\nA+7BbhVMX+DrtmrPA5tBlldkeZCNNcaBlVuYM0gOpySsCBO7AoIBAQDL2mjQPDwA\n0GqIIxC+I+ExmScwIM2xgMJH7cBnLcDrTgRKulYLyLj2NUp1kqJ7b/Kr+iJHdiZi\nV3Ip1SCvRAsV80sd2JhSzv33fnALlLa5EkJ8RGxNyT8m1uvriD3Q303fKl5CRbPV\nzh5nVU8mv04EuRt+3QXLes603XH9dVUAqD8PWvDYYtNS/STinKsIk15GcS5bPsUn\ncw28LcboBjtmWGJCSYsFT+bW1O4NC70YfBak+W7Fl8tLNQceHw6uEGmOo7VFVYiy\n29kBemY/lI6fsB53LBwBDxyUfT33TgyKseDMFHBUJbJElMDpNdm/JC3OtRIMGNBC\nSEezK1b3JqJZAoIBADtaQnvXrt5wdpmFr02kQKUqXXm+UFL6VQPtgacTz7512/jR\nY6lOOv0GuKLxk028B+VgOfW+5lZ96d8el/eSJt2UWiL63Av6b977ifxpGaqCaDd+\nMpT6vasDfkU2gUxqvdLa+9aJwmoe82dpMfj5wf1ogbTbcYhlH14tnAMFkGVt5Bjy\nmFq6xzl8oakj+8sTStULqkUQWUTV6DBgxBqsJUULfN64j+LOkUYsoEaHaHaM5FTO\nsQ4dbMPVEMxVuPJScHbRXGr7+pOv0MSMhCwjeHrvgg+9P2IYX0pzazhHrC2Hx/+G\nJwquFn4XIAdDKmAoKyFuHlmhTpyTvho/UCoxBIcCggEAHhG6cjTgWPJlNG2Ps6xR\nNGK18Bh2nt8ySS/duJp8IXlhkrBHrvdNqSuVLyCRDQonTozX75iS8uCZO2hvqMqt\no/A+PUnMtjJILfCdkGfASC5UVkY1f4fW4+DB7f0ruRqnPurd+oKTk08TFwTzZvDD\nDllLn/v0Nd6IjQ85GDzta+plWtt8OT7ikxQ6E58ub1Zliph5UQZCSJ5lAUPzWhhJ\nPMB+xe5ZLlBp6XiBILWBkBIFuRH97/GDEDXjNeM45B4Ro/Or8m06e7+IE/q9CFXe\nb9mntMZx3woemhybPlZp7S9tzEybgR4KXKlgh0XlN5eblikJX3Vtislkoh4bdtth\nCQKCAQAJ76xG3c81TadS3fFWGW+7TjQS6/rLwcFzRopfIeDlLPOjXjy+92KI2ztZ\n6NlUnznQoBaijD60JLrM6ui+4j742OyNHDuNs6vDro7HqD4/Wbp5P/fqkYdsjQ+o\nen+F9+0+XuH/5Agt2+/n83yX3iF4/j7h2XcPEkeuVDYW1kxZoXanDAQojdVxXkHJ\nKa9zvxhXpLyC3vrDSB53ohi7mdPH9FLVvkh2POPXqxJ8A6STj/Xx1lIQIRLLLbx8\nUXSJY7Nenz5yywk+7Fa8BaynuqrivBJ5ux2FPVH4pSA+f20APUM6u1Z1cK7GtFYg\n2B6GvS3x/bINWMPt/6Bs38SVWX7R\n-----END PRIVATE KEY-----\n",
            "public_key_fingerprint_md5": "de:a8:ad:3e:c4:8f:53:57:ed:dc:66:5f:44:5e:02:f7",
            "public_key_fingerprint_sha256": "SHA256:vkFjYgXq0lWsJbIcvPSXn06f0SMboTWes9Q885LFNvI",
            "public_key_openssh": "ssh-rsa AAAAB3NzaC1yc2EAAAADAQABAAACAQCiJPmzgKuCktOKnSoWqguZzt09MYobkwtmobWLqh/SPl6rtQ2u9rh/oJRPM/6BKVBTrJAesOIgAHHh6kstxt9IYAsX9idai1r50GVOZtR9LSpbVj4YC85Bh8L+/laEqAcE388uIYeP9PKUz6t7RXt2XMdOz1GYRSDJtWq74orJPIRXe6zoilqKIjhE2VUt/pH3AUzPZ/k3dTg80pG42fk2PAPdEAJuR0vH+7Fdw6IkWgD+kPtSlHrEp/BySwc5kCqRtJOGla8Axfnw9/dYfhOTiqcYh/rCpprAjsNlf8Y7LdxTmsqp1KYnfuI/R2174TM4KqIfO6OH8GN6yxrPhaRoA29zJYXPlWlrauDBm1yK0vai/P83tG2AumbDvFWxRd7HX96qcEfmOzEN7kT7kNxq64YT6Qo4DaDuhrtLUIpn81QXhn59Tb8m1AMYG3jG64WsW8FnpqVsz+QWCVTJjETSs71zcSMSNJF2y08V+Fx8fzFaEk6cJklqonERViwkcJFGqgl1citDmj8vno70G9WJa49iqFFhuYKRRyVUiMxCL/cw5FR8vHaQ39AGbPYebEnzhRgFxf1UyScr76qODFXaynhpi53DmD7ApNpFyksGWesWz1KMCfjOO1QZt8Km4a/vOgp1JSzD+Fd/TMh67yDZKfLRybHwy8xTEq6rRg0yAw==\n",
            "public_key_pem": "-----BEGIN PUBLIC KEY-----\nMIICIjANBgkqhkiG9w0BAQEFAAOCAg8AMIICCgKCAgEAoiT5s4CrgpLTip0qFqoL\nmc7dPTGKG5MLZqG1i6of0j5eq7UNrva4f6CUTzP+gSlQU6yQHrDiIABx4epLLcbf\nSGALF/YnWota+dBlTmbUfS0qW1Y+GAvOQYfC/v5WhKgHBN/PLiGHj/TylM+re0V7\ndlzHTs9RmEUgybVqu+KKyTyEV3us6IpaiiI4RNlVLf6R9wFMz2f5N3U4PNKRuNn5\nNjwD3RACbkdLx/uxXcOiJFoA/pD7UpR6xKfwcksHOZAqkbSThpWvAMX58Pf3WH4T\nk4qnGIf6wqaawI7DZX/GOy3cU5rKqdSmJ37iP0dte+EzOCqiHzujh/Bjessaz4Wk\naANvcyWFz5Vpa2rgwZtcitL2ovz/N7RtgLpmw7xVsUXex1/eqnBH5jsxDe5E+5Dc\nauuGE+kKOA2g7oa7S1CKZ/NUF4Z+fU2/JtQDGBt4xuuFrFvBZ6albM/kFglUyYxE\n0rO9c3EjEjSRdstPFfhcfH8xWhJOnCZJaqJxEVYsJHCRRqoJdXIrQ5o/L56O9BvV\niWuPYqhRYbmCkUclVIjMQi/3MORUfLx2kN/QBmz2HmxJ84UYBcX9VMknK++qjgxV\n2sp4aYudw5g+wKTaRcpLBlnrFs9SjAn4zjtUGbfCpuGv7zoKdSUsw/hXf0zIeu8g\n2Sny0cmx8MvMUxKuq0YNMgMCAwEAAQ==\n-----END PUBLIC KEY-----\n",
            "rsa_bits": 4096
          },
          "sensitive_attributes": [
            [
              {
                "type": "get_attr",
                "value": "private_key_pem_pkcs8"
              }
            ],
            [
              {
                "type": "get_attr",
                "value": "private_key_pem"
              }
            ],
            [
              {
                "type": "get_attr",
                "value": "private_key_openssh"
              }
            ]
          ],
          "dependencies": [
            "module.vpc.aws_default_route_table.private",
            "module.vpc.aws_eip.nat",
            "module.vpc.aws_internet_gateway.this",
            "module.vpc.aws_nat_gateway.this",
            "module.vpc.aws_route.private",
            "module.vpc.aws_route.public",
            "module.vpc.aws_route_table.private",
            "module.vpc.aws_route_table.public",
            "module.vpc.aws_route_table_association.private",
            "module.vpc.aws_route_table_association.public",
            "module.vpc.aws_subnet.private",
            "module.vpc.aws_subnet.public",
            "module.vpc.aws_vpc.this",
            "module.vpc.data.aws_route_table.private"
          ]
        }
      ]
    },
    {
      "module": "module.alb",
      "mode": "managed",
      "type": "tls_self_signed_cert",
      "name": "ca",
      "provider": "provider[\"registry.terraform.io/hashicorp/tls\"]",
      "instances": [
        {
          "schema_version": 0,
          "attributes": {
            "allowed_uses": [
              "cert_signing",
              "key_encipherment",
              "digital_signature"
            ],
            "cert_pem": "-----BEGIN CERTIFICATE-----\nMIIFPjCCAyagAwIBAgIQb3fENEQdsPT7aVFmSgrgPDANBgkqhkiG9w0BAQsFADA5\nMRowGAYDVQQKExFUZXJyYWZvcm0gVGVzdGluZzEbMBkGA1UEAxMScHJvamVjdC1p\nbnRlbHkuY29tMB4XDTI0MDYxNzIzMjU1MloXDTI1MDYxNzIzMjU1MlowOTEaMBgG\nA1UEChMRVGVycmFmb3JtIFRlc3RpbmcxGzAZBgNVBAMTEnByb2plY3QtaW50ZWx5\nLmNvbTCCAiIwDQYJKoZIhvcNAQEBBQADggIPADCCAgoCggIBAKIk+bOAq4KS04qd\nKhaqC5nO3T0xihuTC2ahtYuqH9I+Xqu1Da72uH+glE8z/oEpUFOskB6w4iAAceHq\nSy3G30hgCxf2J1qLWvnQZU5m1H0tKltWPhgLzkGHwv7+VoSoBwTfzy4hh4/08pTP\nq3tFe3Zcx07PUZhFIMm1arviisk8hFd7rOiKWooiOETZVS3+kfcBTM9n+Td1ODzS\nkbjZ+TY8A90QAm5HS8f7sV3DoiRaAP6Q+1KUesSn8HJLBzmQKpG0k4aVrwDF+fD3\n91h+E5OKpxiH+sKmmsCOw2V/xjst3FOayqnUpid+4j9HbXvhMzgqoh87o4fwY3rL\nGs+FpGgDb3Mlhc+VaWtq4MGbXIrS9qL8/ze0bYC6ZsO8VbFF3sdf3qpwR+Y7MQ3u\nRPuQ3GrrhhPpCjgNoO6Gu0tQimfzVBeGfn1NvybUAxgbeMbrhaxbwWempWzP5BYJ\nVMmMRNKzvXNxIxI0kXbLTxX4XHx/MVoSTpwmSWqicRFWLCRwkUaqCXVyK0OaPy+e\njvQb1Ylrj2KoUWG5gpFHJVSIzEIv9zDkVHy8dpDf0AZs9h5sSfOFGAXF/VTJJyvv\nqo4MVdrKeGmLncOYPsCk2kXKSwZZ6xbPUowJ+M47VBm3wqbhr+86CnUlLMP4V39M\nyHrvINkp8tHJsfDLzFMSrqtGDTIDAgMBAAGjQjBAMA4GA1UdDwEB/wQEAwICpDAP\nBgNVHRMBAf8EBTADAQH/MB0GA1UdDgQWBBQx6vq+ovDruVWuj4tMPZIOljzM/TAN\nBgkqhkiG9w0BAQsFAAOCAgEAClxybNsBIW7jUZrYZHKsHutV0U5RIT9i4ffEZjxg\nrNNHc3zlU33qwPVh8zZ7Gvqk77+GBhmY6frhUXr7CkRZntfqOcD3NRzpxmqinDOR\ndxVF4DZyKAlB9qp5CtWhvGkCK3Akl8VK2iSLdZYBLhHmINErRIGCD8Wlg4ldETZs\nA0plSEICsgB84C+3VhT6vPdxFGB09SbCSveX6a/sik1HwG+UoZ71ldji3DuALP/d\nXohvsQoh1r+eolJYQ4G6kCWclCRhNMyReNcANjEIOqO91x3ZwnbBNeb7lkcmz6PA\nzn0Kmamh5nw8865jabAtxGNOvY2xCu1jruJ74SyeIx/E7IeN7Qso3DZ3oEfr77R0\ngCqrj7aG6iblxWA5eQE0kFHRPgFz1uDV4X3/UDU9XBtxQZXIuPLHMYdqlQ+adP1D\nfKVxZi8/DoQYx9cgj/mlNEGvwle8hi+iBNsedYOWrYmLLtLL6ytPFc6aT+f9QDG4\nV5rpVT6E2QpYKj38O7+4nKGRuIoIBlO9aeFgeK+8sW7mxi5MDJ2rgxXtf0s611Kt\npamOPEXVD/xGfBxNewxi4GgrKQYDPivpkEPLCbSRHoRMBShW14EJE98i+/Txpe4J\nc7DblwQbyu4i7vrpOtsDCmKKAPa4fVNwToGf+5dxV5S/QVQxjrrroCn3fPxJTShS\nJEM=\n-----END CERTIFICATE-----\n",
            "dns_names": null,
            "early_renewal_hours": 0,
            "id": "148166170351518948021509289717717983292",
            "ip_addresses": null,
            "is_ca_certificate": true,
            "key_algorithm": "RSA",
            "private_key_pem": "-----BEGIN RSA PRIVATE KEY-----\nMIIJJwIBAAKCAgEAoiT5s4CrgpLTip0qFqoLmc7dPTGKG5MLZqG1i6of0j5eq7UN\nrva4f6CUTzP+gSlQU6yQHrDiIABx4epLLcbfSGALF/YnWota+dBlTmbUfS0qW1Y+\nGAvOQYfC/v5WhKgHBN/PLiGHj/TylM+re0V7dlzHTs9RmEUgybVqu+KKyTyEV3us\n6IpaiiI4RNlVLf6R9wFMz2f5N3U4PNKRuNn5NjwD3RACbkdLx/uxXcOiJFoA/pD7\nUpR6xKfwcksHOZAqkbSThpWvAMX58Pf3WH4Tk4qnGIf6wqaawI7DZX/GOy3cU5rK\nqdSmJ37iP0dte+EzOCqiHzujh/Bjessaz4WkaANvcyWFz5Vpa2rgwZtcitL2ovz/\nN7RtgLpmw7xVsUXex1/eqnBH5jsxDe5E+5DcauuGE+kKOA2g7oa7S1CKZ/NUF4Z+\nfU2/JtQDGBt4xuuFrFvBZ6albM/kFglUyYxE0rO9c3EjEjSRdstPFfhcfH8xWhJO\nnCZJaqJxEVYsJHCRRqoJdXIrQ5o/L56O9BvViWuPYqhRYbmCkUclVIjMQi/3MORU\nfLx2kN/QBmz2HmxJ84UYBcX9VMknK++qjgxV2sp4aYudw5g+wKTaRcpLBlnrFs9S\njAn4zjtUGbfCpuGv7zoKdSUsw/hXf0zIeu8g2Sny0cmx8MvMUxKuq0YNMgMCAwEA\nAQKCAgAkCP2ppA357fGvm7Av60i6vRu0Lt9Xs31UKNo1GPELg6r8lDdfTBvC2Yg8\ndfy47dqZTf+VopAOtqqYn75nhQw4hIfSonUqjVABtwvcucO9shz4wZj5NR54t9hh\nXVsTDljI/4iG4xLCrph+9AxTUCTZMFNnM3IZ2jsoOPZonTdk89shqi3KXH00t9gz\njO1+VFZSQ+qzKZNcfOOruMyD/YWCRSJCrf0sTxILdud7RDAzzgDskoIYX0FNlVk9\nvWj0pRKg4TXsMjX7gQRERoelFhf5sVXjgMz9F5PK+a95TkVa/504w20JA2aN3ogf\nshsl7e25LNhtAo8cdhNVxe/GcRgRXyr569tbI+byMhfLg5J0P1ZRdCOVLzL9Kmbo\ngYwyrzMpjWfoFMNTktKjFK6GEKotQZtstkoGdKC0/i5NZ1iNwYTFQXqYyqUkDJ68\n6u+hHBISCzzyAqAwRtrDWayvVfSmR56i0ELEXwZBhgD1MLcFOhvU1AYBJrjiYkIj\n0cJV/RSZy0BjQjJTYn592vrBGfmnwhr54Aj+SILH0X0AIpG58Vm+QBb2dRh5iQyB\npjsztyLKjbp2UoaLHFG0PKUfW+kZTnyRl2ksSIXKcQkMV/onob5KNfVKP23GB/VR\nN+VNbObbYliAz8T14l6MS1BLgjw359Qj0u+vhEYDsmPM/nBdsQKCAQEAy583LGZd\n3MzIIYGjqGelv+cpvuUa4upG3j/xsg1pe7McU1GvjKtSolzx8BUYtzXF/guK9Hkl\ngFhYMVJxwA1F2yL8fk4B/pze2fktrvcQAk5TTKxCB37Zd/67D6Y/KHVQ3q60iEh8\nTnDwBHUJUOYAZA8NB9riZRswAazBW84Ie5aUw0Mrh+pDTbXvOAZkM0lzKN3OBh6B\nVfvAkDU8QcaP+EqJEY+nYkaf4mHjH3Kvm0vEk2X3dgCnsMwvx7IhXoJgNaDsPPQG\n6RN6UO7DNVFkjaz0KCPnLCc0BTxk4QPuwW4VTF/g67ZqzwObQZZXZHmQjTXGgZVb\nmDNIDqckrAgTuwKCAQEAy9po0Dw8ANBqiCMQviPhMZknMCDNsYDCR+3AZy3A604E\nSrpWC8i49jVKdZKie2/yq/oiR3YmYldyKdUgr0QLFfNLHdiYUs79935wC5S2uRJC\nfERsTck/Jtbr64g90N9N3ypeQkWz1c4eZ1VPJr9OBLkbft0Fy3rOtN1x/XVVAKg/\nD1rw2GLTUv0k4pyrCJNeRnEuWz7FJ3MNvC3G6AY7ZlhiQkmLBU/m1tTuDQu9GHwW\npPluxZfLSzUHHh8OrhBpjqO1RVWIstvZAXpmP5SOn7AedywcAQ8clH09904MirHg\nzBRwVCWyRJTA6TXZvyQtzrUSDBjQQkhHsytW9yaiWQKCAQA7WkJ7167ecHaZha9N\npEClKl15vlBS+lUD7YGnE8++ddv40WOpTjr9Brii8ZNNvAflYDn1vuZWfenfHpf3\nkibdlFoi+twL+m/e+4n8aRmqgmg3fjKU+r2rA35FNoFMar3S2vvWicJqHvNnaTH4\n+cH9aIG023GIZR9eLZwDBZBlbeQY8phausc5fKGpI/vLE0rVC6pFEFlE1egwYMQa\nrCVFC3zeuI/izpFGLKBGh2h2jORUzrEOHWzD1RDMVbjyUnB20Vxq+/qTr9DEjIQs\nI3h674IPvT9iGF9Kc2s4R6wth8f/hicKrhZ+FyAHQypgKCshbh5ZoU6ck74aP1Aq\nMQSHAoIBAB4RunI04FjyZTRtj7OsUTRitfAYdp7fMkkv3biafCF5YZKwR673Takr\nlS8gkQ0KJ06M1++YkvLgmTtob6jKraPwPj1JzLYySC3wnZBnwEguVFZGNX+H1uPg\nwe39K7kapz7q3fqCk5NPExcE82bwww5ZS5/79DXeiI0PORg87WvqZVrbfDk+4pMU\nOhOfLm9WZYqYeVEGQkieZQFD81oYSTzAfsXuWS5Qael4gSC1gZASBbkR/e/xgxA1\n4zXjOOQeEaPzq/JtOnu/iBP6vQhV3m/Zp7TGcd8KHpocmz5Wae0vbcxMm4EeClyp\nYIdF5TeXm5YpCV91bYrJZKIeG3bbYQkCggEACe+sRt3PNU2nUt3xVhlvu040Euv6\ny8HBc0aKXyHg5Szzo148vvdiiNs7WejZVJ850KAWoow+tCS6zOrovuI++NjsjRw7\njbOrw66Ox6g+P1m6eT/36pGHbI0PqHp/hfftPl7h/+QILdvv5/N8l94heP4+4dl3\nDxJHrlQ2FtZMWaF2pwwEKI3VcV5BySmvc78YV6S8gt76w0ged6IYu5nTx/RS1b5I\ndjzj16sSfAOkk4/18dZSECESyy28fFF0iWOzXp8+cssJPuxWvAWsp7qq4rwSebsd\nhT1R+KUgPn9tAD1DOrtWdXCuxrRWINgehr0t8f2yDVjD7f+gbN/ElVl+0Q==\n-----END RSA PRIVATE KEY-----\n",
            "ready_for_renewal": false,
            "set_authority_key_id": false,
            "set_subject_key_id": false,
            "subject": [
              {
                "common_name": "project-intely.com",
                "country": null,
                "locality": null,
                "organization": "Terraform Testing",
                "organizational_unit": null,
                "postal_code": null,
                "province": null,
                "serial_number": null,
                "street_address": null
              }
            ],
            "uris": null,
            "validity_end_time": "2025-06-18T01:25:52.902477+02:00",
            "validity_period_hours": 8760,
            "validity_start_time": "2024-06-18T01:25:52.902477+02:00"
          },
          "sensitive_attributes": [
            [
              {
                "type": "get_attr",
                "value": "private_key_pem"
              }
            ]
          ],
          "dependencies": [
            "module.alb.tls_private_key.cert",
            "module.vpc.aws_default_route_table.private",
            "module.vpc.aws_eip.nat",
            "module.vpc.aws_internet_gateway.this",
            "module.vpc.aws_nat_gateway.this",
            "module.vpc.aws_route.private",
            "module.vpc.aws_route.public",
            "module.vpc.aws_route_table.private",
            "module.vpc.aws_route_table.public",
            "module.vpc.aws_route_table_association.private",
            "module.vpc.aws_route_table_association.public",
            "module.vpc.aws_subnet.private",
            "module.vpc.aws_subnet.public",
            "module.vpc.aws_vpc.this",
            "module.vpc.data.aws_route_table.private"
          ]
        }
      ]
    },
    {
      "module": "module.alb_security_group.module.alb_security_group",
      "mode": "managed",
      "type": "aws_security_group",
      "name": "this_name_prefix",
      "provider": "provider[\"registry.terraform.io/hashicorp/aws\"]",
      "instances": [
        {
          "index_key": 0,
          "schema_version": 1,
          "attributes": {
            "arn": "arn:aws:ec2:eu-north-1:851725350979:security-group/sg-02c9511dc6753a6a6",
            "description": "Security group for Project Intely ALB",
            "egress": [],
            "id": "sg-02c9511dc6753a6a6",
            "ingress": [],
            "name": "project-intely-alb-sg-20240617232344662500000003",
            "name_prefix": "project-intely-alb-sg-",
            "owner_id": "851725350979",
            "revoke_rules_on_delete": false,
            "tags": {
              "Environment": "project_intely",
              "Name": "project-intely-alb-sg",
              "Project": "intely",
              "Terraform": "true"
            },
            "tags_all": {
              "Environment": "project_intely",
              "Name": "project-intely-alb-sg",
              "Project": "intely",
              "Terraform": "true"
            },
            "timeouts": {
              "create": "10m",
              "delete": "15m"
            },
            "vpc_id": "vpc-0348dba66f6612485"
          },
          "sensitive_attributes": [],
          "private": "eyJlMmJmYjczMC1lY2FhLTExZTYtOGY4OC0zNDM2M2JjN2M0YzAiOnsiY3JlYXRlIjo2MDAwMDAwMDAwMDAsImRlbGV0ZSI6OTAwMDAwMDAwMDAwfSwic2NoZW1hX3ZlcnNpb24iOiIxIn0=",
          "dependencies": [
            "module.vpc.aws_vpc.this"
          ],
          "create_before_destroy": true
        }
      ]
    },
    {
      "module": "module.alb_security_group.module.alb_security_group",
      "mode": "managed",
      "type": "aws_security_group_rule",
      "name": "egress_rules",
      "provider": "provider[\"registry.terraform.io/hashicorp/aws\"]",
      "instances": [
        {
          "index_key": 0,
          "schema_version": 2,
          "attributes": {
            "cidr_blocks": [
              "0.0.0.0/0"
            ],
            "description": "All protocols",
            "from_port": -1,
            "id": "sgrule-1141242062",
            "ipv6_cidr_blocks": [
              "::/0"
            ],
            "prefix_list_ids": [],
            "protocol": "-1",
            "security_group_id": "sg-02c9511dc6753a6a6",
            "security_group_rule_id": "",
            "self": false,
            "source_security_group_id": null,
            "timeouts": null,
            "to_port": -1,
            "type": "egress"
          },
          "sensitive_attributes": [],
          "private": "eyJlMmJmYjczMC1lY2FhLTExZTYtOGY4OC0zNDM2M2JjN2M0YzAiOnsiY3JlYXRlIjozMDAwMDAwMDAwMDB9LCJzY2hlbWFfdmVyc2lvbiI6IjIifQ==",
          "dependencies": [
            "module.alb_security_group.module.alb_security_group.aws_security_group.this",
            "module.alb_security_group.module.alb_security_group.aws_security_group.this_name_prefix",
            "module.vpc.aws_vpc.this"
          ]
        }
      ]
    },
    {
      "module": "module.alb_security_group.module.alb_security_group",
      "mode": "managed",
      "type": "aws_security_group_rule",
      "name": "ingress_rules",
      "provider": "provider[\"registry.terraform.io/hashicorp/aws\"]",
      "instances": [
        {
          "index_key": 0,
          "schema_version": 2,
          "attributes": {
            "cidr_blocks": [
              "0.0.0.0/0"
            ],
            "description": "HTTP",
            "from_port": 80,
            "id": "sgrule-1258531675",
            "ipv6_cidr_blocks": [],
            "prefix_list_ids": [],
            "protocol": "tcp",
            "security_group_id": "sg-02c9511dc6753a6a6",
            "security_group_rule_id": "sgr-0aec0cd549271c11f",
            "self": false,
            "source_security_group_id": null,
            "timeouts": null,
            "to_port": 80,
            "type": "ingress"
          },
          "sensitive_attributes": [],
          "private": "eyJlMmJmYjczMC1lY2FhLTExZTYtOGY4OC0zNDM2M2JjN2M0YzAiOnsiY3JlYXRlIjozMDAwMDAwMDAwMDB9LCJzY2hlbWFfdmVyc2lvbiI6IjIifQ==",
          "dependencies": [
            "module.alb_security_group.module.alb_security_group.aws_security_group.this",
            "module.alb_security_group.module.alb_security_group.aws_security_group.this_name_prefix",
            "module.vpc.aws_vpc.this"
          ]
        },
        {
          "index_key": 1,
          "schema_version": 2,
          "attributes": {
            "cidr_blocks": [
              "0.0.0.0/0"
            ],
            "description": "HTTPS",
            "from_port": 443,
            "id": "sgrule-3194541838",
            "ipv6_cidr_blocks": [],
            "prefix_list_ids": [],
            "protocol": "tcp",
            "security_group_id": "sg-02c9511dc6753a6a6",
            "security_group_rule_id": "sgr-0c3b2f0712adbcdfb",
            "self": false,
            "source_security_group_id": null,
            "timeouts": null,
            "to_port": 443,
            "type": "ingress"
          },
          "sensitive_attributes": [],
          "private": "eyJlMmJmYjczMC1lY2FhLTExZTYtOGY4OC0zNDM2M2JjN2M0YzAiOnsiY3JlYXRlIjozMDAwMDAwMDAwMDB9LCJzY2hlbWFfdmVyc2lvbiI6IjIifQ==",
          "dependencies": [
            "module.alb_security_group.module.alb_security_group.aws_security_group.this",
            "module.alb_security_group.module.alb_security_group.aws_security_group.this_name_prefix",
            "module.vpc.aws_vpc.this"
          ]
        }
      ]
    },
    {
      "module": "module.autoscaling",
      "mode": "managed",
      "type": "aws_autoscaling_group",
      "name": "this",
      "provider": "provider[\"registry.terraform.io/hashicorp/aws\"]",
      "instances": [
        {
          "schema_version": 1,
          "attributes": {
            "arn": "arn:aws:autoscaling:eu-north-1:851725350979:autoScalingGroup:b270ba72-6110-4dd4-953f-5702de50806d:autoScalingGroupName/my-asg",
            "availability_zones": [
              "eu-north-1b",
              "eu-north-1c"
            ],
            "capacity_rebalance": false,
            "context": "",
            "default_cooldown": 300,
            "default_instance_warmup": 0,
            "desired_capacity": 1,
            "desired_capacity_type": "",
            "enabled_metrics": null,
            "force_delete": false,
            "force_delete_warm_pool": false,
            "health_check_grace_period": 300,
            "health_check_type": "EC2",
            "id": "my-asg",
            "ignore_failed_scaling_activities": false,
            "initial_lifecycle_hook": [],
            "instance_maintenance_policy": [],
            "instance_refresh": [],
            "launch_configuration": "",
            "launch_template": [
              {
                "id": "lt-06ebf93ed80d395a8",
                "name": "my-template20240617232346318500000005",
                "version": "1"
              }
            ],
            "load_balancers": [],
            "max_instance_lifetime": 0,
            "max_size": 2,
            "metrics_granularity": "1Minute",
            "min_elb_capacity": null,
            "min_size": 1,
            "mixed_instances_policy": [],
            "name": "my-asg",
            "name_prefix": "",
            "placement_group": "",
            "predicted_capacity": 0,
            "protect_from_scale_in": false,
            "service_linked_role_arn": "arn:aws:iam::851725350979:role/aws-service-role/autoscaling.amazonaws.com/AWSServiceRoleForAutoScaling",
            "suspended_processes": null,
            "tag": [
              {
                "key": "project_intely",
                "propagate_at_launch": true,
                "value": "project_intely"
              }
            ],
            "target_group_arns": [
              "arn:aws:elasticloadbalancing:eu-north-1:851725350979:targetgroup/project-intely-tg-https/19befdc239c9ada9",
              "arn:aws:elasticloadbalancing:eu-north-1:851725350979:targetgroup/project-intely-tg/d08e46b2da73cd1d"
            ],
            "termination_policies": null,
            "timeouts": null,
            "traffic_source": [
              {
                "identifier": "arn:aws:elasticloadbalancing:eu-north-1:851725350979:targetgroup/project-intely-tg-https/19befdc239c9ada9",
                "type": "elbv2"
              },
              {
                "identifier": "arn:aws:elasticloadbalancing:eu-north-1:851725350979:targetgroup/project-intely-tg/d08e46b2da73cd1d",
                "type": "elbv2"
              }
            ],
            "vpc_zone_identifier": [
              "subnet-0081e7babfae5f6d9",
              "subnet-05373bc7487ba837f",
              "subnet-06fbba2642e938e4b"
            ],
            "wait_for_capacity_timeout": "10m",
            "wait_for_elb_capacity": null,
            "warm_pool": [],
            "warm_pool_size": 0
          },
          "sensitive_attributes": [],
          "private": "eyJlMmJmYjczMC1lY2FhLTExZTYtOGY4OC0zNDM2M2JjN2M0YzAiOnsiZGVsZXRlIjo2MDAwMDAwMDAwMDAsInVwZGF0ZSI6NjAwMDAwMDAwMDAwfSwic2NoZW1hX3ZlcnNpb24iOiIxIn0=",
          "dependencies": [
            "module.alb_security_group.module.alb_security_group.aws_security_group.this",
            "module.alb_security_group.module.alb_security_group.aws_security_group.this_name_prefix",
            "module.launch_template.aws_launch_template.web_server",
            "module.target_group_http.aws_lb_target_group.this",
            "module.target_group_https.aws_lb_target_group.this",
            "module.vpc.aws_default_route_table.private",
            "module.vpc.aws_eip.nat",
            "module.vpc.aws_internet_gateway.this",
            "module.vpc.aws_nat_gateway.this",
            "module.vpc.aws_route.private",
            "module.vpc.aws_route.public",
            "module.vpc.aws_route_table.private",
            "module.vpc.aws_route_table.public",
            "module.vpc.aws_route_table_association.private",
            "module.vpc.aws_route_table_association.public",
            "module.vpc.aws_subnet.private",
            "module.vpc.aws_subnet.public",
            "module.vpc.aws_vpc.this",
            "module.vpc.data.aws_route_table.private"
          ]
        }
      ]
    },
    {
      "module": "module.launch_template",
      "mode": "managed",
      "type": "aws_launch_template",
      "name": "web_server",
      "provider": "provider[\"registry.terraform.io/hashicorp/aws\"]",
      "instances": [
        {
          "schema_version": 0,
          "attributes": {
            "arn": "arn:aws:ec2:eu-north-1:851725350979:launch-template/lt-06ebf93ed80d395a8",
            "block_device_mappings": [
              {
                "device_name": "/dev/sda1",
                "ebs": [
                  {
                    "delete_on_termination": "",
                    "encrypted": "",
                    "iops": 0,
                    "kms_key_id": "",
                    "snapshot_id": "",
                    "throughput": 0,
                    "volume_size": 1,
                    "volume_type": ""
                  }
                ],
                "no_device": "",
                "virtual_name": ""
              }
            ],
            "capacity_reservation_specification": [],
            "cpu_options": [],
            "credit_specification": [],
            "default_version": 1,
            "description": "",
            "disable_api_stop": false,
            "disable_api_termination": false,
            "ebs_optimized": "",
            "elastic_gpu_specifications": [],
            "elastic_inference_accelerator": [],
            "enclave_options": [],
            "hibernation_options": [],
            "iam_instance_profile": [],
            "id": "lt-06ebf93ed80d395a8",
            "image_id": "ami-0c0e147c706360bd7",
            "instance_initiated_shutdown_behavior": "",
            "instance_market_options": [],
            "instance_requirements": [],
            "instance_type": "t3.micro",
            "kernel_id": "",
            "key_name": "",
            "latest_version": 1,
            "license_specification": [],
            "maintenance_options": [],
            "metadata_options": [],
            "monitoring": [],
            "name": "my-template20240617232346318500000005",
            "name_prefix": "my-template",
            "network_interfaces": [
              {
                "associate_carrier_ip_address": "",
                "associate_public_ip_address": "",
                "delete_on_termination": "",
                "description": "",
                "device_index": 0,
                "interface_type": "",
                "ipv4_address_count": 0,
                "ipv4_addresses": null,
                "ipv4_prefix_count": 0,
                "ipv4_prefixes": null,
                "ipv6_address_count": 0,
                "ipv6_addresses": null,
                "ipv6_prefix_count": 0,
                "ipv6_prefixes": null,
                "network_card_index": 0,
                "network_interface_id": "",
                "private_ip_address": "",
                "security_groups": [
                  "sg-02c9511dc6753a6a6"
                ],
                "subnet_id": ""
              }
            ],
            "placement": [],
            "private_dns_name_options": [],
            "ram_disk_id": "",
            "security_group_names": null,
            "tag_specifications": [],
            "tags": {
              "Environment": "project_intely",
              "Name": "project_intely-web-server",
              "Terraform": "true"
            },
            "tags_all": {
              "Environment": "project_intely",
              "Name": "project_intely-web-server",
              "Terraform": "true"
            },
            "update_default_version": null,
            "user_data": "IyEvYmluL2Jhc2gKeXVtIGluc3RhbGwgLXkgaHR0cGQKc3lzdGVtY3RsIHN0YXJ0IGh0dHBkCnN5c3RlbWN0bCBlbmFibGUgaHR0cGQKZWNobyAiSXQgd29ya3MhIiA+IC92YXIvd3d3L2h0bWwvaW5kZXguaHRtbA==",
            "vpc_security_group_ids": null
          },
          "sensitive_attributes": [],
          "private": "bnVsbA==",
          "dependencies": [
            "module.alb_security_group.module.alb_security_group.aws_security_group.this",
            "module.alb_security_group.module.alb_security_group.aws_security_group.this_name_prefix",
            "module.vpc.aws_vpc.this"
          ]
        }
      ]
    },
    {
      "module": "module.rds.module.rds",
      "mode": "data",
      "type": "aws_iam_policy_document",
      "name": "monitoring_rds_assume_role",
      "provider": "provider[\"registry.terraform.io/hashicorp/aws\"]",
      "instances": [
        {
          "schema_version": 0,
          "attributes": {
            "id": "76086537",
            "json": "{\n  \"Version\": \"2012-10-17\",\n  \"Statement\": [\n    {\n      \"Effect\": \"Allow\",\n      \"Action\": \"sts:AssumeRole\",\n      \"Principal\": {\n        \"Service\": \"monitoring.rds.amazonaws.com\"\n      }\n    }\n  ]\n}",
            "minified_json": "{\"Version\":\"2012-10-17\",\"Statement\":[{\"Effect\":\"Allow\",\"Action\":\"sts:AssumeRole\",\"Principal\":{\"Service\":\"monitoring.rds.amazonaws.com\"}}]}",
            "override_json": null,
            "override_policy_documents": null,
            "policy_id": null,
            "source_json": null,
            "source_policy_documents": null,
            "statement": [
              {
                "actions": [
                  "sts:AssumeRole"
                ],
                "condition": [],
                "effect": "Allow",
                "not_actions": [],
                "not_principals": [],
                "not_resources": [],
                "principals": [
                  {
                    "identifiers": [
                      "monitoring.rds.amazonaws.com"
                    ],
                    "type": "Service"
                  }
                ],
                "resources": [],
                "sid": ""
              }
            ],
            "version": "2012-10-17"
          },
          "sensitive_attributes": []
        }
      ]
    },
    {
      "module": "module.rds.module.rds",
      "mode": "data",
      "type": "aws_partition",
      "name": "current",
      "provider": "provider[\"registry.terraform.io/hashicorp/aws\"]",
      "instances": [
        {
          "schema_version": 0,
          "attributes": {
            "dns_suffix": "amazonaws.com",
            "id": "aws",
            "partition": "aws",
            "reverse_dns_prefix": "com.amazonaws"
          },
          "sensitive_attributes": []
        }
      ]
    },
    {
      "module": "module.rds.module.rds",
      "mode": "managed",
      "type": "aws_db_subnet_group",
      "name": "this",
      "provider": "provider[\"registry.terraform.io/hashicorp/aws\"]",
      "instances": [
        {
          "index_key": 0,
          "schema_version": 0,
          "attributes": {
            "arn": "arn:aws:rds:eu-north-1:851725350979:subgrp:project-intely-tg",
            "description": "For Aurora cluster project-intely-tg",
            "id": "project-intely-tg",
            "name": "project-intely-tg",
            "name_prefix": "",
            "subnet_ids": [
              "subnet-0081e7babfae5f6d9",
              "subnet-05373bc7487ba837f",
              "subnet-06fbba2642e938e4b"
            ],
            "supported_network_types": [
              "IPV4"
            ],
            "tags": {
              "Environment": "project_intely",
              "Terraform": "true"
            },
            "tags_all": {
              "Environment": "project_intely",
              "Terraform": "true"
            },
            "vpc_id": "vpc-0348dba66f6612485"
          },
          "sensitive_attributes": [],
          "private": "bnVsbA==",
          "dependencies": [
            "module.vpc.aws_subnet.private",
            "module.vpc.aws_vpc.this"
          ]
        }
      ]
    },
    {
      "module": "module.rds.module.rds",
      "mode": "managed",
      "type": "aws_rds_cluster",
      "name": "this",
      "provider": "provider[\"registry.terraform.io/hashicorp/aws\"]",
      "instances": [
        {
          "index_key": 0,
          "schema_version": 1,
          "attributes": {
            "allocated_storage": 1,
            "allow_major_version_upgrade": false,
            "apply_immediately": null,
            "arn": "arn:aws:rds:eu-north-1:851725350979:cluster:project-intely-tg",
            "availability_zones": [
              "eu-north-1a",
              "eu-north-1b",
              "eu-north-1c"
            ],
            "backtrack_window": 0,
            "backup_retention_period": 7,
            "cluster_identifier": "project-intely-tg",
            "cluster_identifier_prefix": "",
            "cluster_members": [],
            "cluster_resource_id": "cluster-ZUFSMONZNZCBJM243W2IGQKFHA",
            "copy_tags_to_snapshot": false,
            "database_name": "mydatabase",
            "db_cluster_instance_class": "",
            "db_cluster_parameter_group_name": "default.aurora-mysql5.7",
            "db_instance_parameter_group_name": null,
            "db_subnet_group_name": "project-intely-tg",
            "db_system_id": "",
            "delete_automated_backups": true,
            "deletion_protection": false,
            "domain": "",
            "domain_iam_role_name": "",
            "enable_global_write_forwarding": false,
            "enable_http_endpoint": false,
            "enable_local_write_forwarding": false,
            "enabled_cloudwatch_logs_exports": null,
            "endpoint": "project-intely-tg.cluster-c9ucg2ek0yws.eu-north-1.rds.amazonaws.com",
            "engine": "aurora-mysql",
            "engine_mode": "provisioned",
            "engine_version": "5.7.mysql_aurora.2.11.1",
            "engine_version_actual": "5.7.mysql_aurora.2.11.1",
            "final_snapshot_identifier": "final-project-intely-tg-7c94543c",
            "global_cluster_identifier": "",
            "hosted_zone_id": "Z3MPDEQW7KHUGY",
            "iam_database_authentication_enabled": false,
            "iam_roles": [],
            "id": "project-intely-tg",
            "iops": 0,
            "kms_key_id": "arn:aws:kms:eu-north-1:851725350979:key/6fea809b-c6f2-4e6c-a4c1-c22672fb2c1b",
            "manage_master_user_password": null,
            "master_password": "Ze9LQIWzrr",
            "master_user_secret": [],
            "master_user_secret_kms_key_id": null,
            "master_username": "admin",
            "network_type": "IPV4",
            "port": 3306,
            "preferred_backup_window": "02:00-03:00",
            "preferred_maintenance_window": "sun:05:00-sun:06:00",
            "reader_endpoint": "project-intely-tg.cluster-ro-c9ucg2ek0yws.eu-north-1.rds.amazonaws.com",
            "replication_source_identifier": "",
            "restore_to_point_in_time": [],
            "s3_import": [],
            "scaling_configuration": [],
            "serverlessv2_scaling_configuration": [],
            "skip_final_snapshot": false,
            "snapshot_identifier": null,
            "source_region": null,
            "storage_encrypted": true,
            "storage_type": "",
            "tags": {
              "Environment": "project_intely",
              "Terraform": "true"
            },
            "tags_all": {
              "Environment": "project_intely",
              "Terraform": "true"
            },
            "timeouts": {
              "create": null,
              "delete": null,
              "update": null
            },
            "vpc_security_group_ids": [
              "sg-02aa3cec49d8c5a7f",
              "sg-0ab84ab72b62e9932"
            ]
          },
          "sensitive_attributes": [
            [
              {
                "type": "get_attr",
                "value": "master_password"
              }
            ]
          ],
          "private": "eyJlMmJmYjczMC1lY2FhLTExZTYtOGY4OC0zNDM2M2JjN2M0YzAiOnsiY3JlYXRlIjo3MjAwMDAwMDAwMDAwLCJkZWxldGUiOjcyMDAwMDAwMDAwMDAsInVwZGF0ZSI6NzIwMDAwMDAwMDAwMH0sInNjaGVtYV92ZXJzaW9uIjoiMSJ9",
          "dependencies": [
            "aws_security_group.rds_sg",
            "module.alb_security_group.module.alb_security_group.aws_security_group.this",
            "module.alb_security_group.module.alb_security_group.aws_security_group.this_name_prefix",
            "module.rds.module.rds.aws_db_subnet_group.this",
            "module.rds.module.rds.aws_rds_cluster_parameter_group.this",
            "module.rds.module.rds.aws_security_group.this",
            "module.rds.module.rds.random_id.snapshot_identifier",
            "module.rds.module.rds.random_password.master_password",
            "module.vpc.aws_subnet.private",
            "module.vpc.aws_vpc.this"
          ]
        }
      ]
    },
    {
      "module": "module.rds.module.rds",
      "mode": "managed",
      "type": "aws_security_group",
      "name": "this",
      "provider": "provider[\"registry.terraform.io/hashicorp/aws\"]",
      "instances": [
        {
          "index_key": 0,
          "schema_version": 1,
          "attributes": {
            "arn": "arn:aws:ec2:eu-north-1:851725350979:security-group/sg-02aa3cec49d8c5a7f",
            "description": "Control traffic to/from RDS Aurora project-intely-tg",
            "egress": [],
            "id": "sg-02aa3cec49d8c5a7f",
            "ingress": [],
            "name": "project-intely-tg-20240617232344711000000004",
            "name_prefix": "project-intely-tg-",
            "owner_id": "851725350979",
            "revoke_rules_on_delete": false,
            "tags": {
              "Environment": "project_intely",
              "Name": "project-intely-tg",
              "Terraform": "true"
            },
            "tags_all": {
              "Environment": "project_intely",
              "Name": "project-intely-tg",
              "Terraform": "true"
            },
            "timeouts": null,
            "vpc_id": "vpc-0348dba66f6612485"
          },
          "sensitive_attributes": [],
          "private": "eyJlMmJmYjczMC1lY2FhLTExZTYtOGY4OC0zNDM2M2JjN2M0YzAiOnsiY3JlYXRlIjo2MDAwMDAwMDAwMDAsImRlbGV0ZSI6OTAwMDAwMDAwMDAwfSwic2NoZW1hX3ZlcnNpb24iOiIxIn0=",
          "dependencies": [
            "module.vpc.aws_vpc.this"
          ],
          "create_before_destroy": true
        }
      ]
    },
    {
      "module": "module.rds.module.rds",
      "mode": "managed",
      "type": "random_id",
      "name": "snapshot_identifier",
      "provider": "provider[\"registry.terraform.io/hashicorp/random\"]",
      "instances": [
        {
          "index_key": 0,
          "schema_version": 0,
          "attributes": {
            "b64_std": "fJRUPA==",
            "b64_url": "fJRUPA",
            "byte_length": 4,
            "dec": "2090095676",
            "hex": "7c94543c",
            "id": "fJRUPA",
            "keepers": {
              "id": "project-intely-tg"
            },
            "prefix": null
          },
          "sensitive_attributes": []
        }
      ]
    },
    {
      "module": "module.rds.module.rds",
      "mode": "managed",
      "type": "random_password",
      "name": "master_password",
      "provider": "provider[\"registry.terraform.io/hashicorp/random\"]",
      "instances": [
        {
          "index_key": 0,
          "schema_version": 3,
          "attributes": {
            "bcrypt_hash": "$2a$10$ImNtkVKaNcDW8y3t7YOQx.Oz8SxshfgiwxN32rkw3g/LL7fSRDRzK",
            "id": "none",
            "keepers": null,
            "length": 10,
            "lower": true,
            "min_lower": 0,
            "min_numeric": 0,
            "min_special": 0,
            "min_upper": 0,
            "number": true,
            "numeric": true,
            "override_special": null,
            "result": "Ze9LQIWzrr",
            "special": false,
            "upper": true
          },
          "sensitive_attributes": [
            [
              {
                "type": "get_attr",
                "value": "bcrypt_hash"
              }
            ],
            [
              {
                "type": "get_attr",
                "value": "result"
              }
            ]
          ]
        }
      ]
    },
    {
      "module": "module.target_group_http",
      "mode": "managed",
      "type": "aws_lb_target_group",
      "name": "this",
      "provider": "provider[\"registry.terraform.io/hashicorp/aws\"]",
      "instances": [
        {
          "schema_version": 0,
          "attributes": {
            "arn": "arn:aws:elasticloadbalancing:eu-north-1:851725350979:targetgroup/project-intely-tg/d08e46b2da73cd1d",
            "arn_suffix": "targetgroup/project-intely-tg/d08e46b2da73cd1d",
            "connection_termination": null,
            "deregistration_delay": "300",
            "health_check": [
              {
                "enabled": true,
                "healthy_threshold": 2,
                "interval": 5,
                "matcher": "200",
                "path": "/",
                "port": "traffic-port",
                "protocol": "HTTP",
                "timeout": 3,
                "unhealthy_threshold": 10
              }
            ],
            "id": "arn:aws:elasticloadbalancing:eu-north-1:851725350979:targetgroup/project-intely-tg/d08e46b2da73cd1d",
            "ip_address_type": "ipv4",
            "lambda_multi_value_headers_enabled": false,
            "load_balancer_arns": [],
            "load_balancing_algorithm_type": "round_robin",
            "load_balancing_anomaly_mitigation": "off",
            "load_balancing_cross_zone_enabled": "use_load_balancer_configuration",
            "name": "project-intely-tg",
            "name_prefix": "",
            "port": 80,
            "preserve_client_ip": null,
            "protocol": "HTTP",
            "protocol_version": "HTTP1",
            "proxy_protocol_v2": false,
            "slow_start": 0,
            "stickiness": [
              {
                "cookie_duration": 86400,
                "cookie_name": "",
                "enabled": false,
                "type": "lb_cookie"
              }
            ],
            "tags": null,
            "tags_all": {},
            "target_failover": [
              {
                "on_deregistration": null,
                "on_unhealthy": null
              }
            ],
            "target_health_state": [
              {
                "enable_unhealthy_connection_termination": null
              }
            ],
            "target_type": "instance",
            "vpc_id": "vpc-0348dba66f6612485"
          },
          "sensitive_attributes": [],
          "private": "bnVsbA==",
          "dependencies": [
            "module.vpc.aws_vpc.this"
          ]
        }
      ]
    },
    {
      "module": "module.target_group_https",
      "mode": "managed",
      "type": "aws_lb_target_group",
      "name": "this",
      "provider": "provider[\"registry.terraform.io/hashicorp/aws\"]",
      "instances": [
        {
          "schema_version": 0,
          "attributes": {
            "arn": "arn:aws:elasticloadbalancing:eu-north-1:851725350979:targetgroup/project-intely-tg-https/19befdc239c9ada9",
            "arn_suffix": "targetgroup/project-intely-tg-https/19befdc239c9ada9",
            "connection_termination": null,
            "deregistration_delay": "300",
            "health_check": [
              {
                "enabled": true,
                "healthy_threshold": 2,
                "interval": 5,
                "matcher": "200",
                "path": "/",
                "port": "traffic-port",
                "protocol": "HTTP",
                "timeout": 3,
                "unhealthy_threshold": 10
              }
            ],
            "id": "arn:aws:elasticloadbalancing:eu-north-1:851725350979:targetgroup/project-intely-tg-https/19befdc239c9ada9",
            "ip_address_type": "ipv4",
            "lambda_multi_value_headers_enabled": false,
            "load_balancer_arns": [],
            "load_balancing_algorithm_type": "round_robin",
            "load_balancing_anomaly_mitigation": "off",
            "load_balancing_cross_zone_enabled": "use_load_balancer_configuration",
            "name": "project-intely-tg-https",
            "name_prefix": "",
            "port": 443,
            "preserve_client_ip": null,
            "protocol": "HTTPS",
            "protocol_version": "HTTP1",
            "proxy_protocol_v2": false,
            "slow_start": 0,
            "stickiness": [
              {
                "cookie_duration": 86400,
                "cookie_name": "",
                "enabled": false,
                "type": "lb_cookie"
              }
            ],
            "tags": null,
            "tags_all": {},
            "target_failover": [
              {
                "on_deregistration": null,
                "on_unhealthy": null
              }
            ],
            "target_health_state": [
              {
                "enable_unhealthy_connection_termination": null
              }
            ],
            "target_type": "instance",
            "vpc_id": "vpc-0348dba66f6612485"
          },
          "sensitive_attributes": [],
          "private": "bnVsbA==",
          "dependencies": [
            "module.vpc.aws_vpc.this"
          ]
        }
      ]
    },
    {
      "module": "module.vpc",
      "mode": "data",
      "type": "aws_route_table",
      "name": "private",
      "provider": "provider[\"registry.terraform.io/hashicorp/aws\"]",
      "instances": [
        {
          "index_key": 0,
          "schema_version": 0,
          "attributes": {
            "arn": "arn:aws:ec2:eu-north-1:851725350979:route-table/rtb-0dc16fcdfa215bbdf",
            "associations": [
              {
                "gateway_id": "",
                "main": false,
                "route_table_association_id": "rtbassoc-0132d5a3b12202772",
                "route_table_id": "rtb-0dc16fcdfa215bbdf",
                "subnet_id": "subnet-06fbba2642e938e4b"
              },
              {
                "gateway_id": "",
                "main": false,
                "route_table_association_id": "rtbassoc-08f0d56b6fd90d07b",
                "route_table_id": "rtb-0dc16fcdfa215bbdf",
                "subnet_id": "subnet-0081e7babfae5f6d9"
              },
              {
                "gateway_id": "",
                "main": false,
                "route_table_association_id": "rtbassoc-0554423097f38e776",
                "route_table_id": "rtb-0dc16fcdfa215bbdf",
                "subnet_id": "subnet-05373bc7487ba837f"
              }
            ],
            "filter": null,
            "gateway_id": null,
            "id": "rtb-0dc16fcdfa215bbdf",
            "owner_id": "851725350979",
            "route_table_id": "rtb-0dc16fcdfa215bbdf",
            "routes": [],
            "subnet_id": "subnet-06fbba2642e938e4b",
            "tags": {
              "Environment": "project_intely",
              "Terraform": "true"
            },
            "timeouts": null,
            "vpc_id": "vpc-0348dba66f6612485"
          },
          "sensitive_attributes": []
        },
        {
          "index_key": 1,
          "schema_version": 0,
          "attributes": {
            "arn": "arn:aws:ec2:eu-north-1:851725350979:route-table/rtb-0dc16fcdfa215bbdf",
            "associations": [
              {
                "gateway_id": "",
                "main": false,
                "route_table_association_id": "rtbassoc-08f0d56b6fd90d07b",
                "route_table_id": "rtb-0dc16fcdfa215bbdf",
                "subnet_id": "subnet-0081e7babfae5f6d9"
              },
              {
                "gateway_id": "",
                "main": false,
                "route_table_association_id": "rtbassoc-0554423097f38e776",
                "route_table_id": "rtb-0dc16fcdfa215bbdf",
                "subnet_id": "subnet-05373bc7487ba837f"
              },
              {
                "gateway_id": "",
                "main": false,
                "route_table_association_id": "rtbassoc-0132d5a3b12202772",
                "route_table_id": "rtb-0dc16fcdfa215bbdf",
                "subnet_id": "subnet-06fbba2642e938e4b"
              }
            ],
            "filter": null,
            "gateway_id": null,
            "id": "rtb-0dc16fcdfa215bbdf",
            "owner_id": "851725350979",
            "route_table_id": "rtb-0dc16fcdfa215bbdf",
            "routes": [],
            "subnet_id": "subnet-05373bc7487ba837f",
            "tags": {
              "Environment": "project_intely",
              "Terraform": "true"
            },
            "timeouts": null,
            "vpc_id": "vpc-0348dba66f6612485"
          },
          "sensitive_attributes": []
        },
        {
          "index_key": 2,
          "schema_version": 0,
          "attributes": {
            "arn": "arn:aws:ec2:eu-north-1:851725350979:route-table/rtb-0dc16fcdfa215bbdf",
            "associations": [
              {
                "gateway_id": "",
                "main": false,
                "route_table_association_id": "rtbassoc-08f0d56b6fd90d07b",
                "route_table_id": "rtb-0dc16fcdfa215bbdf",
                "subnet_id": "subnet-0081e7babfae5f6d9"
              },
              {
                "gateway_id": "",
                "main": false,
                "route_table_association_id": "rtbassoc-0554423097f38e776",
                "route_table_id": "rtb-0dc16fcdfa215bbdf",
                "subnet_id": "subnet-05373bc7487ba837f"
              },
              {
                "gateway_id": "",
                "main": false,
                "route_table_association_id": "rtbassoc-0132d5a3b12202772",
                "route_table_id": "rtb-0dc16fcdfa215bbdf",
                "subnet_id": "subnet-06fbba2642e938e4b"
              }
            ],
            "filter": null,
            "gateway_id": null,
            "id": "rtb-0dc16fcdfa215bbdf",
            "owner_id": "851725350979",
            "route_table_id": "rtb-0dc16fcdfa215bbdf",
            "routes": [],
            "subnet_id": "subnet-0081e7babfae5f6d9",
            "tags": {
              "Environment": "project_intely",
              "Terraform": "true"
            },
            "timeouts": null,
            "vpc_id": "vpc-0348dba66f6612485"
          },
          "sensitive_attributes": []
        }
      ]
    },
    {
      "module": "module.vpc",
      "mode": "managed",
      "type": "aws_default_route_table",
      "name": "private",
      "provider": "provider[\"registry.terraform.io/hashicorp/aws\"]",
      "instances": [
        {
          "schema_version": 0,
          "attributes": {
            "arn": "arn:aws:ec2:eu-north-1:851725350979:route-table/rtb-051993444f81b9068",
            "default_route_table_id": "rtb-051993444f81b9068",
            "id": "rtb-051993444f81b9068",
            "owner_id": "851725350979",
            "propagating_vgws": null,
            "route": [],
            "tags": {
              "Environment": "project_intely",
              "Terraform": "true"
            },
            "tags_all": {
              "Environment": "project_intely",
              "Terraform": "true"
            },
            "timeouts": null,
            "vpc_id": "vpc-0348dba66f6612485"
          },
          "sensitive_attributes": [],
          "private": "eyJlMmJmYjczMC1lY2FhLTExZTYtOGY4OC0zNDM2M2JjN2M0YzAiOnsiY3JlYXRlIjoxMjAwMDAwMDAwMDAsInVwZGF0ZSI6MTIwMDAwMDAwMDAwfX0=",
          "dependencies": [
            "module.vpc.aws_vpc.this"
          ]
        }
      ]
    },
    {
      "module": "module.vpc",
      "mode": "managed",
      "type": "aws_eip",
      "name": "nat",
      "provider": "provider[\"registry.terraform.io/hashicorp/aws\"]",
      "instances": [
        {
          "index_key": 0,
          "schema_version": 0,
          "attributes": {
            "address": null,
            "allocation_id": "eipalloc-0576c65f17cf5bc0f",
            "arn": "arn:aws:ec2:eu-north-1:851725350979:elastic-ip/eipalloc-0576c65f17cf5bc0f",
            "associate_with_private_ip": null,
            "association_id": "",
            "carrier_ip": "",
            "customer_owned_ip": "",
            "customer_owned_ipv4_pool": "",
            "domain": "vpc",
            "id": "eipalloc-0576c65f17cf5bc0f",
            "instance": "",
            "network_border_group": "eu-north-1",
            "network_interface": "",
            "private_dns": null,
            "private_ip": "",
            "ptr_record": "",
            "public_dns": "ec2-13-48-109-144.eu-north-1.compute.amazonaws.com",
            "public_ip": "13.48.109.144",
            "public_ipv4_pool": "amazon",
            "tags": {
              "Environment": "project_intely",
              "Terraform": "true"
            },
            "tags_all": {
              "Environment": "project_intely",
              "Terraform": "true"
            },
            "timeouts": null,
            "vpc": true
          },
          "sensitive_attributes": [],
          "private": "eyJlMmJmYjczMC1lY2FhLTExZTYtOGY4OC0zNDM2M2JjN2M0YzAiOnsiZGVsZXRlIjoxODAwMDAwMDAwMDAsInJlYWQiOjkwMDAwMDAwMDAwMCwidXBkYXRlIjozMDAwMDAwMDAwMDB9fQ=="
        },
        {
          "index_key": 1,
          "schema_version": 0,
          "attributes": {
            "address": null,
            "allocation_id": "eipalloc-06bfd851b26a08a87",
            "arn": "arn:aws:ec2:eu-north-1:851725350979:elastic-ip/eipalloc-06bfd851b26a08a87",
            "associate_with_private_ip": null,
            "association_id": "",
            "carrier_ip": "",
            "customer_owned_ip": "",
            "customer_owned_ipv4_pool": "",
            "domain": "vpc",
            "id": "eipalloc-06bfd851b26a08a87",
            "instance": "",
            "network_border_group": "eu-north-1",
            "network_interface": "",
            "private_dns": null,
            "private_ip": "",
            "ptr_record": "",
            "public_dns": "ec2-51-21-61-56.eu-north-1.compute.amazonaws.com",
            "public_ip": "51.21.61.56",
            "public_ipv4_pool": "amazon",
            "tags": {
              "Environment": "project_intely",
              "Terraform": "true"
            },
            "tags_all": {
              "Environment": "project_intely",
              "Terraform": "true"
            },
            "timeouts": null,
            "vpc": true
          },
          "sensitive_attributes": [],
          "private": "eyJlMmJmYjczMC1lY2FhLTExZTYtOGY4OC0zNDM2M2JjN2M0YzAiOnsiZGVsZXRlIjoxODAwMDAwMDAwMDAsInJlYWQiOjkwMDAwMDAwMDAwMCwidXBkYXRlIjozMDAwMDAwMDAwMDB9fQ=="
        },
        {
          "index_key": 2,
          "schema_version": 0,
          "attributes": {
            "address": null,
            "allocation_id": "eipalloc-03708bc5faa59fb5c",
            "arn": "arn:aws:ec2:eu-north-1:851725350979:elastic-ip/eipalloc-03708bc5faa59fb5c",
            "associate_with_private_ip": null,
            "association_id": "",
            "carrier_ip": "",
            "customer_owned_ip": "",
            "customer_owned_ipv4_pool": "",
            "domain": "vpc",
            "id": "eipalloc-03708bc5faa59fb5c",
            "instance": "",
            "network_border_group": "eu-north-1",
            "network_interface": "",
            "private_dns": null,
            "private_ip": "",
            "ptr_record": "",
            "public_dns": "ec2-16-170-2-167.eu-north-1.compute.amazonaws.com",
            "public_ip": "16.170.2.167",
            "public_ipv4_pool": "amazon",
            "tags": {
              "Environment": "project_intely",
              "Terraform": "true"
            },
            "tags_all": {
              "Environment": "project_intely",
              "Terraform": "true"
            },
            "timeouts": null,
            "vpc": true
          },
          "sensitive_attributes": [],
          "private": "eyJlMmJmYjczMC1lY2FhLTExZTYtOGY4OC0zNDM2M2JjN2M0YzAiOnsiZGVsZXRlIjoxODAwMDAwMDAwMDAsInJlYWQiOjkwMDAwMDAwMDAwMCwidXBkYXRlIjozMDAwMDAwMDAwMDB9fQ=="
        }
      ]
    },
    {
      "module": "module.vpc",
      "mode": "managed",
      "type": "aws_internet_gateway",
      "name": "this",
      "provider": "provider[\"registry.terraform.io/hashicorp/aws\"]",
      "instances": [
        {
          "schema_version": 0,
          "attributes": {
            "arn": "arn:aws:ec2:eu-north-1:851725350979:internet-gateway/igw-0288f4db70ceb1c07",
            "id": "igw-0288f4db70ceb1c07",
            "owner_id": "851725350979",
            "tags": {
              "Environment": "project_intely",
              "Terraform": "true"
            },
            "tags_all": {
              "Environment": "project_intely",
              "Terraform": "true"
            },
            "timeouts": null,
            "vpc_id": "vpc-0348dba66f6612485"
          },
          "sensitive_attributes": [],
          "private": "eyJlMmJmYjczMC1lY2FhLTExZTYtOGY4OC0zNDM2M2JjN2M0YzAiOnsiY3JlYXRlIjoxMjAwMDAwMDAwMDAwLCJkZWxldGUiOjEyMDAwMDAwMDAwMDAsInVwZGF0ZSI6MTIwMDAwMDAwMDAwMH19",
          "dependencies": [
            "module.vpc.aws_vpc.this"
          ]
        }
      ]
    },
    {
      "module": "module.vpc",
      "mode": "managed",
      "type": "aws_nat_gateway",
      "name": "this",
      "provider": "provider[\"registry.terraform.io/hashicorp/aws\"]",
      "instances": [
        {
          "index_key": 0,
          "schema_version": 0,
          "attributes": {
            "allocation_id": "eipalloc-0576c65f17cf5bc0f",
            "association_id": "eipassoc-082615b2b22699815",
            "connectivity_type": "public",
            "id": "nat-0dfa4b71d2b08c263",
            "network_interface_id": "eni-00805cadc7c984c41",
            "private_ip": "10.0.1.16",
            "public_ip": "13.48.109.144",
            "secondary_allocation_ids": null,
            "secondary_private_ip_address_count": 0,
            "secondary_private_ip_addresses": [],
            "subnet_id": "subnet-0bd763362a697759f",
            "tags": {
              "Environment": "project_intely",
              "Terraform": "true"
            },
            "tags_all": {
              "Environment": "project_intely",
              "Terraform": "true"
            },
            "timeouts": null
          },
          "sensitive_attributes": [],
          "private": "eyJlMmJmYjczMC1lY2FhLTExZTYtOGY4OC0zNDM2M2JjN2M0YzAiOnsiY3JlYXRlIjo2MDAwMDAwMDAwMDAsImRlbGV0ZSI6MTgwMDAwMDAwMDAwMCwidXBkYXRlIjo2MDAwMDAwMDAwMDB9fQ==",
          "dependencies": [
            "module.vpc.aws_eip.nat",
            "module.vpc.aws_subnet.public",
            "module.vpc.aws_vpc.this"
          ]
        },
        {
          "index_key": 1,
          "schema_version": 0,
          "attributes": {
            "allocation_id": "eipalloc-06bfd851b26a08a87",
            "association_id": "eipassoc-037b37ac6acad2f36",
            "connectivity_type": "public",
            "id": "nat-0a42f4de3d835b7c4",
            "network_interface_id": "eni-0e7d53291248255ba",
            "private_ip": "10.0.2.41",
            "public_ip": "51.21.61.56",
            "secondary_allocation_ids": null,
            "secondary_private_ip_address_count": 0,
            "secondary_private_ip_addresses": [],
            "subnet_id": "subnet-00622fc7f0b8f9b26",
            "tags": {
              "Environment": "project_intely",
              "Terraform": "true"
            },
            "tags_all": {
              "Environment": "project_intely",
              "Terraform": "true"
            },
            "timeouts": null
          },
          "sensitive_attributes": [],
          "private": "eyJlMmJmYjczMC1lY2FhLTExZTYtOGY4OC0zNDM2M2JjN2M0YzAiOnsiY3JlYXRlIjo2MDAwMDAwMDAwMDAsImRlbGV0ZSI6MTgwMDAwMDAwMDAwMCwidXBkYXRlIjo2MDAwMDAwMDAwMDB9fQ==",
          "dependencies": [
            "module.vpc.aws_eip.nat",
            "module.vpc.aws_subnet.public",
            "module.vpc.aws_vpc.this"
          ]
        },
        {
          "index_key": 2,
          "schema_version": 0,
          "attributes": {
            "allocation_id": "eipalloc-03708bc5faa59fb5c",
            "association_id": "eipassoc-01f902d44a06ae00c",
            "connectivity_type": "public",
            "id": "nat-01a04abb54ef2166f",
            "network_interface_id": "eni-0faf42e061b1bbe7a",
            "private_ip": "10.0.3.28",
            "public_ip": "16.170.2.167",
            "secondary_allocation_ids": null,
            "secondary_private_ip_address_count": 0,
            "secondary_private_ip_addresses": [],
            "subnet_id": "subnet-069ccde6425887c4e",
            "tags": {
              "Environment": "project_intely",
              "Terraform": "true"
            },
            "tags_all": {
              "Environment": "project_intely",
              "Terraform": "true"
            },
            "timeouts": null
          },
          "sensitive_attributes": [],
          "private": "eyJlMmJmYjczMC1lY2FhLTExZTYtOGY4OC0zNDM2M2JjN2M0YzAiOnsiY3JlYXRlIjo2MDAwMDAwMDAwMDAsImRlbGV0ZSI6MTgwMDAwMDAwMDAwMCwidXBkYXRlIjo2MDAwMDAwMDAwMDB9fQ==",
          "dependencies": [
            "module.vpc.aws_eip.nat",
            "module.vpc.aws_subnet.public",
            "module.vpc.aws_vpc.this"
          ]
        }
      ]
    },
    {
      "module": "module.vpc",
      "mode": "managed",
      "type": "aws_route",
      "name": "private",
      "provider": "provider[\"registry.terraform.io/hashicorp/aws\"]",
      "instances": [
        {
          "schema_version": 0,
          "attributes": {
            "carrier_gateway_id": "",
            "core_network_arn": "",
            "destination_cidr_block": "0.0.0.0/0",
            "destination_ipv6_cidr_block": "",
            "destination_prefix_list_id": "",
            "egress_only_gateway_id": "",
            "gateway_id": "",
            "id": "r-rtb-051993444f81b90681080289494",
            "instance_id": "",
            "instance_owner_id": "",
            "local_gateway_id": "",
            "nat_gateway_id": "nat-0dfa4b71d2b08c263",
            "network_interface_id": "",
            "origin": "CreateRoute",
            "route_table_id": "rtb-051993444f81b9068",
            "state": "active",
            "timeouts": null,
            "transit_gateway_id": "",
            "vpc_endpoint_id": "",
            "vpc_peering_connection_id": ""
          },
          "sensitive_attributes": [],
          "private": "eyJlMmJmYjczMC1lY2FhLTExZTYtOGY4OC0zNDM2M2JjN2M0YzAiOnsiY3JlYXRlIjozMDAwMDAwMDAwMDAsImRlbGV0ZSI6MzAwMDAwMDAwMDAwLCJ1cGRhdGUiOjEyMDAwMDAwMDAwMH19",
          "dependencies": [
            "module.vpc.aws_default_route_table.private",
            "module.vpc.aws_eip.nat",
            "module.vpc.aws_nat_gateway.this",
            "module.vpc.aws_subnet.public",
            "module.vpc.aws_vpc.this"
          ]
        }
      ]
    },
    {
      "module": "module.vpc",
      "mode": "managed",
      "type": "aws_route",
      "name": "public",
      "provider": "provider[\"registry.terraform.io/hashicorp/aws\"]",
      "instances": [
        {
          "schema_version": 0,
          "attributes": {
            "carrier_gateway_id": "",
            "core_network_arn": "",
            "destination_cidr_block": "0.0.0.0/0",
            "destination_ipv6_cidr_block": "",
            "destination_prefix_list_id": "",
            "egress_only_gateway_id": "",
            "gateway_id": "igw-0288f4db70ceb1c07",
            "id": "r-rtb-06b8477726e8732b21080289494",
            "instance_id": "",
            "instance_owner_id": "",
            "local_gateway_id": "",
            "nat_gateway_id": "",
            "network_interface_id": "",
            "origin": "CreateRoute",
            "route_table_id": "rtb-06b8477726e8732b2",
            "state": "active",
            "timeouts": null,
            "transit_gateway_id": "",
            "vpc_endpoint_id": "",
            "vpc_peering_connection_id": ""
          },
          "sensitive_attributes": [],
          "private": "eyJlMmJmYjczMC1lY2FhLTExZTYtOGY4OC0zNDM2M2JjN2M0YzAiOnsiY3JlYXRlIjozMDAwMDAwMDAwMDAsImRlbGV0ZSI6MzAwMDAwMDAwMDAwLCJ1cGRhdGUiOjEyMDAwMDAwMDAwMH19",
          "dependencies": [
            "module.vpc.aws_internet_gateway.this",
            "module.vpc.aws_route_table.public",
            "module.vpc.aws_vpc.this"
          ]
        }
      ]
    },
    {
      "module": "module.vpc",
      "mode": "managed",
      "type": "aws_route_table",
      "name": "private",
      "provider": "provider[\"registry.terraform.io/hashicorp/aws\"]",
      "instances": [
        {
          "schema_version": 0,
          "attributes": {
            "arn": "arn:aws:ec2:eu-north-1:851725350979:route-table/rtb-0dc16fcdfa215bbdf",
            "id": "rtb-0dc16fcdfa215bbdf",
            "owner_id": "851725350979",
            "propagating_vgws": [],
            "route": [],
            "tags": {
              "Environment": "project_intely",
              "Terraform": "true"
            },
            "tags_all": {
              "Environment": "project_intely",
              "Terraform": "true"
            },
            "timeouts": null,
            "vpc_id": "vpc-0348dba66f6612485"
          },
          "sensitive_attributes": [],
          "private": "eyJlMmJmYjczMC1lY2FhLTExZTYtOGY4OC0zNDM2M2JjN2M0YzAiOnsiY3JlYXRlIjozMDAwMDAwMDAwMDAsImRlbGV0ZSI6MzAwMDAwMDAwMDAwLCJ1cGRhdGUiOjEyMDAwMDAwMDAwMH19",
          "dependencies": [
            "module.vpc.aws_vpc.this"
          ]
        }
      ]
    },
    {
      "module": "module.vpc",
      "mode": "managed",
      "type": "aws_route_table",
      "name": "public",
      "provider": "provider[\"registry.terraform.io/hashicorp/aws\"]",
      "instances": [
        {
          "schema_version": 0,
          "attributes": {
            "arn": "arn:aws:ec2:eu-north-1:851725350979:route-table/rtb-06b8477726e8732b2",
            "id": "rtb-06b8477726e8732b2",
            "owner_id": "851725350979",
            "propagating_vgws": [],
            "route": [],
            "tags": {
              "Environment": "project_intely",
              "Terraform": "true"
            },
            "tags_all": {
              "Environment": "project_intely",
              "Terraform": "true"
            },
            "timeouts": null,
            "vpc_id": "vpc-0348dba66f6612485"
          },
          "sensitive_attributes": [],
          "private": "eyJlMmJmYjczMC1lY2FhLTExZTYtOGY4OC0zNDM2M2JjN2M0YzAiOnsiY3JlYXRlIjozMDAwMDAwMDAwMDAsImRlbGV0ZSI6MzAwMDAwMDAwMDAwLCJ1cGRhdGUiOjEyMDAwMDAwMDAwMH19",
          "dependencies": [
            "module.vpc.aws_vpc.this"
          ]
        }
      ]
    },
    {
      "module": "module.vpc",
      "mode": "managed",
      "type": "aws_route_table_association",
      "name": "private",
      "provider": "provider[\"registry.terraform.io/hashicorp/aws\"]",
      "instances": [
        {
          "index_key": 0,
          "schema_version": 0,
          "attributes": {
            "gateway_id": "",
            "id": "rtbassoc-0132d5a3b12202772",
            "route_table_id": "rtb-0dc16fcdfa215bbdf",
            "subnet_id": "subnet-06fbba2642e938e4b",
            "timeouts": null
          },
          "sensitive_attributes": [],
          "private": "eyJlMmJmYjczMC1lY2FhLTExZTYtOGY4OC0zNDM2M2JjN2M0YzAiOnsiY3JlYXRlIjozMDAwMDAwMDAwMDAsImRlbGV0ZSI6MzAwMDAwMDAwMDAwLCJ1cGRhdGUiOjEyMDAwMDAwMDAwMH19",
          "dependencies": [
            "module.vpc.aws_route_table.private",
            "module.vpc.aws_subnet.private",
            "module.vpc.aws_vpc.this"
          ]
        },
        {
          "index_key": 1,
          "schema_version": 0,
          "attributes": {
            "gateway_id": "",
            "id": "rtbassoc-0554423097f38e776",
            "route_table_id": "rtb-0dc16fcdfa215bbdf",
            "subnet_id": "subnet-05373bc7487ba837f",
            "timeouts": null
          },
          "sensitive_attributes": [],
          "private": "eyJlMmJmYjczMC1lY2FhLTExZTYtOGY4OC0zNDM2M2JjN2M0YzAiOnsiY3JlYXRlIjozMDAwMDAwMDAwMDAsImRlbGV0ZSI6MzAwMDAwMDAwMDAwLCJ1cGRhdGUiOjEyMDAwMDAwMDAwMH19",
          "dependencies": [
            "module.vpc.aws_route_table.private",
            "module.vpc.aws_subnet.private",
            "module.vpc.aws_vpc.this"
          ]
        },
        {
          "index_key": 2,
          "schema_version": 0,
          "attributes": {
            "gateway_id": "",
            "id": "rtbassoc-08f0d56b6fd90d07b",
            "route_table_id": "rtb-0dc16fcdfa215bbdf",
            "subnet_id": "subnet-0081e7babfae5f6d9",
            "timeouts": null
          },
          "sensitive_attributes": [],
          "private": "eyJlMmJmYjczMC1lY2FhLTExZTYtOGY4OC0zNDM2M2JjN2M0YzAiOnsiY3JlYXRlIjozMDAwMDAwMDAwMDAsImRlbGV0ZSI6MzAwMDAwMDAwMDAwLCJ1cGRhdGUiOjEyMDAwMDAwMDAwMH19",
          "dependencies": [
            "module.vpc.aws_route_table.private",
            "module.vpc.aws_subnet.private",
            "module.vpc.aws_vpc.this"
          ]
        }
      ]
    },
    {
      "module": "module.vpc",
      "mode": "managed",
      "type": "aws_route_table_association",
      "name": "public",
      "provider": "provider[\"registry.terraform.io/hashicorp/aws\"]",
      "instances": [
        {
          "index_key": 0,
          "schema_version": 0,
          "attributes": {
            "gateway_id": "",
            "id": "rtbassoc-020a4447098a47a5c",
            "route_table_id": "rtb-06b8477726e8732b2",
            "subnet_id": "subnet-0bd763362a697759f",
            "timeouts": null
          },
          "sensitive_attributes": [],
          "private": "eyJlMmJmYjczMC1lY2FhLTExZTYtOGY4OC0zNDM2M2JjN2M0YzAiOnsiY3JlYXRlIjozMDAwMDAwMDAwMDAsImRlbGV0ZSI6MzAwMDAwMDAwMDAwLCJ1cGRhdGUiOjEyMDAwMDAwMDAwMH19",
          "dependencies": [
            "module.vpc.aws_route_table.public",
            "module.vpc.aws_subnet.public",
            "module.vpc.aws_vpc.this"
          ]
        },
        {
          "index_key": 1,
          "schema_version": 0,
          "attributes": {
            "gateway_id": "",
            "id": "rtbassoc-0b414f4ee4d458171",
            "route_table_id": "rtb-06b8477726e8732b2",
            "subnet_id": "subnet-00622fc7f0b8f9b26",
            "timeouts": null
          },
          "sensitive_attributes": [],
          "private": "eyJlMmJmYjczMC1lY2FhLTExZTYtOGY4OC0zNDM2M2JjN2M0YzAiOnsiY3JlYXRlIjozMDAwMDAwMDAwMDAsImRlbGV0ZSI6MzAwMDAwMDAwMDAwLCJ1cGRhdGUiOjEyMDAwMDAwMDAwMH19",
          "dependencies": [
            "module.vpc.aws_route_table.public",
            "module.vpc.aws_subnet.public",
            "module.vpc.aws_vpc.this"
          ]
        },
        {
          "index_key": 2,
          "schema_version": 0,
          "attributes": {
            "gateway_id": "",
            "id": "rtbassoc-0d46c2cc29f6e4714",
            "route_table_id": "rtb-06b8477726e8732b2",
            "subnet_id": "subnet-069ccde6425887c4e",
            "timeouts": null
          },
          "sensitive_attributes": [],
          "private": "eyJlMmJmYjczMC1lY2FhLTExZTYtOGY4OC0zNDM2M2JjN2M0YzAiOnsiY3JlYXRlIjozMDAwMDAwMDAwMDAsImRlbGV0ZSI6MzAwMDAwMDAwMDAwLCJ1cGRhdGUiOjEyMDAwMDAwMDAwMH19",
          "dependencies": [
            "module.vpc.aws_route_table.public",
            "module.vpc.aws_subnet.public",
            "module.vpc.aws_vpc.this"
          ]
        }
      ]
    },
    {
      "module": "module.vpc",
      "mode": "managed",
      "type": "aws_subnet",
      "name": "private",
      "provider": "provider[\"registry.terraform.io/hashicorp/aws\"]",
      "instances": [
        {
          "index_key": 0,
          "schema_version": 1,
          "attributes": {
            "arn": "arn:aws:ec2:eu-north-1:851725350979:subnet/subnet-06fbba2642e938e4b",
            "assign_ipv6_address_on_creation": false,
            "availability_zone": "eu-north-1b",
            "availability_zone_id": "eun1-az2",
            "cidr_block": "10.0.10.0/24",
            "customer_owned_ipv4_pool": "",
            "enable_dns64": false,
            "enable_lni_at_device_index": 0,
            "enable_resource_name_dns_a_record_on_launch": false,
            "enable_resource_name_dns_aaaa_record_on_launch": false,
            "id": "subnet-06fbba2642e938e4b",
            "ipv6_cidr_block": "",
            "ipv6_cidr_block_association_id": "",
            "ipv6_native": false,
            "map_customer_owned_ip_on_launch": false,
            "map_public_ip_on_launch": false,
            "outpost_arn": "",
            "owner_id": "851725350979",
            "private_dns_hostname_type_on_launch": "ip-name",
            "tags": {
              "Environment": "project_intely",
              "Terraform": "true"
            },
            "tags_all": {
              "Environment": "project_intely",
              "Terraform": "true"
            },
            "timeouts": null,
            "vpc_id": "vpc-0348dba66f6612485"
          },
          "sensitive_attributes": [],
          "private": "eyJlMmJmYjczMC1lY2FhLTExZTYtOGY4OC0zNDM2M2JjN2M0YzAiOnsiY3JlYXRlIjo2MDAwMDAwMDAwMDAsImRlbGV0ZSI6MTIwMDAwMDAwMDAwMH0sInNjaGVtYV92ZXJzaW9uIjoiMSJ9",
          "dependencies": [
            "module.vpc.aws_vpc.this"
          ]
        },
        {
          "index_key": 1,
          "schema_version": 1,
          "attributes": {
            "arn": "arn:aws:ec2:eu-north-1:851725350979:subnet/subnet-05373bc7487ba837f",
            "assign_ipv6_address_on_creation": false,
            "availability_zone": "eu-north-1c",
            "availability_zone_id": "eun1-az3",
            "cidr_block": "10.0.20.0/24",
            "customer_owned_ipv4_pool": "",
            "enable_dns64": false,
            "enable_lni_at_device_index": 0,
            "enable_resource_name_dns_a_record_on_launch": false,
            "enable_resource_name_dns_aaaa_record_on_launch": false,
            "id": "subnet-05373bc7487ba837f",
            "ipv6_cidr_block": "",
            "ipv6_cidr_block_association_id": "",
            "ipv6_native": false,
            "map_customer_owned_ip_on_launch": false,
            "map_public_ip_on_launch": false,
            "outpost_arn": "",
            "owner_id": "851725350979",
            "private_dns_hostname_type_on_launch": "ip-name",
            "tags": {
              "Environment": "project_intely",
              "Terraform": "true"
            },
            "tags_all": {
              "Environment": "project_intely",
              "Terraform": "true"
            },
            "timeouts": null,
            "vpc_id": "vpc-0348dba66f6612485"
          },
          "sensitive_attributes": [],
          "private": "eyJlMmJmYjczMC1lY2FhLTExZTYtOGY4OC0zNDM2M2JjN2M0YzAiOnsiY3JlYXRlIjo2MDAwMDAwMDAwMDAsImRlbGV0ZSI6MTIwMDAwMDAwMDAwMH0sInNjaGVtYV92ZXJzaW9uIjoiMSJ9",
          "dependencies": [
            "module.vpc.aws_vpc.this"
          ]
        },
        {
          "index_key": 2,
          "schema_version": 1,
          "attributes": {
            "arn": "arn:aws:ec2:eu-north-1:851725350979:subnet/subnet-0081e7babfae5f6d9",
            "assign_ipv6_address_on_creation": false,
            "availability_zone": "eu-north-1b",
            "availability_zone_id": "eun1-az2",
            "cidr_block": "10.0.30.0/24",
            "customer_owned_ipv4_pool": "",
            "enable_dns64": false,
            "enable_lni_at_device_index": 0,
            "enable_resource_name_dns_a_record_on_launch": false,
            "enable_resource_name_dns_aaaa_record_on_launch": false,
            "id": "subnet-0081e7babfae5f6d9",
            "ipv6_cidr_block": "",
            "ipv6_cidr_block_association_id": "",
            "ipv6_native": false,
            "map_customer_owned_ip_on_launch": false,
            "map_public_ip_on_launch": false,
            "outpost_arn": "",
            "owner_id": "851725350979",
            "private_dns_hostname_type_on_launch": "ip-name",
            "tags": {
              "Environment": "project_intely",
              "Terraform": "true"
            },
            "tags_all": {
              "Environment": "project_intely",
              "Terraform": "true"
            },
            "timeouts": null,
            "vpc_id": "vpc-0348dba66f6612485"
          },
          "sensitive_attributes": [],
          "private": "eyJlMmJmYjczMC1lY2FhLTExZTYtOGY4OC0zNDM2M2JjN2M0YzAiOnsiY3JlYXRlIjo2MDAwMDAwMDAwMDAsImRlbGV0ZSI6MTIwMDAwMDAwMDAwMH0sInNjaGVtYV92ZXJzaW9uIjoiMSJ9",
          "dependencies": [
            "module.vpc.aws_vpc.this"
          ]
        }
      ]
    },
    {
      "module": "module.vpc",
      "mode": "managed",
      "type": "aws_subnet",
      "name": "public",
      "provider": "provider[\"registry.terraform.io/hashicorp/aws\"]",
      "instances": [
        {
          "index_key": 0,
          "schema_version": 1,
          "attributes": {
            "arn": "arn:aws:ec2:eu-north-1:851725350979:subnet/subnet-0bd763362a697759f",
            "assign_ipv6_address_on_creation": false,
            "availability_zone": "eu-north-1a",
            "availability_zone_id": "eun1-az1",
            "cidr_block": "10.0.1.0/24",
            "customer_owned_ipv4_pool": "",
            "enable_dns64": false,
            "enable_lni_at_device_index": 0,
            "enable_resource_name_dns_a_record_on_launch": false,
            "enable_resource_name_dns_aaaa_record_on_launch": false,
            "id": "subnet-0bd763362a697759f",
            "ipv6_cidr_block": "",
            "ipv6_cidr_block_association_id": "",
            "ipv6_native": false,
            "map_customer_owned_ip_on_launch": false,
            "map_public_ip_on_launch": true,
            "outpost_arn": "",
            "owner_id": "851725350979",
            "private_dns_hostname_type_on_launch": "ip-name",
            "tags": {
              "Environment": "project_intely",
              "Terraform": "true"
            },
            "tags_all": {
              "Environment": "project_intely",
              "Terraform": "true"
            },
            "timeouts": null,
            "vpc_id": "vpc-0348dba66f6612485"
          },
          "sensitive_attributes": [],
          "private": "eyJlMmJmYjczMC1lY2FhLTExZTYtOGY4OC0zNDM2M2JjN2M0YzAiOnsiY3JlYXRlIjo2MDAwMDAwMDAwMDAsImRlbGV0ZSI6MTIwMDAwMDAwMDAwMH0sInNjaGVtYV92ZXJzaW9uIjoiMSJ9",
          "dependencies": [
            "module.vpc.aws_vpc.this"
          ]
        },
        {
          "index_key": 1,
          "schema_version": 1,
          "attributes": {
            "arn": "arn:aws:ec2:eu-north-1:851725350979:subnet/subnet-00622fc7f0b8f9b26",
            "assign_ipv6_address_on_creation": false,
            "availability_zone": "eu-north-1b",
            "availability_zone_id": "eun1-az2",
            "cidr_block": "10.0.2.0/24",
            "customer_owned_ipv4_pool": "",
            "enable_dns64": false,
            "enable_lni_at_device_index": 0,
            "enable_resource_name_dns_a_record_on_launch": false,
            "enable_resource_name_dns_aaaa_record_on_launch": false,
            "id": "subnet-00622fc7f0b8f9b26",
            "ipv6_cidr_block": "",
            "ipv6_cidr_block_association_id": "",
            "ipv6_native": false,
            "map_customer_owned_ip_on_launch": false,
            "map_public_ip_on_launch": true,
            "outpost_arn": "",
            "owner_id": "851725350979",
            "private_dns_hostname_type_on_launch": "ip-name",
            "tags": {
              "Environment": "project_intely",
              "Terraform": "true"
            },
            "tags_all": {
              "Environment": "project_intely",
              "Terraform": "true"
            },
            "timeouts": null,
            "vpc_id": "vpc-0348dba66f6612485"
          },
          "sensitive_attributes": [],
          "private": "eyJlMmJmYjczMC1lY2FhLTExZTYtOGY4OC0zNDM2M2JjN2M0YzAiOnsiY3JlYXRlIjo2MDAwMDAwMDAwMDAsImRlbGV0ZSI6MTIwMDAwMDAwMDAwMH0sInNjaGVtYV92ZXJzaW9uIjoiMSJ9",
          "dependencies": [
            "module.vpc.aws_vpc.this"
          ]
        },
        {
          "index_key": 2,
          "schema_version": 1,
          "attributes": {
            "arn": "arn:aws:ec2:eu-north-1:851725350979:subnet/subnet-069ccde6425887c4e",
            "assign_ipv6_address_on_creation": false,
            "availability_zone": "eu-north-1c",
            "availability_zone_id": "eun1-az3",
            "cidr_block": "10.0.3.0/24",
            "customer_owned_ipv4_pool": "",
            "enable_dns64": false,
            "enable_lni_at_device_index": 0,
            "enable_resource_name_dns_a_record_on_launch": false,
            "enable_resource_name_dns_aaaa_record_on_launch": false,
            "id": "subnet-069ccde6425887c4e",
            "ipv6_cidr_block": "",
            "ipv6_cidr_block_association_id": "",
            "ipv6_native": false,
            "map_customer_owned_ip_on_launch": false,
            "map_public_ip_on_launch": true,
            "outpost_arn": "",
            "owner_id": "851725350979",
            "private_dns_hostname_type_on_launch": "ip-name",
            "tags": {
              "Environment": "project_intely",
              "Terraform": "true"
            },
            "tags_all": {
              "Environment": "project_intely",
              "Terraform": "true"
            },
            "timeouts": null,
            "vpc_id": "vpc-0348dba66f6612485"
          },
          "sensitive_attributes": [],
          "private": "eyJlMmJmYjczMC1lY2FhLTExZTYtOGY4OC0zNDM2M2JjN2M0YzAiOnsiY3JlYXRlIjo2MDAwMDAwMDAwMDAsImRlbGV0ZSI6MTIwMDAwMDAwMDAwMH0sInNjaGVtYV92ZXJzaW9uIjoiMSJ9",
          "dependencies": [
            "module.vpc.aws_vpc.this"
          ]
        }
      ]
    },
    {
      "module": "module.vpc",
      "mode": "managed",
      "type": "aws_vpc",
      "name": "this",
      "provider": "provider[\"registry.terraform.io/hashicorp/aws\"]",
      "instances": [
        {
          "schema_version": 1,
          "attributes": {
            "arn": "arn:aws:ec2:eu-north-1:851725350979:vpc/vpc-0348dba66f6612485",
            "assign_generated_ipv6_cidr_block": false,
            "cidr_block": "10.0.0.0/16",
            "default_network_acl_id": "acl-034128cf91c474f22",
            "default_route_table_id": "rtb-051993444f81b9068",
            "default_security_group_id": "sg-05fa05a729f16ffe6",
            "dhcp_options_id": "dopt-01fd146d2877d5712",
            "enable_dns_hostnames": false,
            "enable_dns_support": true,
            "enable_network_address_usage_metrics": false,
            "id": "vpc-0348dba66f6612485",
            "instance_tenancy": "default",
            "ipv4_ipam_pool_id": null,
            "ipv4_netmask_length": null,
            "ipv6_association_id": "",
            "ipv6_cidr_block": "",
            "ipv6_cidr_block_network_border_group": "",
            "ipv6_ipam_pool_id": "",
            "ipv6_netmask_length": 0,
            "main_route_table_id": "rtb-051993444f81b9068",
            "owner_id": "851725350979",
            "tags": {
              "Environment": "project_intely",
              "Terraform": "true"
            },
            "tags_all": {
              "Environment": "project_intely",
              "Terraform": "true"
            }
          },
          "sensitive_attributes": [],
          "private": "eyJzY2hlbWFfdmVyc2lvbiI6IjEifQ==",
          "create_before_destroy": true
        }
      ]
    }
  ],
  "check_results": null
}
