{
  "version": 4,
  "terraform_version": "1.8.4",
  "serial": 763,
  "lineage": "304f9756-07b2-b313-f960-b2e96ecc24a8",
  "outputs": {
    "alb_dns_name": {
      "value": "project-intely-alb-1120768713.eu-north-1.elb.amazonaws.com",
      "type": "string"
    },
    "launch_template_id": {
      "value": "lt-042e5009bfcf2bfbe",
      "type": "string"
    },
    "launch_template_version": {
      "value": 1,
      "type": "number"
    }
  },
  "resources": [
    {
      "mode": "managed",
      "type": "aws_security_group",
      "name": "rds_sg",
      "provider": "provider[\"registry.terraform.io/hashicorp/aws\"]",
      "instances": [
        {
          "schema_version": 1,
          "attributes": {
            "arn": "arn:aws:ec2:eu-north-1:851725350979:security-group/sg-0da85a2d7889b74a3",
            "description": "Security group for RDS instances",
            "egress": [
              {
                "cidr_blocks": [
                  "0.0.0.0/0"
                ],
                "description": "",
                "from_port": 0,
                "ipv6_cidr_blocks": [],
                "prefix_list_ids": [],
                "protocol": "-1",
                "security_groups": [],
                "self": false,
                "to_port": 0
              }
            ],
            "id": "sg-0da85a2d7889b74a3",
            "ingress": [
              {
                "cidr_blocks": [],
                "description": "",
                "from_port": 3306,
                "ipv6_cidr_blocks": [],
                "prefix_list_ids": [],
                "protocol": "tcp",
                "security_groups": [
                  "sg-09d37b6bcd310f9a6"
                ],
                "self": false,
                "to_port": 3306
              }
            ],
            "name": "rds-security-group",
            "name_prefix": "",
            "owner_id": "851725350979",
            "revoke_rules_on_delete": false,
            "tags": {
              "Name": "rds-security-group"
            },
            "tags_all": {
              "Name": "rds-security-group"
            },
            "timeouts": null,
            "vpc_id": "vpc-0f673f195ae29dc85"
          },
          "sensitive_attributes": [],
          "private": "eyJlMmJmYjczMC1lY2FhLTExZTYtOGY4OC0zNDM2M2JjN2M0YzAiOnsiY3JlYXRlIjo2MDAwMDAwMDAwMDAsImRlbGV0ZSI6OTAwMDAwMDAwMDAwfSwic2NoZW1hX3ZlcnNpb24iOiIxIn0=",
          "dependencies": [
            "module.alb_security_group.module.alb_security_group.aws_security_group.this",
            "module.alb_security_group.module.alb_security_group.aws_security_group.this_name_prefix",
            "module.vpc.aws_vpc.this"
          ]
        }
      ]
    },
    {
      "module": "module.alb",
      "mode": "managed",
      "type": "aws_acm_certificate",
      "name": "cert",
      "provider": "provider[\"registry.terraform.io/hashicorp/aws\"]",
      "instances": [
        {
          "schema_version": 0,
          "attributes": {
            "arn": "arn:aws:acm:eu-north-1:851725350979:certificate/e9ac054b-81e6-4114-879d-d5795c451f42",
            "certificate_authority_arn": "",
            "certificate_body": "-----BEGIN CERTIFICATE-----\nMIIFUzCCAzugAwIBAgIRALAygrwFIk/bhErzg8N0yCUwDQYJKoZIhvcNAQELBQAw\nOTEaMBgGA1UEChMRVGVycmFmb3JtIFRlc3RpbmcxGzAZBgNVBAMTEnByb2plY3Qt\naW50ZWx5LmNvbTAeFw0yNDA2MTkxMzE0NTRaFw0yNTA2MTkxMzE0NTRaMDkxGjAY\nBgNVBAoTEVRlc3QgT3JnYW5pemF0aW9uMRswGQYDVQQDExJwcm9qZWN0LWludGVs\neS5jb20wggIiMA0GCSqGSIb3DQEBAQUAA4ICDwAwggIKAoICAQDKx4gekM1W0kpM\nr/htigJlVwzCSNo/RHjhL3ZEOzqbUc1AmEltpgThFQa/HYekIE92DzzOGIodbZJp\nNyhe3Ja/jdUPi5xmpY6t6WBvONCx8bDrdwAKf3MC3wzaCocV4BCeQRIZUamjifT/\nJeDul9jdwr7C620IyUWBXiZBIB3rWgkGlUOJHqsCeHr7ukQ4rWmyoEBQAtjPuCvW\n1XPx9tTAXq4SmbmTgYO07BoFUwh8rk59FmBqx5yadDwhhVgj3ZLUcLVtupeTd4Mx\nEgpcsbVaN8TAXGNdCz3v2/36S9uA3eGmYS4q0Rga4DlVLX12lgVaF1RQOOTKFvef\nsGTnE3AXQdcvU3O5CAwSIKaqZnyDJ2M5uW+xvX4ot1hOvTGObhZ5NJ6H5vyRvmLb\nF/2qk96gLnEbBx+fI/2jUrSLHlzkHSz9nr1mvaqe0e3XAN28ZqgxSS61T1LR90KI\nmby7/s36MdyijO5sebSfRwsrhc3zCAQ111QexPnjCWMvhdYqWhD60Fdv2sx3egvo\nFmO6srmjutgc5FbCgSXlbKlhSlrrA7jTiJYSTCjVqHlkHBEHzexVtprlemLAsf68\nqWiAvSkxin4+suNGvxAo37EPcL50hAPjLwTGqULPxNulWi3+fDRecAQ61A3hxk5s\n+3fR2zuMf9HBROQ6G4kalLIFFAoVFwIDAQABo1YwVDAOBgNVHQ8BAf8EBAMCBaAw\nEwYDVR0lBAwwCgYIKwYBBQUHAwEwDAYDVR0TAQH/BAIwADAfBgNVHSMEGDAWgBTQ\nJxhHlv/U53exPttQ1dpE20Z1EzANBgkqhkiG9w0BAQsFAAOCAgEAI+NdN/whv9ex\nJm3Djkv0Jnwe/cFhYOf3DSVzmFEp3xJdljSvv6L7l6UBebqTLYyzpLM5d6HcKZ20\n/h8SvkP7QPcl4JYwUQtwndyF5oNnPJc5dt+GFSIJZRUkQrtQDED8ZCfX+dxxh+m5\njPhs8MBgBK/lDtEMou8Im6eVV7dqXwLaSOoINWBNk/ss8yK/bF+w3v0mQLRzjulB\nCHIjNRv3upVne6tJC2XUX1FzTzGUarwpXJ7LvERwdhtIo/wFcaU2bNI9kttPqo7l\niMFWzeJsogJGiS4kOr68BO8gA6YYGgROupoSThI0RHM6+A8UeRNHhz3bVJlxc96u\nPBUlDe3kCa+g9BHO/t6dH8Gm+1JF0SRlRemEUp8YUMz1T09/nDuw7E3ripdwic01\nL8hIXOI4ie68/GlYfuqFHttPg08+diG8m+r/+STyL94+2WCtXqofSVP+LYnSaCjG\ng0wIx6aeJsfYDYOTMUdKiqgF0pePohIUHMsNPdCFjE6f5qWSLLKYX5iiVidvjx0S\nCb9ingpB0l1JTXWSrTRaQuJyWQWGRawMNG9PhsS/7wVe4na4x6+AphG57qQngNN5\nY0SNCwqWVNjycJy56iGRDunJr4p3Rgyca1JpQSnUOPLVEDuv2cAnK3DaAHxffaae\nKLU3xDDC6xwpfHFIMZEdhkyUjPKVkAs=\n-----END CERTIFICATE-----\n",
            "certificate_chain": null,
            "domain_name": "project-intely.com",
            "domain_validation_options": [],
            "early_renewal_duration": "",
            "id": "arn:aws:acm:eu-north-1:851725350979:certificate/e9ac054b-81e6-4114-879d-d5795c451f42",
            "key_algorithm": "RSA_4096",
            "not_after": "2025-06-19T13:14:54Z",
            "not_before": "2024-06-19T13:14:54Z",
            "options": [
              {
                "certificate_transparency_logging_preference": "DISABLED"
              }
            ],
            "pending_renewal": false,
            "private_key": "-----BEGIN RSA PRIVATE KEY-----\nMIIJKAIBAAKCAgEAyseIHpDNVtJKTK/4bYoCZVcMwkjaP0R44S92RDs6m1HNQJhJ\nbaYE4RUGvx2HpCBPdg88zhiKHW2SaTcoXtyWv43VD4ucZqWOrelgbzjQsfGw63cA\nCn9zAt8M2gqHFeAQnkESGVGpo4n0/yXg7pfY3cK+wuttCMlFgV4mQSAd61oJBpVD\niR6rAnh6+7pEOK1psqBAUALYz7gr1tVz8fbUwF6uEpm5k4GDtOwaBVMIfK5OfRZg\nasecmnQ8IYVYI92S1HC1bbqXk3eDMRIKXLG1WjfEwFxjXQs979v9+kvbgN3hpmEu\nKtEYGuA5VS19dpYFWhdUUDjkyhb3n7Bk5xNwF0HXL1NzuQgMEiCmqmZ8gydjOblv\nsb1+KLdYTr0xjm4WeTSeh+b8kb5i2xf9qpPeoC5xGwcfnyP9o1K0ix5c5B0s/Z69\nZr2qntHt1wDdvGaoMUkutU9S0fdCiJm8u/7N+jHcoozubHm0n0cLK4XN8wgENddU\nHsT54wljL4XWKloQ+tBXb9rMd3oL6BZjurK5o7rYHORWwoEl5WypYUpa6wO404iW\nEkwo1ah5ZBwRB83sVbaa5XpiwLH+vKlogL0pMYp+PrLjRr8QKN+xD3C+dIQD4y8E\nxqlCz8TbpVot/nw0XnAEOtQN4cZObPt30ds7jH/RwUTkOhuJGpSyBRQKFRcCAwEA\nAQKCAgBXvwXY7CHeyvqZup/OjqTAw21i+PFv5SpFjysnFVYj9b7Sj9NeXjPITjfw\nJVAXpl+cH7XZHOdPGqX7X4HZoqyc0Tv8ERapmERoXw96sWQlTAeZrJHY+ROEj45Z\nH6savS2TvWaejCbS/JSGgBaYSB7wvx+a6xLwdV/dPidhkQtBV2GGdrqVsC6h0A6v\ntQdmWyvcvtl1hfXZ1MEroowcjQm9AHtk0x5phObAOFZ+LVMD2M1f9XndWukaMOgA\nPVpJkszBns/zXoXOqy2a40qWl9N46Z76+j+I+J9hlpmNYJvoZJsLSwwWPQqoPpSw\nlhGvafWA6Y1zdVsTU+LtOABBubiLolHSicXGmHEsMixz7ktqbUJvqUqg0fDw3PF5\nkxiCGavaje4ZKw9xmGQcVj6qxD6TQ9acJ4cfcZXkLkrisVryhCFOYyfltt29xZYb\naMojK5IuQoMW/cQ7TX0tK8t/Vtlf3ysxXmt3MSrwhWo+eo/ylzTDZw2PREanAJj2\nNct2YBSqyGLPXPVvdc3nTT6OUrcKX5BhzbkuDN1C9GBzTHCNaPtftmJ+qy2LHC3L\nyhYySDeObpiiofVSOrehSrcT0lFuJce66GUmWqwzXsw7PRZ9t2VlNXvSLPf3LsTR\neLSZWmlyzbzeHlzXsBmvh9Lxz+AueuFr0cPUPDBDs8PAX4mo0QKCAQEA8TKx/kvI\n0wHYTd2CMo07YoB4hgVs75jU+9hHAqZwKgsmGmowsED4YicKMj03CdiJpqtoy9dZ\nKjMWytc038rpCPbU9DuD29pVVxkP8lV2l/tqoXI7NB4GFQbCFtbDEguRF3g6giYD\nSl8uqyMi93h4tVpqzIgpvb2bBgsEiJzvnVhcnyoOeU98bgHY0a9zx2i0k37H7Bsi\nIN+QEIhMp+MXGk8cZ4XD4K8alsAaF0kuCB0e4U/o+lQY8KJfbf1EEeuMTQl4fGOL\ntgw/YKhfjJT4/d+1u3L18ts+AGzzm2SfGNcN6CnekGAlANg3TIwdXSDPyHAJl+bR\ngut5Knld9Q2SqQKCAQEA1zlES0AcDxeP67+5BvVd/N04xse5ujW3HzzYgLAZvdj4\nJadq35j5YhqbkjJdScGz9/QPPuihnNYBp+kG8rNYngMYyH4tYpAyoRSEoIzN/jey\nIV1MruD6oO+gMQQvVlDqRrb7S8Lz9kpLUJYTwqkFvH51HV2m5BpIXOTLSS5APSP6\nif1eD5iU8GwMTBAGBVQ6cYSYdubM+olMWFWMlDTiUHD+dF+CgA4wJ0gJA/WWdni4\nMwxF27XBKpK3ZE7zP2/LwcI4gQta88KsOF0+ZkNmsL+QmzwGTvPZdDxI4/yZ2P+o\nAsKX4urXa35/+xr0zatkvMyCz68rqbe1+nrEI/8BvwKCAQBgfbFrVBIRKAnKjLUL\nWCjLrS2KIB2GdJOv9MPjsYXpq/AgXR8BQ9yaF5gipQ6hp7jZrnUMJyiKk0mo+BM0\n/E3hwi1LT4vepifB4krY3YvGHVR5JeO9Y813F+8Jh/0d+Pagdv6hFmf2lsFqwXG5\nor5XfsZ+8HIScAnWjw3PQUkynyjem8qSiVP0BlUg/ZnJyn+DChMcx3YNxKIzmvNf\nrp+NbNymJYNJHYP7jvphGmuJ32x9IqTHkGEx0yNuMwXKTXshToqe6Iv51kh8eJ9Q\n9D/wAFEJnmH6N+9D6FJEdiqXm2D64dUh2PS0s8rbmqocmYXGX9vWowZp453jeg42\nfKmRAoIBAAtAQSO17EGVt75ZPXDxrsIjRm6NzlW/rR0C70Z67j2QdBhz0hByTMcm\nIO/Zlire52uU5J8jRh+OyHNgqS5S1dUc0FTa08CNTThCfFRwR+x8OOGpoPKbbD6x\niCxHzbmzbSvZMPXa8Sn05E8IKWxJrbUW30Rzut+9x/6jL0VaF52aneRMzHgAP/j5\njQME62un5Y49okLE+f424zjS8BBnW1VdMtAelhHfrADBsUb1tbHnyalRgO1laP2y\nwceKoQi17W7pmk6Uq2KG0L35keOCroGa4hJbZvEFql57MExKzjgb1UqfpZUFNdG2\nwTX9SMLfrNp5znTQ8XVj1y2K8Wn4UL0CggEBALryztuQpxe+QPkSzwuxtdR+Jm4e\nsSIZvCOCcTgHSmDkFOy+njqoQQNrqdJ5rivZd3Sn/ALKIknbYX7qgRZY5Mbf+ygx\nimL2YNhLMMRlyoywCsQ9JzN+0zj1vBIudQmszJTmT67WFpA9iqaQx44ncMW5tv04\n0Zj+OUMvjUFX9OPVf2Emakmzxvvi67PDUKbIUoWOy28tGwz2nzC3G7u5Md3e3bDq\nIOVxcpzROZqZUbX4TDTNS0bSmy0U1CD+UCuUV2XvLf/HiCb+n29zKXuw3NO2+2MW\n0iUmsHCJwSBBSW81CoFP8+/v3Tc5FW5dWWtZ58bAZXhCdVLCps8nWxJTTdI=\n-----END RSA PRIVATE KEY-----\n",
            "renewal_eligibility": "INELIGIBLE",
            "renewal_summary": [],
            "status": "ISSUED",
            "subject_alternative_names": [
              "project-intely.com"
            ],
            "tags": null,
            "tags_all": {},
            "type": "IMPORTED",
            "validation_emails": [],
            "validation_method": "NONE",
            "validation_option": []
          },
          "sensitive_attributes": [
            [
              {
                "type": "get_attr",
                "value": "private_key"
              }
            ]
          ],
          "private": "bnVsbA==",
          "dependencies": [
            "module.alb.tls_cert_request.cert",
            "module.alb.tls_locally_signed_cert.cert",
            "module.alb.tls_private_key.cert",
            "module.alb.tls_self_signed_cert.ca",
            "module.vpc.aws_default_route_table.private",
            "module.vpc.aws_eip.nat",
            "module.vpc.aws_internet_gateway.this",
            "module.vpc.aws_nat_gateway.this",
            "module.vpc.aws_route.private",
            "module.vpc.aws_route.public",
            "module.vpc.aws_route_table.private",
            "module.vpc.aws_route_table.public",
            "module.vpc.aws_route_table_association.private",
            "module.vpc.aws_route_table_association.public",
            "module.vpc.aws_subnet.private",
            "module.vpc.aws_subnet.public",
            "module.vpc.aws_vpc.this",
            "module.vpc.data.aws_route_table.private"
          ]
        }
      ]
    },
    {
      "module": "module.alb",
      "mode": "managed",
      "type": "aws_lb",
      "name": "this",
      "provider": "provider[\"registry.terraform.io/hashicorp/aws\"]",
      "instances": [
        {
          "schema_version": 0,
          "attributes": {
            "access_logs": [
              {
                "bucket": "",
                "enabled": false,
                "prefix": ""
              }
            ],
            "arn": "arn:aws:elasticloadbalancing:eu-north-1:851725350979:loadbalancer/app/project-intely-alb/e8b172fe64ae46f7",
            "arn_suffix": "app/project-intely-alb/e8b172fe64ae46f7",
            "client_keep_alive": 3600,
            "connection_logs": [
              {
                "bucket": "",
                "enabled": false,
                "prefix": ""
              }
            ],
            "customer_owned_ipv4_pool": "",
            "desync_mitigation_mode": "defensive",
            "dns_name": "project-intely-alb-1120768713.eu-north-1.elb.amazonaws.com",
            "dns_record_client_routing_policy": null,
            "drop_invalid_header_fields": false,
            "enable_cross_zone_load_balancing": true,
            "enable_deletion_protection": false,
            "enable_http2": true,
            "enable_tls_version_and_cipher_suite_headers": false,
            "enable_waf_fail_open": false,
            "enable_xff_client_port": false,
            "enforce_security_group_inbound_rules_on_private_link_traffic": "",
            "id": "arn:aws:elasticloadbalancing:eu-north-1:851725350979:loadbalancer/app/project-intely-alb/e8b172fe64ae46f7",
            "idle_timeout": 60,
            "internal": false,
            "ip_address_type": "ipv4",
            "load_balancer_type": "application",
            "name": "project-intely-alb",
            "name_prefix": "",
            "preserve_host_header": false,
            "security_groups": [
              "sg-09d37b6bcd310f9a6"
            ],
            "subnet_mapping": [
              {
                "allocation_id": "",
                "ipv6_address": "",
                "outpost_id": "",
                "private_ipv4_address": "",
                "subnet_id": "subnet-0aa1fbfec59e739f8"
              },
              {
                "allocation_id": "",
                "ipv6_address": "",
                "outpost_id": "",
                "private_ipv4_address": "",
                "subnet_id": "subnet-0de1ebb4ed9a06732"
              },
              {
                "allocation_id": "",
                "ipv6_address": "",
                "outpost_id": "",
                "private_ipv4_address": "",
                "subnet_id": "subnet-0e01d7167e2a52f5d"
              }
            ],
            "subnets": [
              "subnet-0aa1fbfec59e739f8",
              "subnet-0de1ebb4ed9a06732",
              "subnet-0e01d7167e2a52f5d"
            ],
            "tags": {
              "Environment": "project_intely",
              "Project": "intely",
              "Terraform": "true"
            },
            "tags_all": {
              "Environment": "project_intely",
              "Project": "intely",
              "Terraform": "true"
            },
            "timeouts": null,
            "vpc_id": "vpc-0f673f195ae29dc85",
            "xff_header_processing_mode": "append",
            "zone_id": "Z23TAZ6LKFMNIO"
          },
          "sensitive_attributes": [],
          "private": "eyJlMmJmYjczMC1lY2FhLTExZTYtOGY4OC0zNDM2M2JjN2M0YzAiOnsiY3JlYXRlIjo2MDAwMDAwMDAwMDAsImRlbGV0ZSI6NjAwMDAwMDAwMDAwLCJ1cGRhdGUiOjYwMDAwMDAwMDAwMH19",
          "dependencies": [
            "module.alb_security_group.module.alb_security_group.aws_security_group.this",
            "module.alb_security_group.module.alb_security_group.aws_security_group.this_name_prefix",
            "module.vpc.aws_default_route_table.private",
            "module.vpc.aws_eip.nat",
            "module.vpc.aws_internet_gateway.this",
            "module.vpc.aws_nat_gateway.this",
            "module.vpc.aws_route.private",
            "module.vpc.aws_route.public",
            "module.vpc.aws_route_table.private",
            "module.vpc.aws_route_table.public",
            "module.vpc.aws_route_table_association.private",
            "module.vpc.aws_route_table_association.public",
            "module.vpc.aws_subnet.private",
            "module.vpc.aws_subnet.public",
            "module.vpc.aws_vpc.this",
            "module.vpc.data.aws_route_table.private"
          ]
        }
      ]
    },
    {
      "module": "module.alb",
      "mode": "managed",
      "type": "aws_lb_listener",
      "name": "http",
      "provider": "provider[\"registry.terraform.io/hashicorp/aws\"]",
      "instances": [
        {
          "index_key": "80",
          "schema_version": 0,
          "attributes": {
            "alpn_policy": null,
            "arn": "arn:aws:elasticloadbalancing:eu-north-1:851725350979:listener/app/project-intely-alb/e8b172fe64ae46f7/1fcb3589c510c3c6",
            "certificate_arn": null,
            "default_action": [
              {
                "authenticate_cognito": [],
                "authenticate_oidc": [],
                "fixed_response": [],
                "forward": [],
                "order": 1,
                "redirect": [],
                "target_group_arn": "arn:aws:elasticloadbalancing:eu-north-1:851725350979:targetgroup/project-intely-tg/480e43945ad23111",
                "type": "forward"
              }
            ],
            "id": "arn:aws:elasticloadbalancing:eu-north-1:851725350979:listener/app/project-intely-alb/e8b172fe64ae46f7/1fcb3589c510c3c6",
            "load_balancer_arn": "arn:aws:elasticloadbalancing:eu-north-1:851725350979:loadbalancer/app/project-intely-alb/e8b172fe64ae46f7",
            "mutual_authentication": [],
            "port": 80,
            "protocol": "HTTP",
            "ssl_policy": "",
            "tags": null,
            "tags_all": {},
            "timeouts": null
          },
          "sensitive_attributes": [],
          "private": "eyJlMmJmYjczMC1lY2FhLTExZTYtOGY4OC0zNDM2M2JjN2M0YzAiOnsiY3JlYXRlIjozMDAwMDAwMDAwMDAsInVwZGF0ZSI6MzAwMDAwMDAwMDAwfX0=",
          "dependencies": [
            "module.alb.aws_lb.this",
            "module.alb_security_group.module.alb_security_group.aws_security_group.this",
            "module.alb_security_group.module.alb_security_group.aws_security_group.this_name_prefix",
            "module.target_group_http.aws_lb_target_group.this",
            "module.target_group_https.aws_lb_target_group.this",
            "module.vpc.aws_default_route_table.private",
            "module.vpc.aws_eip.nat",
            "module.vpc.aws_internet_gateway.this",
            "module.vpc.aws_nat_gateway.this",
            "module.vpc.aws_route.private",
            "module.vpc.aws_route.public",
            "module.vpc.aws_route_table.private",
            "module.vpc.aws_route_table.public",
            "module.vpc.aws_route_table_association.private",
            "module.vpc.aws_route_table_association.public",
            "module.vpc.aws_subnet.private",
            "module.vpc.aws_subnet.public",
            "module.vpc.aws_vpc.this",
            "module.vpc.data.aws_route_table.private"
          ]
        }
      ]
    },
    {
      "module": "module.alb",
      "mode": "managed",
      "type": "aws_lb_listener",
      "name": "https",
      "provider": "provider[\"registry.terraform.io/hashicorp/aws\"]",
      "instances": [
        {
          "index_key": "443",
          "schema_version": 0,
          "attributes": {
            "alpn_policy": null,
            "arn": "arn:aws:elasticloadbalancing:eu-north-1:851725350979:listener/app/project-intely-alb/e8b172fe64ae46f7/31d63dfde5cc1972",
            "certificate_arn": "arn:aws:acm:eu-north-1:851725350979:certificate/e9ac054b-81e6-4114-879d-d5795c451f42",
            "default_action": [
              {
                "authenticate_cognito": [],
                "authenticate_oidc": [],
                "fixed_response": [],
                "forward": [],
                "order": 1,
                "redirect": [],
                "target_group_arn": "arn:aws:elasticloadbalancing:eu-north-1:851725350979:targetgroup/project-intely-tg-https/d46fb31452fa7c65",
                "type": "forward"
              }
            ],
            "id": "arn:aws:elasticloadbalancing:eu-north-1:851725350979:listener/app/project-intely-alb/e8b172fe64ae46f7/31d63dfde5cc1972",
            "load_balancer_arn": "arn:aws:elasticloadbalancing:eu-north-1:851725350979:loadbalancer/app/project-intely-alb/e8b172fe64ae46f7",
            "mutual_authentication": [
              {
                "ignore_client_certificate_expiry": false,
                "mode": "off",
                "trust_store_arn": ""
              }
            ],
            "port": 443,
            "protocol": "HTTPS",
            "ssl_policy": "ELBSecurityPolicy-2016-08",
            "tags": null,
            "tags_all": {},
            "timeouts": null
          },
          "sensitive_attributes": [],
          "private": "eyJlMmJmYjczMC1lY2FhLTExZTYtOGY4OC0zNDM2M2JjN2M0YzAiOnsiY3JlYXRlIjozMDAwMDAwMDAwMDAsInVwZGF0ZSI6MzAwMDAwMDAwMDAwfX0=",
          "dependencies": [
            "module.alb.aws_acm_certificate.cert",
            "module.alb.aws_lb.this",
            "module.alb.tls_cert_request.cert",
            "module.alb.tls_locally_signed_cert.cert",
            "module.alb.tls_private_key.cert",
            "module.alb.tls_self_signed_cert.ca",
            "module.alb_security_group.module.alb_security_group.aws_security_group.this",
            "module.alb_security_group.module.alb_security_group.aws_security_group.this_name_prefix",
            "module.target_group_http.aws_lb_target_group.this",
            "module.target_group_https.aws_lb_target_group.this",
            "module.vpc.aws_default_route_table.private",
            "module.vpc.aws_eip.nat",
            "module.vpc.aws_internet_gateway.this",
            "module.vpc.aws_nat_gateway.this",
            "module.vpc.aws_route.private",
            "module.vpc.aws_route.public",
            "module.vpc.aws_route_table.private",
            "module.vpc.aws_route_table.public",
            "module.vpc.aws_route_table_association.private",
            "module.vpc.aws_route_table_association.public",
            "module.vpc.aws_subnet.private",
            "module.vpc.aws_subnet.public",
            "module.vpc.aws_vpc.this",
            "module.vpc.data.aws_route_table.private"
          ]
        }
      ]
    },
    {
      "module": "module.alb",
      "mode": "managed",
      "type": "tls_cert_request",
      "name": "cert",
      "provider": "provider[\"registry.terraform.io/hashicorp/tls\"]",
      "instances": [
        {
          "schema_version": 0,
          "attributes": {
            "cert_request_pem": "-----BEGIN CERTIFICATE REQUEST-----\nMIIEfjCCAmYCAQAwOTEaMBgGA1UEChMRVGVzdCBPcmdhbml6YXRpb24xGzAZBgNV\nBAMTEnByb2plY3QtaW50ZWx5LmNvbTCCAiIwDQYJKoZIhvcNAQEBBQADggIPADCC\nAgoCggIBAMrHiB6QzVbSSkyv+G2KAmVXDMJI2j9EeOEvdkQ7OptRzUCYSW2mBOEV\nBr8dh6QgT3YPPM4Yih1tkmk3KF7clr+N1Q+LnGaljq3pYG840LHxsOt3AAp/cwLf\nDNoKhxXgEJ5BEhlRqaOJ9P8l4O6X2N3CvsLrbQjJRYFeJkEgHetaCQaVQ4keqwJ4\nevu6RDitabKgQFAC2M+4K9bVc/H21MBerhKZuZOBg7TsGgVTCHyuTn0WYGrHnJp0\nPCGFWCPdktRwtW26l5N3gzESClyxtVo3xMBcY10LPe/b/fpL24Dd4aZhLirRGBrg\nOVUtfXaWBVoXVFA45MoW95+wZOcTcBdB1y9Tc7kIDBIgpqpmfIMnYzm5b7G9fii3\nWE69MY5uFnk0nofm/JG+YtsX/aqT3qAucRsHH58j/aNStIseXOQdLP2evWa9qp7R\n7dcA3bxmqDFJLrVPUtH3QoiZvLv+zfox3KKM7mx5tJ9HCyuFzfMIBDXXVB7E+eMJ\nYy+F1ipaEPrQV2/azHd6C+gWY7qyuaO62BzkVsKBJeVsqWFKWusDuNOIlhJMKNWo\neWQcEQfN7FW2muV6YsCx/rypaIC9KTGKfj6y40a/ECjfsQ9wvnSEA+MvBMapQs/E\n26VaLf58NF5wBDrUDeHGTmz7d9HbO4x/0cFE5DobiRqUsgUUChUXAgMBAAGgADAN\nBgkqhkiG9w0BAQsFAAOCAgEAY88LtfrvsFQT4bM2YnTmpt1tqUFyt4zeMVmkCgoL\nzEMdgDhZtv6t2hyhi5C2Z+GfeqqOj08QH0OUI7oibD+iQjVjhNSr8tIfDf4Poyao\nIXxlMVLJWPsBLLBjYo1F5sONK2qYWEoUldkvw57eudUyn0QLFN5/8l2Xu2HgWof1\nDCPUj3wZFWJtbjwqpNsiZ0PmcVlFO64JwBTBkZI+brgF3XhGtmn2vJIh8jUMbRBi\nL8flG8YwfZEjbYjRzaO6sV5Q1pOiEtCGnt3WnNoNUwr+JrsEoT4wsGLyatZwsh0s\nZPMO+eFcaZPvHgMiF5Rt3x7a7oQzzAkb1tGZr46eq7lAdNYr+7BdlV5QeDtvPa3E\n3k6OLUU8qd8feXusIJIhaVdAHSmWwUhZVXXpMXDITTVBWszhk6mC8l13VtH1cSBM\nR3A2GAJP35EaIqOIOUnDA+3GO4OtBCVqMwKq4sAO4qpz8dKDVma0YqfCpps5i0uc\n+TWmeMssi2wuaM1v51a1BrFfoPlwFuJwYmwtYFfuXdy79ESTPzO+iqqDnzvzVKir\n5sRiq3aA/JC4qXzNIUslcVje8nUmswjOiMIOxXxOZRcqD0LuHejPKcWfYsJWdOE7\nmqXmb4u6gjKYhLmeqskBjYriF4UvwT2M8/pnXVXPvvwUKfdotFHbaMhvEEXRhe7S\nVtk=\n-----END CERTIFICATE REQUEST-----\n",
            "dns_names": null,
            "id": "98c9ec6235c4d8ed92ef5e2d07ffcd2cad1b1cbf",
            "ip_addresses": null,
            "key_algorithm": "RSA",
            "private_key_pem": "-----BEGIN RSA PRIVATE KEY-----\nMIIJKAIBAAKCAgEAyseIHpDNVtJKTK/4bYoCZVcMwkjaP0R44S92RDs6m1HNQJhJ\nbaYE4RUGvx2HpCBPdg88zhiKHW2SaTcoXtyWv43VD4ucZqWOrelgbzjQsfGw63cA\nCn9zAt8M2gqHFeAQnkESGVGpo4n0/yXg7pfY3cK+wuttCMlFgV4mQSAd61oJBpVD\niR6rAnh6+7pEOK1psqBAUALYz7gr1tVz8fbUwF6uEpm5k4GDtOwaBVMIfK5OfRZg\nasecmnQ8IYVYI92S1HC1bbqXk3eDMRIKXLG1WjfEwFxjXQs979v9+kvbgN3hpmEu\nKtEYGuA5VS19dpYFWhdUUDjkyhb3n7Bk5xNwF0HXL1NzuQgMEiCmqmZ8gydjOblv\nsb1+KLdYTr0xjm4WeTSeh+b8kb5i2xf9qpPeoC5xGwcfnyP9o1K0ix5c5B0s/Z69\nZr2qntHt1wDdvGaoMUkutU9S0fdCiJm8u/7N+jHcoozubHm0n0cLK4XN8wgENddU\nHsT54wljL4XWKloQ+tBXb9rMd3oL6BZjurK5o7rYHORWwoEl5WypYUpa6wO404iW\nEkwo1ah5ZBwRB83sVbaa5XpiwLH+vKlogL0pMYp+PrLjRr8QKN+xD3C+dIQD4y8E\nxqlCz8TbpVot/nw0XnAEOtQN4cZObPt30ds7jH/RwUTkOhuJGpSyBRQKFRcCAwEA\nAQKCAgBXvwXY7CHeyvqZup/OjqTAw21i+PFv5SpFjysnFVYj9b7Sj9NeXjPITjfw\nJVAXpl+cH7XZHOdPGqX7X4HZoqyc0Tv8ERapmERoXw96sWQlTAeZrJHY+ROEj45Z\nH6savS2TvWaejCbS/JSGgBaYSB7wvx+a6xLwdV/dPidhkQtBV2GGdrqVsC6h0A6v\ntQdmWyvcvtl1hfXZ1MEroowcjQm9AHtk0x5phObAOFZ+LVMD2M1f9XndWukaMOgA\nPVpJkszBns/zXoXOqy2a40qWl9N46Z76+j+I+J9hlpmNYJvoZJsLSwwWPQqoPpSw\nlhGvafWA6Y1zdVsTU+LtOABBubiLolHSicXGmHEsMixz7ktqbUJvqUqg0fDw3PF5\nkxiCGavaje4ZKw9xmGQcVj6qxD6TQ9acJ4cfcZXkLkrisVryhCFOYyfltt29xZYb\naMojK5IuQoMW/cQ7TX0tK8t/Vtlf3ysxXmt3MSrwhWo+eo/ylzTDZw2PREanAJj2\nNct2YBSqyGLPXPVvdc3nTT6OUrcKX5BhzbkuDN1C9GBzTHCNaPtftmJ+qy2LHC3L\nyhYySDeObpiiofVSOrehSrcT0lFuJce66GUmWqwzXsw7PRZ9t2VlNXvSLPf3LsTR\neLSZWmlyzbzeHlzXsBmvh9Lxz+AueuFr0cPUPDBDs8PAX4mo0QKCAQEA8TKx/kvI\n0wHYTd2CMo07YoB4hgVs75jU+9hHAqZwKgsmGmowsED4YicKMj03CdiJpqtoy9dZ\nKjMWytc038rpCPbU9DuD29pVVxkP8lV2l/tqoXI7NB4GFQbCFtbDEguRF3g6giYD\nSl8uqyMi93h4tVpqzIgpvb2bBgsEiJzvnVhcnyoOeU98bgHY0a9zx2i0k37H7Bsi\nIN+QEIhMp+MXGk8cZ4XD4K8alsAaF0kuCB0e4U/o+lQY8KJfbf1EEeuMTQl4fGOL\ntgw/YKhfjJT4/d+1u3L18ts+AGzzm2SfGNcN6CnekGAlANg3TIwdXSDPyHAJl+bR\ngut5Knld9Q2SqQKCAQEA1zlES0AcDxeP67+5BvVd/N04xse5ujW3HzzYgLAZvdj4\nJadq35j5YhqbkjJdScGz9/QPPuihnNYBp+kG8rNYngMYyH4tYpAyoRSEoIzN/jey\nIV1MruD6oO+gMQQvVlDqRrb7S8Lz9kpLUJYTwqkFvH51HV2m5BpIXOTLSS5APSP6\nif1eD5iU8GwMTBAGBVQ6cYSYdubM+olMWFWMlDTiUHD+dF+CgA4wJ0gJA/WWdni4\nMwxF27XBKpK3ZE7zP2/LwcI4gQta88KsOF0+ZkNmsL+QmzwGTvPZdDxI4/yZ2P+o\nAsKX4urXa35/+xr0zatkvMyCz68rqbe1+nrEI/8BvwKCAQBgfbFrVBIRKAnKjLUL\nWCjLrS2KIB2GdJOv9MPjsYXpq/AgXR8BQ9yaF5gipQ6hp7jZrnUMJyiKk0mo+BM0\n/E3hwi1LT4vepifB4krY3YvGHVR5JeO9Y813F+8Jh/0d+Pagdv6hFmf2lsFqwXG5\nor5XfsZ+8HIScAnWjw3PQUkynyjem8qSiVP0BlUg/ZnJyn+DChMcx3YNxKIzmvNf\nrp+NbNymJYNJHYP7jvphGmuJ32x9IqTHkGEx0yNuMwXKTXshToqe6Iv51kh8eJ9Q\n9D/wAFEJnmH6N+9D6FJEdiqXm2D64dUh2PS0s8rbmqocmYXGX9vWowZp453jeg42\nfKmRAoIBAAtAQSO17EGVt75ZPXDxrsIjRm6NzlW/rR0C70Z67j2QdBhz0hByTMcm\nIO/Zlire52uU5J8jRh+OyHNgqS5S1dUc0FTa08CNTThCfFRwR+x8OOGpoPKbbD6x\niCxHzbmzbSvZMPXa8Sn05E8IKWxJrbUW30Rzut+9x/6jL0VaF52aneRMzHgAP/j5\njQME62un5Y49okLE+f424zjS8BBnW1VdMtAelhHfrADBsUb1tbHnyalRgO1laP2y\nwceKoQi17W7pmk6Uq2KG0L35keOCroGa4hJbZvEFql57MExKzjgb1UqfpZUFNdG2\nwTX9SMLfrNp5znTQ8XVj1y2K8Wn4UL0CggEBALryztuQpxe+QPkSzwuxtdR+Jm4e\nsSIZvCOCcTgHSmDkFOy+njqoQQNrqdJ5rivZd3Sn/ALKIknbYX7qgRZY5Mbf+ygx\nimL2YNhLMMRlyoywCsQ9JzN+0zj1vBIudQmszJTmT67WFpA9iqaQx44ncMW5tv04\n0Zj+OUMvjUFX9OPVf2Emakmzxvvi67PDUKbIUoWOy28tGwz2nzC3G7u5Md3e3bDq\nIOVxcpzROZqZUbX4TDTNS0bSmy0U1CD+UCuUV2XvLf/HiCb+n29zKXuw3NO2+2MW\n0iUmsHCJwSBBSW81CoFP8+/v3Tc5FW5dWWtZ58bAZXhCdVLCps8nWxJTTdI=\n-----END RSA PRIVATE KEY-----\n",
            "subject": [
              {
                "common_name": "project-intely.com",
                "country": null,
                "locality": null,
                "organization": "Test Organization",
                "organizational_unit": null,
                "postal_code": null,
                "province": null,
                "serial_number": null,
                "street_address": null
              }
            ],
            "uris": null
          },
          "sensitive_attributes": [
            [
              {
                "type": "get_attr",
                "value": "private_key_pem"
              }
            ]
          ],
          "dependencies": [
            "module.alb.tls_private_key.cert",
            "module.vpc.aws_default_route_table.private",
            "module.vpc.aws_eip.nat",
            "module.vpc.aws_internet_gateway.this",
            "module.vpc.aws_nat_gateway.this",
            "module.vpc.aws_route.private",
            "module.vpc.aws_route.public",
            "module.vpc.aws_route_table.private",
            "module.vpc.aws_route_table.public",
            "module.vpc.aws_route_table_association.private",
            "module.vpc.aws_route_table_association.public",
            "module.vpc.aws_subnet.private",
            "module.vpc.aws_subnet.public",
            "module.vpc.aws_vpc.this",
            "module.vpc.data.aws_route_table.private"
          ]
        }
      ]
    },
    {
      "module": "module.alb",
      "mode": "managed",
      "type": "tls_locally_signed_cert",
      "name": "cert",
      "provider": "provider[\"registry.terraform.io/hashicorp/tls\"]",
      "instances": [
        {
          "schema_version": 0,
          "attributes": {
            "allowed_uses": [
              "key_encipherment",
              "digital_signature",
              "server_auth"
            ],
            "ca_cert_pem": "-----BEGIN CERTIFICATE-----\nMIIFPjCCAyagAwIBAgIQJFbD0DjrUKsNskkwtCpqmTANBgkqhkiG9w0BAQsFADA5\nMRowGAYDVQQKExFUZXJyYWZvcm0gVGVzdGluZzEbMBkGA1UEAxMScHJvamVjdC1p\nbnRlbHkuY29tMB4XDTI0MDYxOTEzMTQ1NFoXDTI1MDYxOTEzMTQ1NFowOTEaMBgG\nA1UEChMRVGVycmFmb3JtIFRlc3RpbmcxGzAZBgNVBAMTEnByb2plY3QtaW50ZWx5\nLmNvbTCCAiIwDQYJKoZIhvcNAQEBBQADggIPADCCAgoCggIBAMrHiB6QzVbSSkyv\n+G2KAmVXDMJI2j9EeOEvdkQ7OptRzUCYSW2mBOEVBr8dh6QgT3YPPM4Yih1tkmk3\nKF7clr+N1Q+LnGaljq3pYG840LHxsOt3AAp/cwLfDNoKhxXgEJ5BEhlRqaOJ9P8l\n4O6X2N3CvsLrbQjJRYFeJkEgHetaCQaVQ4keqwJ4evu6RDitabKgQFAC2M+4K9bV\nc/H21MBerhKZuZOBg7TsGgVTCHyuTn0WYGrHnJp0PCGFWCPdktRwtW26l5N3gzES\nClyxtVo3xMBcY10LPe/b/fpL24Dd4aZhLirRGBrgOVUtfXaWBVoXVFA45MoW95+w\nZOcTcBdB1y9Tc7kIDBIgpqpmfIMnYzm5b7G9fii3WE69MY5uFnk0nofm/JG+YtsX\n/aqT3qAucRsHH58j/aNStIseXOQdLP2evWa9qp7R7dcA3bxmqDFJLrVPUtH3QoiZ\nvLv+zfox3KKM7mx5tJ9HCyuFzfMIBDXXVB7E+eMJYy+F1ipaEPrQV2/azHd6C+gW\nY7qyuaO62BzkVsKBJeVsqWFKWusDuNOIlhJMKNWoeWQcEQfN7FW2muV6YsCx/ryp\naIC9KTGKfj6y40a/ECjfsQ9wvnSEA+MvBMapQs/E26VaLf58NF5wBDrUDeHGTmz7\nd9HbO4x/0cFE5DobiRqUsgUUChUXAgMBAAGjQjBAMA4GA1UdDwEB/wQEAwICpDAP\nBgNVHRMBAf8EBTADAQH/MB0GA1UdDgQWBBTQJxhHlv/U53exPttQ1dpE20Z1EzAN\nBgkqhkiG9w0BAQsFAAOCAgEAwRK1JhxuF+jBcxvbLSoCrm/kRKzM6nmanBej3jht\nRsQU/ziAFv0yrqCi1WyyV2bfJd7SOwBsaC9wuS2ddsmu1Hfr6UwdO3TV2mnYD4TN\nraMIRsfPSNDGf9kWraTJBuBVKiHhuU4T/oDEs6RHqDgKNsfQdyLiGSEaAmmVmjBp\n5O29/HML3g21iMTZDcHHSzJKK14ZxRru0Ib8u+ttZttRu4aPeSEaM1/3LlpSJLJw\nvYPIahMv0+iQZ7CMExVKriVvVK7y0D0r8cAVI82ZU6K6/PoAJ+xhfCgQEAtuDm2a\nFOGHXpvWqropHacuE5jggfMkVTdblSMp4mkS4QJdpq5Qjuw0//DMA1Bpwi+ErbPC\nNMW5tPrWgcI02LdIhCpfDFCWGyMXzcZHYjBWoYWXWWe0+7JDvLD86zoKrehLuTec\nx83UYQcOCAGJpHTlXGU9Di5x868MNgJKB9bOs48RUE27beJezIeNMMy4QPYhoBE8\ncKszPpeGDuh4f8+d/MMtxXrEBlSbLRcnmgDOqNokA4ap+nqa4aSxcqZIn7nbGGep\nNTo7pu7a75MuMx12duoICOm+V5Rl48ltFKiRqE34ZiBoPBLzCBQay6yKBVgtndbf\nczfToqP/qfuvUvAJyacD0NLg2SBdMSsTNvUEMYWe63WfxoFNI25g/Gb3IzRVHiNm\nQI8=\n-----END CERTIFICATE-----\n",
            "ca_key_algorithm": "RSA",
            "ca_private_key_pem": "-----BEGIN RSA PRIVATE KEY-----\nMIIJKAIBAAKCAgEAyseIHpDNVtJKTK/4bYoCZVcMwkjaP0R44S92RDs6m1HNQJhJ\nbaYE4RUGvx2HpCBPdg88zhiKHW2SaTcoXtyWv43VD4ucZqWOrelgbzjQsfGw63cA\nCn9zAt8M2gqHFeAQnkESGVGpo4n0/yXg7pfY3cK+wuttCMlFgV4mQSAd61oJBpVD\niR6rAnh6+7pEOK1psqBAUALYz7gr1tVz8fbUwF6uEpm5k4GDtOwaBVMIfK5OfRZg\nasecmnQ8IYVYI92S1HC1bbqXk3eDMRIKXLG1WjfEwFxjXQs979v9+kvbgN3hpmEu\nKtEYGuA5VS19dpYFWhdUUDjkyhb3n7Bk5xNwF0HXL1NzuQgMEiCmqmZ8gydjOblv\nsb1+KLdYTr0xjm4WeTSeh+b8kb5i2xf9qpPeoC5xGwcfnyP9o1K0ix5c5B0s/Z69\nZr2qntHt1wDdvGaoMUkutU9S0fdCiJm8u/7N+jHcoozubHm0n0cLK4XN8wgENddU\nHsT54wljL4XWKloQ+tBXb9rMd3oL6BZjurK5o7rYHORWwoEl5WypYUpa6wO404iW\nEkwo1ah5ZBwRB83sVbaa5XpiwLH+vKlogL0pMYp+PrLjRr8QKN+xD3C+dIQD4y8E\nxqlCz8TbpVot/nw0XnAEOtQN4cZObPt30ds7jH/RwUTkOhuJGpSyBRQKFRcCAwEA\nAQKCAgBXvwXY7CHeyvqZup/OjqTAw21i+PFv5SpFjysnFVYj9b7Sj9NeXjPITjfw\nJVAXpl+cH7XZHOdPGqX7X4HZoqyc0Tv8ERapmERoXw96sWQlTAeZrJHY+ROEj45Z\nH6savS2TvWaejCbS/JSGgBaYSB7wvx+a6xLwdV/dPidhkQtBV2GGdrqVsC6h0A6v\ntQdmWyvcvtl1hfXZ1MEroowcjQm9AHtk0x5phObAOFZ+LVMD2M1f9XndWukaMOgA\nPVpJkszBns/zXoXOqy2a40qWl9N46Z76+j+I+J9hlpmNYJvoZJsLSwwWPQqoPpSw\nlhGvafWA6Y1zdVsTU+LtOABBubiLolHSicXGmHEsMixz7ktqbUJvqUqg0fDw3PF5\nkxiCGavaje4ZKw9xmGQcVj6qxD6TQ9acJ4cfcZXkLkrisVryhCFOYyfltt29xZYb\naMojK5IuQoMW/cQ7TX0tK8t/Vtlf3ysxXmt3MSrwhWo+eo/ylzTDZw2PREanAJj2\nNct2YBSqyGLPXPVvdc3nTT6OUrcKX5BhzbkuDN1C9GBzTHCNaPtftmJ+qy2LHC3L\nyhYySDeObpiiofVSOrehSrcT0lFuJce66GUmWqwzXsw7PRZ9t2VlNXvSLPf3LsTR\neLSZWmlyzbzeHlzXsBmvh9Lxz+AueuFr0cPUPDBDs8PAX4mo0QKCAQEA8TKx/kvI\n0wHYTd2CMo07YoB4hgVs75jU+9hHAqZwKgsmGmowsED4YicKMj03CdiJpqtoy9dZ\nKjMWytc038rpCPbU9DuD29pVVxkP8lV2l/tqoXI7NB4GFQbCFtbDEguRF3g6giYD\nSl8uqyMi93h4tVpqzIgpvb2bBgsEiJzvnVhcnyoOeU98bgHY0a9zx2i0k37H7Bsi\nIN+QEIhMp+MXGk8cZ4XD4K8alsAaF0kuCB0e4U/o+lQY8KJfbf1EEeuMTQl4fGOL\ntgw/YKhfjJT4/d+1u3L18ts+AGzzm2SfGNcN6CnekGAlANg3TIwdXSDPyHAJl+bR\ngut5Knld9Q2SqQKCAQEA1zlES0AcDxeP67+5BvVd/N04xse5ujW3HzzYgLAZvdj4\nJadq35j5YhqbkjJdScGz9/QPPuihnNYBp+kG8rNYngMYyH4tYpAyoRSEoIzN/jey\nIV1MruD6oO+gMQQvVlDqRrb7S8Lz9kpLUJYTwqkFvH51HV2m5BpIXOTLSS5APSP6\nif1eD5iU8GwMTBAGBVQ6cYSYdubM+olMWFWMlDTiUHD+dF+CgA4wJ0gJA/WWdni4\nMwxF27XBKpK3ZE7zP2/LwcI4gQta88KsOF0+ZkNmsL+QmzwGTvPZdDxI4/yZ2P+o\nAsKX4urXa35/+xr0zatkvMyCz68rqbe1+nrEI/8BvwKCAQBgfbFrVBIRKAnKjLUL\nWCjLrS2KIB2GdJOv9MPjsYXpq/AgXR8BQ9yaF5gipQ6hp7jZrnUMJyiKk0mo+BM0\n/E3hwi1LT4vepifB4krY3YvGHVR5JeO9Y813F+8Jh/0d+Pagdv6hFmf2lsFqwXG5\nor5XfsZ+8HIScAnWjw3PQUkynyjem8qSiVP0BlUg/ZnJyn+DChMcx3YNxKIzmvNf\nrp+NbNymJYNJHYP7jvphGmuJ32x9IqTHkGEx0yNuMwXKTXshToqe6Iv51kh8eJ9Q\n9D/wAFEJnmH6N+9D6FJEdiqXm2D64dUh2PS0s8rbmqocmYXGX9vWowZp453jeg42\nfKmRAoIBAAtAQSO17EGVt75ZPXDxrsIjRm6NzlW/rR0C70Z67j2QdBhz0hByTMcm\nIO/Zlire52uU5J8jRh+OyHNgqS5S1dUc0FTa08CNTThCfFRwR+x8OOGpoPKbbD6x\niCxHzbmzbSvZMPXa8Sn05E8IKWxJrbUW30Rzut+9x/6jL0VaF52aneRMzHgAP/j5\njQME62un5Y49okLE+f424zjS8BBnW1VdMtAelhHfrADBsUb1tbHnyalRgO1laP2y\nwceKoQi17W7pmk6Uq2KG0L35keOCroGa4hJbZvEFql57MExKzjgb1UqfpZUFNdG2\nwTX9SMLfrNp5znTQ8XVj1y2K8Wn4UL0CggEBALryztuQpxe+QPkSzwuxtdR+Jm4e\nsSIZvCOCcTgHSmDkFOy+njqoQQNrqdJ5rivZd3Sn/ALKIknbYX7qgRZY5Mbf+ygx\nimL2YNhLMMRlyoywCsQ9JzN+0zj1vBIudQmszJTmT67WFpA9iqaQx44ncMW5tv04\n0Zj+OUMvjUFX9OPVf2Emakmzxvvi67PDUKbIUoWOy28tGwz2nzC3G7u5Md3e3bDq\nIOVxcpzROZqZUbX4TDTNS0bSmy0U1CD+UCuUV2XvLf/HiCb+n29zKXuw3NO2+2MW\n0iUmsHCJwSBBSW81CoFP8+/v3Tc5FW5dWWtZ58bAZXhCdVLCps8nWxJTTdI=\n-----END RSA PRIVATE KEY-----\n",
            "cert_pem": "-----BEGIN CERTIFICATE-----\nMIIFUzCCAzugAwIBAgIRALAygrwFIk/bhErzg8N0yCUwDQYJKoZIhvcNAQELBQAw\nOTEaMBgGA1UEChMRVGVycmFmb3JtIFRlc3RpbmcxGzAZBgNVBAMTEnByb2plY3Qt\naW50ZWx5LmNvbTAeFw0yNDA2MTkxMzE0NTRaFw0yNTA2MTkxMzE0NTRaMDkxGjAY\nBgNVBAoTEVRlc3QgT3JnYW5pemF0aW9uMRswGQYDVQQDExJwcm9qZWN0LWludGVs\neS5jb20wggIiMA0GCSqGSIb3DQEBAQUAA4ICDwAwggIKAoICAQDKx4gekM1W0kpM\nr/htigJlVwzCSNo/RHjhL3ZEOzqbUc1AmEltpgThFQa/HYekIE92DzzOGIodbZJp\nNyhe3Ja/jdUPi5xmpY6t6WBvONCx8bDrdwAKf3MC3wzaCocV4BCeQRIZUamjifT/\nJeDul9jdwr7C620IyUWBXiZBIB3rWgkGlUOJHqsCeHr7ukQ4rWmyoEBQAtjPuCvW\n1XPx9tTAXq4SmbmTgYO07BoFUwh8rk59FmBqx5yadDwhhVgj3ZLUcLVtupeTd4Mx\nEgpcsbVaN8TAXGNdCz3v2/36S9uA3eGmYS4q0Rga4DlVLX12lgVaF1RQOOTKFvef\nsGTnE3AXQdcvU3O5CAwSIKaqZnyDJ2M5uW+xvX4ot1hOvTGObhZ5NJ6H5vyRvmLb\nF/2qk96gLnEbBx+fI/2jUrSLHlzkHSz9nr1mvaqe0e3XAN28ZqgxSS61T1LR90KI\nmby7/s36MdyijO5sebSfRwsrhc3zCAQ111QexPnjCWMvhdYqWhD60Fdv2sx3egvo\nFmO6srmjutgc5FbCgSXlbKlhSlrrA7jTiJYSTCjVqHlkHBEHzexVtprlemLAsf68\nqWiAvSkxin4+suNGvxAo37EPcL50hAPjLwTGqULPxNulWi3+fDRecAQ61A3hxk5s\n+3fR2zuMf9HBROQ6G4kalLIFFAoVFwIDAQABo1YwVDAOBgNVHQ8BAf8EBAMCBaAw\nEwYDVR0lBAwwCgYIKwYBBQUHAwEwDAYDVR0TAQH/BAIwADAfBgNVHSMEGDAWgBTQ\nJxhHlv/U53exPttQ1dpE20Z1EzANBgkqhkiG9w0BAQsFAAOCAgEAI+NdN/whv9ex\nJm3Djkv0Jnwe/cFhYOf3DSVzmFEp3xJdljSvv6L7l6UBebqTLYyzpLM5d6HcKZ20\n/h8SvkP7QPcl4JYwUQtwndyF5oNnPJc5dt+GFSIJZRUkQrtQDED8ZCfX+dxxh+m5\njPhs8MBgBK/lDtEMou8Im6eVV7dqXwLaSOoINWBNk/ss8yK/bF+w3v0mQLRzjulB\nCHIjNRv3upVne6tJC2XUX1FzTzGUarwpXJ7LvERwdhtIo/wFcaU2bNI9kttPqo7l\niMFWzeJsogJGiS4kOr68BO8gA6YYGgROupoSThI0RHM6+A8UeRNHhz3bVJlxc96u\nPBUlDe3kCa+g9BHO/t6dH8Gm+1JF0SRlRemEUp8YUMz1T09/nDuw7E3ripdwic01\nL8hIXOI4ie68/GlYfuqFHttPg08+diG8m+r/+STyL94+2WCtXqofSVP+LYnSaCjG\ng0wIx6aeJsfYDYOTMUdKiqgF0pePohIUHMsNPdCFjE6f5qWSLLKYX5iiVidvjx0S\nCb9ingpB0l1JTXWSrTRaQuJyWQWGRawMNG9PhsS/7wVe4na4x6+AphG57qQngNN5\nY0SNCwqWVNjycJy56iGRDunJr4p3Rgyca1JpQSnUOPLVEDuv2cAnK3DaAHxffaae\nKLU3xDDC6xwpfHFIMZEdhkyUjPKVkAs=\n-----END CERTIFICATE-----\n",
            "cert_request_pem": "-----BEGIN CERTIFICATE REQUEST-----\nMIIEfjCCAmYCAQAwOTEaMBgGA1UEChMRVGVzdCBPcmdhbml6YXRpb24xGzAZBgNV\nBAMTEnByb2plY3QtaW50ZWx5LmNvbTCCAiIwDQYJKoZIhvcNAQEBBQADggIPADCC\nAgoCggIBAMrHiB6QzVbSSkyv+G2KAmVXDMJI2j9EeOEvdkQ7OptRzUCYSW2mBOEV\nBr8dh6QgT3YPPM4Yih1tkmk3KF7clr+N1Q+LnGaljq3pYG840LHxsOt3AAp/cwLf\nDNoKhxXgEJ5BEhlRqaOJ9P8l4O6X2N3CvsLrbQjJRYFeJkEgHetaCQaVQ4keqwJ4\nevu6RDitabKgQFAC2M+4K9bVc/H21MBerhKZuZOBg7TsGgVTCHyuTn0WYGrHnJp0\nPCGFWCPdktRwtW26l5N3gzESClyxtVo3xMBcY10LPe/b/fpL24Dd4aZhLirRGBrg\nOVUtfXaWBVoXVFA45MoW95+wZOcTcBdB1y9Tc7kIDBIgpqpmfIMnYzm5b7G9fii3\nWE69MY5uFnk0nofm/JG+YtsX/aqT3qAucRsHH58j/aNStIseXOQdLP2evWa9qp7R\n7dcA3bxmqDFJLrVPUtH3QoiZvLv+zfox3KKM7mx5tJ9HCyuFzfMIBDXXVB7E+eMJ\nYy+F1ipaEPrQV2/azHd6C+gWY7qyuaO62BzkVsKBJeVsqWFKWusDuNOIlhJMKNWo\neWQcEQfN7FW2muV6YsCx/rypaIC9KTGKfj6y40a/ECjfsQ9wvnSEA+MvBMapQs/E\n26VaLf58NF5wBDrUDeHGTmz7d9HbO4x/0cFE5DobiRqUsgUUChUXAgMBAAGgADAN\nBgkqhkiG9w0BAQsFAAOCAgEAY88LtfrvsFQT4bM2YnTmpt1tqUFyt4zeMVmkCgoL\nzEMdgDhZtv6t2hyhi5C2Z+GfeqqOj08QH0OUI7oibD+iQjVjhNSr8tIfDf4Poyao\nIXxlMVLJWPsBLLBjYo1F5sONK2qYWEoUldkvw57eudUyn0QLFN5/8l2Xu2HgWof1\nDCPUj3wZFWJtbjwqpNsiZ0PmcVlFO64JwBTBkZI+brgF3XhGtmn2vJIh8jUMbRBi\nL8flG8YwfZEjbYjRzaO6sV5Q1pOiEtCGnt3WnNoNUwr+JrsEoT4wsGLyatZwsh0s\nZPMO+eFcaZPvHgMiF5Rt3x7a7oQzzAkb1tGZr46eq7lAdNYr+7BdlV5QeDtvPa3E\n3k6OLUU8qd8feXusIJIhaVdAHSmWwUhZVXXpMXDITTVBWszhk6mC8l13VtH1cSBM\nR3A2GAJP35EaIqOIOUnDA+3GO4OtBCVqMwKq4sAO4qpz8dKDVma0YqfCpps5i0uc\n+TWmeMssi2wuaM1v51a1BrFfoPlwFuJwYmwtYFfuXdy79ESTPzO+iqqDnzvzVKir\n5sRiq3aA/JC4qXzNIUslcVje8nUmswjOiMIOxXxOZRcqD0LuHejPKcWfYsJWdOE7\nmqXmb4u6gjKYhLmeqskBjYriF4UvwT2M8/pnXVXPvvwUKfdotFHbaMhvEEXRhe7S\nVtk=\n-----END CERTIFICATE REQUEST-----\n",
            "early_renewal_hours": 0,
            "id": "234206393710803868054642569043187648549",
            "is_ca_certificate": false,
            "ready_for_renewal": false,
            "set_subject_key_id": false,
            "validity_end_time": "2025-06-19T15:14:54.289389+02:00",
            "validity_period_hours": 8760,
            "validity_start_time": "2024-06-19T15:14:54.289389+02:00"
          },
          "sensitive_attributes": [
            [
              {
                "type": "get_attr",
                "value": "ca_private_key_pem"
              }
            ]
          ],
          "dependencies": [
            "module.alb.tls_cert_request.cert",
            "module.alb.tls_private_key.cert",
            "module.alb.tls_self_signed_cert.ca",
            "module.vpc.aws_default_route_table.private",
            "module.vpc.aws_eip.nat",
            "module.vpc.aws_internet_gateway.this",
            "module.vpc.aws_nat_gateway.this",
            "module.vpc.aws_route.private",
            "module.vpc.aws_route.public",
            "module.vpc.aws_route_table.private",
            "module.vpc.aws_route_table.public",
            "module.vpc.aws_route_table_association.private",
            "module.vpc.aws_route_table_association.public",
            "module.vpc.aws_subnet.private",
            "module.vpc.aws_subnet.public",
            "module.vpc.aws_vpc.this",
            "module.vpc.data.aws_route_table.private"
          ]
        }
      ]
    },
    {
      "module": "module.alb",
      "mode": "managed",
      "type": "tls_private_key",
      "name": "cert",
      "provider": "provider[\"registry.terraform.io/hashicorp/tls\"]",
      "instances": [
        {
          "schema_version": 1,
          "attributes": {
            "algorithm": "RSA",
            "ecdsa_curve": "P224",
            "id": "0340838628a6c03c891f50851660937f98549ea2",
            "private_key_openssh": "-----BEGIN OPENSSH PRIVATE KEY-----\nb3BlbnNzaC1rZXktdjEAAAAABG5vbmUAAAAEbm9uZQAAAAAAAAABAAACFwAAAAdz\nc2gtcnNhAAAAAwEAAQAAAgEAyseIHpDNVtJKTK/4bYoCZVcMwkjaP0R44S92RDs6\nm1HNQJhJbaYE4RUGvx2HpCBPdg88zhiKHW2SaTcoXtyWv43VD4ucZqWOrelgbzjQ\nsfGw63cACn9zAt8M2gqHFeAQnkESGVGpo4n0/yXg7pfY3cK+wuttCMlFgV4mQSAd\n61oJBpVDiR6rAnh6+7pEOK1psqBAUALYz7gr1tVz8fbUwF6uEpm5k4GDtOwaBVMI\nfK5OfRZgasecmnQ8IYVYI92S1HC1bbqXk3eDMRIKXLG1WjfEwFxjXQs979v9+kvb\ngN3hpmEuKtEYGuA5VS19dpYFWhdUUDjkyhb3n7Bk5xNwF0HXL1NzuQgMEiCmqmZ8\ngydjOblvsb1+KLdYTr0xjm4WeTSeh+b8kb5i2xf9qpPeoC5xGwcfnyP9o1K0ix5c\n5B0s/Z69Zr2qntHt1wDdvGaoMUkutU9S0fdCiJm8u/7N+jHcoozubHm0n0cLK4XN\n8wgENddUHsT54wljL4XWKloQ+tBXb9rMd3oL6BZjurK5o7rYHORWwoEl5WypYUpa\n6wO404iWEkwo1ah5ZBwRB83sVbaa5XpiwLH+vKlogL0pMYp+PrLjRr8QKN+xD3C+\ndIQD4y8ExqlCz8TbpVot/nw0XnAEOtQN4cZObPt30ds7jH/RwUTkOhuJGpSyBRQK\nFRcAAAc4pNRyo6TUcqMAAAAHc3NoLXJzYQAAAgEAyseIHpDNVtJKTK/4bYoCZVcM\nwkjaP0R44S92RDs6m1HNQJhJbaYE4RUGvx2HpCBPdg88zhiKHW2SaTcoXtyWv43V\nD4ucZqWOrelgbzjQsfGw63cACn9zAt8M2gqHFeAQnkESGVGpo4n0/yXg7pfY3cK+\nwuttCMlFgV4mQSAd61oJBpVDiR6rAnh6+7pEOK1psqBAUALYz7gr1tVz8fbUwF6u\nEpm5k4GDtOwaBVMIfK5OfRZgasecmnQ8IYVYI92S1HC1bbqXk3eDMRIKXLG1WjfE\nwFxjXQs979v9+kvbgN3hpmEuKtEYGuA5VS19dpYFWhdUUDjkyhb3n7Bk5xNwF0HX\nL1NzuQgMEiCmqmZ8gydjOblvsb1+KLdYTr0xjm4WeTSeh+b8kb5i2xf9qpPeoC5x\nGwcfnyP9o1K0ix5c5B0s/Z69Zr2qntHt1wDdvGaoMUkutU9S0fdCiJm8u/7N+jHc\noozubHm0n0cLK4XN8wgENddUHsT54wljL4XWKloQ+tBXb9rMd3oL6BZjurK5o7rY\nHORWwoEl5WypYUpa6wO404iWEkwo1ah5ZBwRB83sVbaa5XpiwLH+vKlogL0pMYp+\nPrLjRr8QKN+xD3C+dIQD4y8ExqlCz8TbpVot/nw0XnAEOtQN4cZObPt30ds7jH/R\nwUTkOhuJGpSyBRQKFRcAAAADAQABAAACAFe/BdjsId7K+pm6n86OpMDDbWL48W/l\nKkWPKycVViP1vtKP015eM8hON/AlUBemX5wftdkc508apftfgdmirJzRO/wRFqmY\nRGhfD3qxZCVMB5mskdj5E4SPjlkfqxq9LZO9Zp6MJtL8lIaAFphIHvC/H5rrEvB1\nX90+J2GRC0FXYYZ2upWwLqHQDq+1B2ZbK9y+2XWF9dnUwSuijByNCb0Ae2TTHmmE\n5sA4Vn4tUwPYzV/1ed1a6Row6AA9WkmSzMGez/Nehc6rLZrjSpaX03jpnvr6P4j4\nn2GWmY1gm+hkmwtLDBY9Cqg+lLCWEa9p9YDpjXN1WxNT4u04AEG5uIuiUdKJxcaY\ncSwyLHPuS2ptQm+pSqDR8PDc8XmTGIIZq9qN7hkrD3GYZBxWPqrEPpND1pwnhx9x\nleQuSuKxWvKEIU5jJ+W23b3FlhtoyiMrki5Cgxb9xDtNfS0ry39W2V/fKzFea3cx\nKvCFaj56j/KXNMNnDY9ERqcAmPY1y3ZgFKrIYs9c9W91zedNPo5StwpfkGHNuS4M\n3UL0YHNMcI1o+1+2Yn6rLYscLcvKFjJIN45umKKh9VI6t6FKtxPSUW4lx7roZSZa\nrDNezDs9Fn23ZWU1e9Is9/cuxNF4tJlaaXLNvN4eXNewGa+H0vHP4C564WvRw9Q8\nMEOzw8BfiajRAAABAQC68s7bkKcXvkD5Es8LsbXUfiZuHrEiGbwjgnE4B0pg5BTs\nvp46qEEDa6nSea4r2Xd0p/wCyiJJ22F+6oEWWOTG3/soMYpi9mDYSzDEZcqMsArE\nPSczftM49bwSLnUJrMyU5k+u1haQPYqmkMeOJ3DFubb9ONGY/jlDL41BV/Tj1X9h\nJmpJs8b74uuzw1CmyFKFjstvLRsM9p8wtxu7uTHd3t2w6iDlcXKc0TmamVG1+Ew0\nzUtG0pstFNQg/lArlFdl7y3/x4gm/p9vcyl7sNzTtvtjFtIlJrBwicEgQUlvNQqB\nT/Pv7903ORVuXVlrWefGwGV4QnVSwqbPJ1sSU03SAAABAQDxMrH+S8jTAdhN3YIy\njTtigHiGBWzvmNT72EcCpnAqCyYaajCwQPhiJwoyPTcJ2Immq2jL11kqMxbK1zTf\nyukI9tT0O4Pb2lVXGQ/yVXaX+2qhcjs0HgYVBsIW1sMSC5EXeDqCJgNKXy6rIyL3\neHi1WmrMiCm9vZsGCwSInO+dWFyfKg55T3xuAdjRr3PHaLSTfsfsGyIg35AQiEyn\n4xcaTxxnhcPgrxqWwBoXSS4IHR7hT+j6VBjwol9t/UQR64xNCXh8Y4u2DD9gqF+M\nlPj937W7cvXy2z4AbPObZJ8Y1w3oKd6QYCUA2DdMjB1dIM/IcAmX5tGC63kqeV31\nDZKpAAABAQDXOURLQBwPF4/rv7kG9V383TjGx7m6NbcfPNiAsBm92Pglp2rfmPli\nGpuSMl1JwbP39A8+6KGc1gGn6Qbys1ieAxjIfi1ikDKhFISgjM3+N7IhXUyu4Pqg\n76AxBC9WUOpGtvtLwvP2SktQlhPCqQW8fnUdXabkGkhc5MtJLkA9I/qJ/V4PmJTw\nbAxMEAYFVDpxhJh25sz6iUxYVYyUNOJQcP50X4KADjAnSAkD9ZZ2eLgzDEXbtcEq\nkrdkTvM/b8vBwjiBC1rzwqw4XT5mQ2awv5CbPAZO89l0PEjj/JnY/6gCwpfi6tdr\nfn/7GvTNq2S8zILPryupt7X6esQj/wG/AAAAAAEC\n-----END OPENSSH PRIVATE KEY-----\n",
            "private_key_pem": "-----BEGIN RSA PRIVATE KEY-----\nMIIJKAIBAAKCAgEAyseIHpDNVtJKTK/4bYoCZVcMwkjaP0R44S92RDs6m1HNQJhJ\nbaYE4RUGvx2HpCBPdg88zhiKHW2SaTcoXtyWv43VD4ucZqWOrelgbzjQsfGw63cA\nCn9zAt8M2gqHFeAQnkESGVGpo4n0/yXg7pfY3cK+wuttCMlFgV4mQSAd61oJBpVD\niR6rAnh6+7pEOK1psqBAUALYz7gr1tVz8fbUwF6uEpm5k4GDtOwaBVMIfK5OfRZg\nasecmnQ8IYVYI92S1HC1bbqXk3eDMRIKXLG1WjfEwFxjXQs979v9+kvbgN3hpmEu\nKtEYGuA5VS19dpYFWhdUUDjkyhb3n7Bk5xNwF0HXL1NzuQgMEiCmqmZ8gydjOblv\nsb1+KLdYTr0xjm4WeTSeh+b8kb5i2xf9qpPeoC5xGwcfnyP9o1K0ix5c5B0s/Z69\nZr2qntHt1wDdvGaoMUkutU9S0fdCiJm8u/7N+jHcoozubHm0n0cLK4XN8wgENddU\nHsT54wljL4XWKloQ+tBXb9rMd3oL6BZjurK5o7rYHORWwoEl5WypYUpa6wO404iW\nEkwo1ah5ZBwRB83sVbaa5XpiwLH+vKlogL0pMYp+PrLjRr8QKN+xD3C+dIQD4y8E\nxqlCz8TbpVot/nw0XnAEOtQN4cZObPt30ds7jH/RwUTkOhuJGpSyBRQKFRcCAwEA\nAQKCAgBXvwXY7CHeyvqZup/OjqTAw21i+PFv5SpFjysnFVYj9b7Sj9NeXjPITjfw\nJVAXpl+cH7XZHOdPGqX7X4HZoqyc0Tv8ERapmERoXw96sWQlTAeZrJHY+ROEj45Z\nH6savS2TvWaejCbS/JSGgBaYSB7wvx+a6xLwdV/dPidhkQtBV2GGdrqVsC6h0A6v\ntQdmWyvcvtl1hfXZ1MEroowcjQm9AHtk0x5phObAOFZ+LVMD2M1f9XndWukaMOgA\nPVpJkszBns/zXoXOqy2a40qWl9N46Z76+j+I+J9hlpmNYJvoZJsLSwwWPQqoPpSw\nlhGvafWA6Y1zdVsTU+LtOABBubiLolHSicXGmHEsMixz7ktqbUJvqUqg0fDw3PF5\nkxiCGavaje4ZKw9xmGQcVj6qxD6TQ9acJ4cfcZXkLkrisVryhCFOYyfltt29xZYb\naMojK5IuQoMW/cQ7TX0tK8t/Vtlf3ysxXmt3MSrwhWo+eo/ylzTDZw2PREanAJj2\nNct2YBSqyGLPXPVvdc3nTT6OUrcKX5BhzbkuDN1C9GBzTHCNaPtftmJ+qy2LHC3L\nyhYySDeObpiiofVSOrehSrcT0lFuJce66GUmWqwzXsw7PRZ9t2VlNXvSLPf3LsTR\neLSZWmlyzbzeHlzXsBmvh9Lxz+AueuFr0cPUPDBDs8PAX4mo0QKCAQEA8TKx/kvI\n0wHYTd2CMo07YoB4hgVs75jU+9hHAqZwKgsmGmowsED4YicKMj03CdiJpqtoy9dZ\nKjMWytc038rpCPbU9DuD29pVVxkP8lV2l/tqoXI7NB4GFQbCFtbDEguRF3g6giYD\nSl8uqyMi93h4tVpqzIgpvb2bBgsEiJzvnVhcnyoOeU98bgHY0a9zx2i0k37H7Bsi\nIN+QEIhMp+MXGk8cZ4XD4K8alsAaF0kuCB0e4U/o+lQY8KJfbf1EEeuMTQl4fGOL\ntgw/YKhfjJT4/d+1u3L18ts+AGzzm2SfGNcN6CnekGAlANg3TIwdXSDPyHAJl+bR\ngut5Knld9Q2SqQKCAQEA1zlES0AcDxeP67+5BvVd/N04xse5ujW3HzzYgLAZvdj4\nJadq35j5YhqbkjJdScGz9/QPPuihnNYBp+kG8rNYngMYyH4tYpAyoRSEoIzN/jey\nIV1MruD6oO+gMQQvVlDqRrb7S8Lz9kpLUJYTwqkFvH51HV2m5BpIXOTLSS5APSP6\nif1eD5iU8GwMTBAGBVQ6cYSYdubM+olMWFWMlDTiUHD+dF+CgA4wJ0gJA/WWdni4\nMwxF27XBKpK3ZE7zP2/LwcI4gQta88KsOF0+ZkNmsL+QmzwGTvPZdDxI4/yZ2P+o\nAsKX4urXa35/+xr0zatkvMyCz68rqbe1+nrEI/8BvwKCAQBgfbFrVBIRKAnKjLUL\nWCjLrS2KIB2GdJOv9MPjsYXpq/AgXR8BQ9yaF5gipQ6hp7jZrnUMJyiKk0mo+BM0\n/E3hwi1LT4vepifB4krY3YvGHVR5JeO9Y813F+8Jh/0d+Pagdv6hFmf2lsFqwXG5\nor5XfsZ+8HIScAnWjw3PQUkynyjem8qSiVP0BlUg/ZnJyn+DChMcx3YNxKIzmvNf\nrp+NbNymJYNJHYP7jvphGmuJ32x9IqTHkGEx0yNuMwXKTXshToqe6Iv51kh8eJ9Q\n9D/wAFEJnmH6N+9D6FJEdiqXm2D64dUh2PS0s8rbmqocmYXGX9vWowZp453jeg42\nfKmRAoIBAAtAQSO17EGVt75ZPXDxrsIjRm6NzlW/rR0C70Z67j2QdBhz0hByTMcm\nIO/Zlire52uU5J8jRh+OyHNgqS5S1dUc0FTa08CNTThCfFRwR+x8OOGpoPKbbD6x\niCxHzbmzbSvZMPXa8Sn05E8IKWxJrbUW30Rzut+9x/6jL0VaF52aneRMzHgAP/j5\njQME62un5Y49okLE+f424zjS8BBnW1VdMtAelhHfrADBsUb1tbHnyalRgO1laP2y\nwceKoQi17W7pmk6Uq2KG0L35keOCroGa4hJbZvEFql57MExKzjgb1UqfpZUFNdG2\nwTX9SMLfrNp5znTQ8XVj1y2K8Wn4UL0CggEBALryztuQpxe+QPkSzwuxtdR+Jm4e\nsSIZvCOCcTgHSmDkFOy+njqoQQNrqdJ5rivZd3Sn/ALKIknbYX7qgRZY5Mbf+ygx\nimL2YNhLMMRlyoywCsQ9JzN+0zj1vBIudQmszJTmT67WFpA9iqaQx44ncMW5tv04\n0Zj+OUMvjUFX9OPVf2Emakmzxvvi67PDUKbIUoWOy28tGwz2nzC3G7u5Md3e3bDq\nIOVxcpzROZqZUbX4TDTNS0bSmy0U1CD+UCuUV2XvLf/HiCb+n29zKXuw3NO2+2MW\n0iUmsHCJwSBBSW81CoFP8+/v3Tc5FW5dWWtZ58bAZXhCdVLCps8nWxJTTdI=\n-----END RSA PRIVATE KEY-----\n",
            "private_key_pem_pkcs8": "-----BEGIN PRIVATE KEY-----\nMIIJQgIBADANBgkqhkiG9w0BAQEFAASCCSwwggkoAgEAAoICAQDKx4gekM1W0kpM\nr/htigJlVwzCSNo/RHjhL3ZEOzqbUc1AmEltpgThFQa/HYekIE92DzzOGIodbZJp\nNyhe3Ja/jdUPi5xmpY6t6WBvONCx8bDrdwAKf3MC3wzaCocV4BCeQRIZUamjifT/\nJeDul9jdwr7C620IyUWBXiZBIB3rWgkGlUOJHqsCeHr7ukQ4rWmyoEBQAtjPuCvW\n1XPx9tTAXq4SmbmTgYO07BoFUwh8rk59FmBqx5yadDwhhVgj3ZLUcLVtupeTd4Mx\nEgpcsbVaN8TAXGNdCz3v2/36S9uA3eGmYS4q0Rga4DlVLX12lgVaF1RQOOTKFvef\nsGTnE3AXQdcvU3O5CAwSIKaqZnyDJ2M5uW+xvX4ot1hOvTGObhZ5NJ6H5vyRvmLb\nF/2qk96gLnEbBx+fI/2jUrSLHlzkHSz9nr1mvaqe0e3XAN28ZqgxSS61T1LR90KI\nmby7/s36MdyijO5sebSfRwsrhc3zCAQ111QexPnjCWMvhdYqWhD60Fdv2sx3egvo\nFmO6srmjutgc5FbCgSXlbKlhSlrrA7jTiJYSTCjVqHlkHBEHzexVtprlemLAsf68\nqWiAvSkxin4+suNGvxAo37EPcL50hAPjLwTGqULPxNulWi3+fDRecAQ61A3hxk5s\n+3fR2zuMf9HBROQ6G4kalLIFFAoVFwIDAQABAoICAFe/BdjsId7K+pm6n86OpMDD\nbWL48W/lKkWPKycVViP1vtKP015eM8hON/AlUBemX5wftdkc508apftfgdmirJzR\nO/wRFqmYRGhfD3qxZCVMB5mskdj5E4SPjlkfqxq9LZO9Zp6MJtL8lIaAFphIHvC/\nH5rrEvB1X90+J2GRC0FXYYZ2upWwLqHQDq+1B2ZbK9y+2XWF9dnUwSuijByNCb0A\ne2TTHmmE5sA4Vn4tUwPYzV/1ed1a6Row6AA9WkmSzMGez/Nehc6rLZrjSpaX03jp\nnvr6P4j4n2GWmY1gm+hkmwtLDBY9Cqg+lLCWEa9p9YDpjXN1WxNT4u04AEG5uIui\nUdKJxcaYcSwyLHPuS2ptQm+pSqDR8PDc8XmTGIIZq9qN7hkrD3GYZBxWPqrEPpND\n1pwnhx9xleQuSuKxWvKEIU5jJ+W23b3FlhtoyiMrki5Cgxb9xDtNfS0ry39W2V/f\nKzFea3cxKvCFaj56j/KXNMNnDY9ERqcAmPY1y3ZgFKrIYs9c9W91zedNPo5Stwpf\nkGHNuS4M3UL0YHNMcI1o+1+2Yn6rLYscLcvKFjJIN45umKKh9VI6t6FKtxPSUW4l\nx7roZSZarDNezDs9Fn23ZWU1e9Is9/cuxNF4tJlaaXLNvN4eXNewGa+H0vHP4C56\n4WvRw9Q8MEOzw8BfiajRAoIBAQDxMrH+S8jTAdhN3YIyjTtigHiGBWzvmNT72EcC\npnAqCyYaajCwQPhiJwoyPTcJ2Immq2jL11kqMxbK1zTfyukI9tT0O4Pb2lVXGQ/y\nVXaX+2qhcjs0HgYVBsIW1sMSC5EXeDqCJgNKXy6rIyL3eHi1WmrMiCm9vZsGCwSI\nnO+dWFyfKg55T3xuAdjRr3PHaLSTfsfsGyIg35AQiEyn4xcaTxxnhcPgrxqWwBoX\nSS4IHR7hT+j6VBjwol9t/UQR64xNCXh8Y4u2DD9gqF+MlPj937W7cvXy2z4AbPOb\nZJ8Y1w3oKd6QYCUA2DdMjB1dIM/IcAmX5tGC63kqeV31DZKpAoIBAQDXOURLQBwP\nF4/rv7kG9V383TjGx7m6NbcfPNiAsBm92Pglp2rfmPliGpuSMl1JwbP39A8+6KGc\n1gGn6Qbys1ieAxjIfi1ikDKhFISgjM3+N7IhXUyu4Pqg76AxBC9WUOpGtvtLwvP2\nSktQlhPCqQW8fnUdXabkGkhc5MtJLkA9I/qJ/V4PmJTwbAxMEAYFVDpxhJh25sz6\niUxYVYyUNOJQcP50X4KADjAnSAkD9ZZ2eLgzDEXbtcEqkrdkTvM/b8vBwjiBC1rz\nwqw4XT5mQ2awv5CbPAZO89l0PEjj/JnY/6gCwpfi6tdrfn/7GvTNq2S8zILPryup\nt7X6esQj/wG/AoIBAGB9sWtUEhEoCcqMtQtYKMutLYogHYZ0k6/0w+Oxhemr8CBd\nHwFD3JoXmCKlDqGnuNmudQwnKIqTSaj4EzT8TeHCLUtPi96mJ8HiStjdi8YdVHkl\n471jzXcX7wmH/R349qB2/qEWZ/aWwWrBcbmivld+xn7wchJwCdaPDc9BSTKfKN6b\nypKJU/QGVSD9mcnKf4MKExzHdg3EojOa81+un41s3KYlg0kdg/uO+mEaa4nfbH0i\npMeQYTHTI24zBcpNeyFOip7oi/nWSHx4n1D0P/AAUQmeYfo370PoUkR2KpebYPrh\n1SHY9LSzytuaqhyZhcZf29ajBmnjneN6DjZ8qZECggEAC0BBI7XsQZW3vlk9cPGu\nwiNGbo3OVb+tHQLvRnruPZB0GHPSEHJMxyYg79mWKt7na5TknyNGH47Ic2CpLlLV\n1RzQVNrTwI1NOEJ8VHBH7Hw44amg8ptsPrGILEfNubNtK9kw9drxKfTkTwgpbEmt\ntRbfRHO6373H/qMvRVoXnZqd5EzMeAA/+PmNAwTra6fljj2iQsT5/jbjONLwEGdb\nVV0y0B6WEd+sAMGxRvW1sefJqVGA7WVo/bLBx4qhCLXtbumaTpSrYobQvfmR44Ku\ngZriEltm8QWqXnswTErOOBvVSp+llQU10bbBNf1Iwt+s2nnOdNDxdWPXLYrxafhQ\nvQKCAQEAuvLO25CnF75A+RLPC7G11H4mbh6xIhm8I4JxOAdKYOQU7L6eOqhBA2up\n0nmuK9l3dKf8AsoiSdthfuqBFljkxt/7KDGKYvZg2EswxGXKjLAKxD0nM37TOPW8\nEi51CazMlOZPrtYWkD2KppDHjidwxbm2/TjRmP45Qy+NQVf049V/YSZqSbPG++Lr\ns8NQpshShY7Lby0bDPafMLcbu7kx3d7dsOog5XFynNE5mplRtfhMNM1LRtKbLRTU\nIP5QK5RXZe8t/8eIJv6fb3Mpe7Dc07b7YxbSJSawcInBIEFJbzUKgU/z7+/dNzkV\nbl1Za1nnxsBleEJ1UsKmzydbElNN0g==\n-----END PRIVATE KEY-----\n",
            "public_key_fingerprint_md5": "1b:0c:fa:a3:d8:10:6c:76:ac:25:cc:a0:58:c9:17:82",
            "public_key_fingerprint_sha256": "SHA256:MYtS/4JBjB4xs0NTMX4/c5SxuGXIOUV5Nfzvrxv71zc",
            "public_key_openssh": "ssh-rsa AAAAB3NzaC1yc2EAAAADAQABAAACAQDKx4gekM1W0kpMr/htigJlVwzCSNo/RHjhL3ZEOzqbUc1AmEltpgThFQa/HYekIE92DzzOGIodbZJpNyhe3Ja/jdUPi5xmpY6t6WBvONCx8bDrdwAKf3MC3wzaCocV4BCeQRIZUamjifT/JeDul9jdwr7C620IyUWBXiZBIB3rWgkGlUOJHqsCeHr7ukQ4rWmyoEBQAtjPuCvW1XPx9tTAXq4SmbmTgYO07BoFUwh8rk59FmBqx5yadDwhhVgj3ZLUcLVtupeTd4MxEgpcsbVaN8TAXGNdCz3v2/36S9uA3eGmYS4q0Rga4DlVLX12lgVaF1RQOOTKFvefsGTnE3AXQdcvU3O5CAwSIKaqZnyDJ2M5uW+xvX4ot1hOvTGObhZ5NJ6H5vyRvmLbF/2qk96gLnEbBx+fI/2jUrSLHlzkHSz9nr1mvaqe0e3XAN28ZqgxSS61T1LR90KImby7/s36MdyijO5sebSfRwsrhc3zCAQ111QexPnjCWMvhdYqWhD60Fdv2sx3egvoFmO6srmjutgc5FbCgSXlbKlhSlrrA7jTiJYSTCjVqHlkHBEHzexVtprlemLAsf68qWiAvSkxin4+suNGvxAo37EPcL50hAPjLwTGqULPxNulWi3+fDRecAQ61A3hxk5s+3fR2zuMf9HBROQ6G4kalLIFFAoVFw==\n",
            "public_key_pem": "-----BEGIN PUBLIC KEY-----\nMIICIjANBgkqhkiG9w0BAQEFAAOCAg8AMIICCgKCAgEAyseIHpDNVtJKTK/4bYoC\nZVcMwkjaP0R44S92RDs6m1HNQJhJbaYE4RUGvx2HpCBPdg88zhiKHW2SaTcoXtyW\nv43VD4ucZqWOrelgbzjQsfGw63cACn9zAt8M2gqHFeAQnkESGVGpo4n0/yXg7pfY\n3cK+wuttCMlFgV4mQSAd61oJBpVDiR6rAnh6+7pEOK1psqBAUALYz7gr1tVz8fbU\nwF6uEpm5k4GDtOwaBVMIfK5OfRZgasecmnQ8IYVYI92S1HC1bbqXk3eDMRIKXLG1\nWjfEwFxjXQs979v9+kvbgN3hpmEuKtEYGuA5VS19dpYFWhdUUDjkyhb3n7Bk5xNw\nF0HXL1NzuQgMEiCmqmZ8gydjOblvsb1+KLdYTr0xjm4WeTSeh+b8kb5i2xf9qpPe\noC5xGwcfnyP9o1K0ix5c5B0s/Z69Zr2qntHt1wDdvGaoMUkutU9S0fdCiJm8u/7N\n+jHcoozubHm0n0cLK4XN8wgENddUHsT54wljL4XWKloQ+tBXb9rMd3oL6BZjurK5\no7rYHORWwoEl5WypYUpa6wO404iWEkwo1ah5ZBwRB83sVbaa5XpiwLH+vKlogL0p\nMYp+PrLjRr8QKN+xD3C+dIQD4y8ExqlCz8TbpVot/nw0XnAEOtQN4cZObPt30ds7\njH/RwUTkOhuJGpSyBRQKFRcCAwEAAQ==\n-----END PUBLIC KEY-----\n",
            "rsa_bits": 4096
          },
          "sensitive_attributes": [
            [
              {
                "type": "get_attr",
                "value": "private_key_pem"
              }
            ],
            [
              {
                "type": "get_attr",
                "value": "private_key_pem_pkcs8"
              }
            ],
            [
              {
                "type": "get_attr",
                "value": "private_key_openssh"
              }
            ]
          ],
          "dependencies": [
            "module.vpc.aws_default_route_table.private",
            "module.vpc.aws_eip.nat",
            "module.vpc.aws_internet_gateway.this",
            "module.vpc.aws_nat_gateway.this",
            "module.vpc.aws_route.private",
            "module.vpc.aws_route.public",
            "module.vpc.aws_route_table.private",
            "module.vpc.aws_route_table.public",
            "module.vpc.aws_route_table_association.private",
            "module.vpc.aws_route_table_association.public",
            "module.vpc.aws_subnet.private",
            "module.vpc.aws_subnet.public",
            "module.vpc.aws_vpc.this",
            "module.vpc.data.aws_route_table.private"
          ]
        }
      ]
    },
    {
      "module": "module.alb",
      "mode": "managed",
      "type": "tls_self_signed_cert",
      "name": "ca",
      "provider": "provider[\"registry.terraform.io/hashicorp/tls\"]",
      "instances": [
        {
          "schema_version": 0,
          "attributes": {
            "allowed_uses": [
              "cert_signing",
              "key_encipherment",
              "digital_signature"
            ],
            "cert_pem": "-----BEGIN CERTIFICATE-----\nMIIFPjCCAyagAwIBAgIQJFbD0DjrUKsNskkwtCpqmTANBgkqhkiG9w0BAQsFADA5\nMRowGAYDVQQKExFUZXJyYWZvcm0gVGVzdGluZzEbMBkGA1UEAxMScHJvamVjdC1p\nbnRlbHkuY29tMB4XDTI0MDYxOTEzMTQ1NFoXDTI1MDYxOTEzMTQ1NFowOTEaMBgG\nA1UEChMRVGVycmFmb3JtIFRlc3RpbmcxGzAZBgNVBAMTEnByb2plY3QtaW50ZWx5\nLmNvbTCCAiIwDQYJKoZIhvcNAQEBBQADggIPADCCAgoCggIBAMrHiB6QzVbSSkyv\n+G2KAmVXDMJI2j9EeOEvdkQ7OptRzUCYSW2mBOEVBr8dh6QgT3YPPM4Yih1tkmk3\nKF7clr+N1Q+LnGaljq3pYG840LHxsOt3AAp/cwLfDNoKhxXgEJ5BEhlRqaOJ9P8l\n4O6X2N3CvsLrbQjJRYFeJkEgHetaCQaVQ4keqwJ4evu6RDitabKgQFAC2M+4K9bV\nc/H21MBerhKZuZOBg7TsGgVTCHyuTn0WYGrHnJp0PCGFWCPdktRwtW26l5N3gzES\nClyxtVo3xMBcY10LPe/b/fpL24Dd4aZhLirRGBrgOVUtfXaWBVoXVFA45MoW95+w\nZOcTcBdB1y9Tc7kIDBIgpqpmfIMnYzm5b7G9fii3WE69MY5uFnk0nofm/JG+YtsX\n/aqT3qAucRsHH58j/aNStIseXOQdLP2evWa9qp7R7dcA3bxmqDFJLrVPUtH3QoiZ\nvLv+zfox3KKM7mx5tJ9HCyuFzfMIBDXXVB7E+eMJYy+F1ipaEPrQV2/azHd6C+gW\nY7qyuaO62BzkVsKBJeVsqWFKWusDuNOIlhJMKNWoeWQcEQfN7FW2muV6YsCx/ryp\naIC9KTGKfj6y40a/ECjfsQ9wvnSEA+MvBMapQs/E26VaLf58NF5wBDrUDeHGTmz7\nd9HbO4x/0cFE5DobiRqUsgUUChUXAgMBAAGjQjBAMA4GA1UdDwEB/wQEAwICpDAP\nBgNVHRMBAf8EBTADAQH/MB0GA1UdDgQWBBTQJxhHlv/U53exPttQ1dpE20Z1EzAN\nBgkqhkiG9w0BAQsFAAOCAgEAwRK1JhxuF+jBcxvbLSoCrm/kRKzM6nmanBej3jht\nRsQU/ziAFv0yrqCi1WyyV2bfJd7SOwBsaC9wuS2ddsmu1Hfr6UwdO3TV2mnYD4TN\nraMIRsfPSNDGf9kWraTJBuBVKiHhuU4T/oDEs6RHqDgKNsfQdyLiGSEaAmmVmjBp\n5O29/HML3g21iMTZDcHHSzJKK14ZxRru0Ib8u+ttZttRu4aPeSEaM1/3LlpSJLJw\nvYPIahMv0+iQZ7CMExVKriVvVK7y0D0r8cAVI82ZU6K6/PoAJ+xhfCgQEAtuDm2a\nFOGHXpvWqropHacuE5jggfMkVTdblSMp4mkS4QJdpq5Qjuw0//DMA1Bpwi+ErbPC\nNMW5tPrWgcI02LdIhCpfDFCWGyMXzcZHYjBWoYWXWWe0+7JDvLD86zoKrehLuTec\nx83UYQcOCAGJpHTlXGU9Di5x868MNgJKB9bOs48RUE27beJezIeNMMy4QPYhoBE8\ncKszPpeGDuh4f8+d/MMtxXrEBlSbLRcnmgDOqNokA4ap+nqa4aSxcqZIn7nbGGep\nNTo7pu7a75MuMx12duoICOm+V5Rl48ltFKiRqE34ZiBoPBLzCBQay6yKBVgtndbf\nczfToqP/qfuvUvAJyacD0NLg2SBdMSsTNvUEMYWe63WfxoFNI25g/Gb3IzRVHiNm\nQI8=\n-----END CERTIFICATE-----\n",
            "dns_names": null,
            "early_renewal_hours": 0,
            "id": "48302716945037120705609125648019384985",
            "ip_addresses": null,
            "is_ca_certificate": true,
            "key_algorithm": "RSA",
            "private_key_pem": "-----BEGIN RSA PRIVATE KEY-----\nMIIJKAIBAAKCAgEAyseIHpDNVtJKTK/4bYoCZVcMwkjaP0R44S92RDs6m1HNQJhJ\nbaYE4RUGvx2HpCBPdg88zhiKHW2SaTcoXtyWv43VD4ucZqWOrelgbzjQsfGw63cA\nCn9zAt8M2gqHFeAQnkESGVGpo4n0/yXg7pfY3cK+wuttCMlFgV4mQSAd61oJBpVD\niR6rAnh6+7pEOK1psqBAUALYz7gr1tVz8fbUwF6uEpm5k4GDtOwaBVMIfK5OfRZg\nasecmnQ8IYVYI92S1HC1bbqXk3eDMRIKXLG1WjfEwFxjXQs979v9+kvbgN3hpmEu\nKtEYGuA5VS19dpYFWhdUUDjkyhb3n7Bk5xNwF0HXL1NzuQgMEiCmqmZ8gydjOblv\nsb1+KLdYTr0xjm4WeTSeh+b8kb5i2xf9qpPeoC5xGwcfnyP9o1K0ix5c5B0s/Z69\nZr2qntHt1wDdvGaoMUkutU9S0fdCiJm8u/7N+jHcoozubHm0n0cLK4XN8wgENddU\nHsT54wljL4XWKloQ+tBXb9rMd3oL6BZjurK5o7rYHORWwoEl5WypYUpa6wO404iW\nEkwo1ah5ZBwRB83sVbaa5XpiwLH+vKlogL0pMYp+PrLjRr8QKN+xD3C+dIQD4y8E\nxqlCz8TbpVot/nw0XnAEOtQN4cZObPt30ds7jH/RwUTkOhuJGpSyBRQKFRcCAwEA\nAQKCAgBXvwXY7CHeyvqZup/OjqTAw21i+PFv5SpFjysnFVYj9b7Sj9NeXjPITjfw\nJVAXpl+cH7XZHOdPGqX7X4HZoqyc0Tv8ERapmERoXw96sWQlTAeZrJHY+ROEj45Z\nH6savS2TvWaejCbS/JSGgBaYSB7wvx+a6xLwdV/dPidhkQtBV2GGdrqVsC6h0A6v\ntQdmWyvcvtl1hfXZ1MEroowcjQm9AHtk0x5phObAOFZ+LVMD2M1f9XndWukaMOgA\nPVpJkszBns/zXoXOqy2a40qWl9N46Z76+j+I+J9hlpmNYJvoZJsLSwwWPQqoPpSw\nlhGvafWA6Y1zdVsTU+LtOABBubiLolHSicXGmHEsMixz7ktqbUJvqUqg0fDw3PF5\nkxiCGavaje4ZKw9xmGQcVj6qxD6TQ9acJ4cfcZXkLkrisVryhCFOYyfltt29xZYb\naMojK5IuQoMW/cQ7TX0tK8t/Vtlf3ysxXmt3MSrwhWo+eo/ylzTDZw2PREanAJj2\nNct2YBSqyGLPXPVvdc3nTT6OUrcKX5BhzbkuDN1C9GBzTHCNaPtftmJ+qy2LHC3L\nyhYySDeObpiiofVSOrehSrcT0lFuJce66GUmWqwzXsw7PRZ9t2VlNXvSLPf3LsTR\neLSZWmlyzbzeHlzXsBmvh9Lxz+AueuFr0cPUPDBDs8PAX4mo0QKCAQEA8TKx/kvI\n0wHYTd2CMo07YoB4hgVs75jU+9hHAqZwKgsmGmowsED4YicKMj03CdiJpqtoy9dZ\nKjMWytc038rpCPbU9DuD29pVVxkP8lV2l/tqoXI7NB4GFQbCFtbDEguRF3g6giYD\nSl8uqyMi93h4tVpqzIgpvb2bBgsEiJzvnVhcnyoOeU98bgHY0a9zx2i0k37H7Bsi\nIN+QEIhMp+MXGk8cZ4XD4K8alsAaF0kuCB0e4U/o+lQY8KJfbf1EEeuMTQl4fGOL\ntgw/YKhfjJT4/d+1u3L18ts+AGzzm2SfGNcN6CnekGAlANg3TIwdXSDPyHAJl+bR\ngut5Knld9Q2SqQKCAQEA1zlES0AcDxeP67+5BvVd/N04xse5ujW3HzzYgLAZvdj4\nJadq35j5YhqbkjJdScGz9/QPPuihnNYBp+kG8rNYngMYyH4tYpAyoRSEoIzN/jey\nIV1MruD6oO+gMQQvVlDqRrb7S8Lz9kpLUJYTwqkFvH51HV2m5BpIXOTLSS5APSP6\nif1eD5iU8GwMTBAGBVQ6cYSYdubM+olMWFWMlDTiUHD+dF+CgA4wJ0gJA/WWdni4\nMwxF27XBKpK3ZE7zP2/LwcI4gQta88KsOF0+ZkNmsL+QmzwGTvPZdDxI4/yZ2P+o\nAsKX4urXa35/+xr0zatkvMyCz68rqbe1+nrEI/8BvwKCAQBgfbFrVBIRKAnKjLUL\nWCjLrS2KIB2GdJOv9MPjsYXpq/AgXR8BQ9yaF5gipQ6hp7jZrnUMJyiKk0mo+BM0\n/E3hwi1LT4vepifB4krY3YvGHVR5JeO9Y813F+8Jh/0d+Pagdv6hFmf2lsFqwXG5\nor5XfsZ+8HIScAnWjw3PQUkynyjem8qSiVP0BlUg/ZnJyn+DChMcx3YNxKIzmvNf\nrp+NbNymJYNJHYP7jvphGmuJ32x9IqTHkGEx0yNuMwXKTXshToqe6Iv51kh8eJ9Q\n9D/wAFEJnmH6N+9D6FJEdiqXm2D64dUh2PS0s8rbmqocmYXGX9vWowZp453jeg42\nfKmRAoIBAAtAQSO17EGVt75ZPXDxrsIjRm6NzlW/rR0C70Z67j2QdBhz0hByTMcm\nIO/Zlire52uU5J8jRh+OyHNgqS5S1dUc0FTa08CNTThCfFRwR+x8OOGpoPKbbD6x\niCxHzbmzbSvZMPXa8Sn05E8IKWxJrbUW30Rzut+9x/6jL0VaF52aneRMzHgAP/j5\njQME62un5Y49okLE+f424zjS8BBnW1VdMtAelhHfrADBsUb1tbHnyalRgO1laP2y\nwceKoQi17W7pmk6Uq2KG0L35keOCroGa4hJbZvEFql57MExKzjgb1UqfpZUFNdG2\nwTX9SMLfrNp5znTQ8XVj1y2K8Wn4UL0CggEBALryztuQpxe+QPkSzwuxtdR+Jm4e\nsSIZvCOCcTgHSmDkFOy+njqoQQNrqdJ5rivZd3Sn/ALKIknbYX7qgRZY5Mbf+ygx\nimL2YNhLMMRlyoywCsQ9JzN+0zj1vBIudQmszJTmT67WFpA9iqaQx44ncMW5tv04\n0Zj+OUMvjUFX9OPVf2Emakmzxvvi67PDUKbIUoWOy28tGwz2nzC3G7u5Md3e3bDq\nIOVxcpzROZqZUbX4TDTNS0bSmy0U1CD+UCuUV2XvLf/HiCb+n29zKXuw3NO2+2MW\n0iUmsHCJwSBBSW81CoFP8+/v3Tc5FW5dWWtZ58bAZXhCdVLCps8nWxJTTdI=\n-----END RSA PRIVATE KEY-----\n",
            "ready_for_renewal": false,
            "set_authority_key_id": false,
            "set_subject_key_id": false,
            "subject": [
              {
                "common_name": "project-intely.com",
                "country": null,
                "locality": null,
                "organization": "Terraform Testing",
                "organizational_unit": null,
                "postal_code": null,
                "province": null,
                "serial_number": null,
                "street_address": null
              }
            ],
            "uris": null,
            "validity_end_time": "2025-06-19T15:14:54.272207+02:00",
            "validity_period_hours": 8760,
            "validity_start_time": "2024-06-19T15:14:54.272207+02:00"
          },
          "sensitive_attributes": [
            [
              {
                "type": "get_attr",
                "value": "private_key_pem"
              }
            ]
          ],
          "dependencies": [
            "module.alb.tls_private_key.cert",
            "module.vpc.aws_default_route_table.private",
            "module.vpc.aws_eip.nat",
            "module.vpc.aws_internet_gateway.this",
            "module.vpc.aws_nat_gateway.this",
            "module.vpc.aws_route.private",
            "module.vpc.aws_route.public",
            "module.vpc.aws_route_table.private",
            "module.vpc.aws_route_table.public",
            "module.vpc.aws_route_table_association.private",
            "module.vpc.aws_route_table_association.public",
            "module.vpc.aws_subnet.private",
            "module.vpc.aws_subnet.public",
            "module.vpc.aws_vpc.this",
            "module.vpc.data.aws_route_table.private"
          ]
        }
      ]
    },
    {
      "module": "module.alb_security_group.module.alb_security_group",
      "mode": "managed",
      "type": "aws_security_group",
      "name": "this_name_prefix",
      "provider": "provider[\"registry.terraform.io/hashicorp/aws\"]",
      "instances": [
        {
          "index_key": 0,
          "schema_version": 1,
          "attributes": {
            "arn": "arn:aws:ec2:eu-north-1:851725350979:security-group/sg-09d37b6bcd310f9a6",
            "description": "Security group for Project Intely ALB",
            "egress": [],
            "id": "sg-09d37b6bcd310f9a6",
            "ingress": [],
            "name": "project-intely-alb-sg-20240619131247846200000003",
            "name_prefix": "project-intely-alb-sg-",
            "owner_id": "851725350979",
            "revoke_rules_on_delete": false,
            "tags": {
              "Environment": "project_intely",
              "Name": "project-intely-alb-sg",
              "Project": "intely",
              "Terraform": "true"
            },
            "tags_all": {
              "Environment": "project_intely",
              "Name": "project-intely-alb-sg",
              "Project": "intely",
              "Terraform": "true"
            },
            "timeouts": {
              "create": "10m",
              "delete": "15m"
            },
            "vpc_id": "vpc-0f673f195ae29dc85"
          },
          "sensitive_attributes": [],
          "private": "eyJlMmJmYjczMC1lY2FhLTExZTYtOGY4OC0zNDM2M2JjN2M0YzAiOnsiY3JlYXRlIjo2MDAwMDAwMDAwMDAsImRlbGV0ZSI6OTAwMDAwMDAwMDAwfSwic2NoZW1hX3ZlcnNpb24iOiIxIn0=",
          "dependencies": [
            "module.vpc.aws_vpc.this"
          ],
          "create_before_destroy": true
        }
      ]
    },
    {
      "module": "module.alb_security_group.module.alb_security_group",
      "mode": "managed",
      "type": "aws_security_group_rule",
      "name": "egress_rules",
      "provider": "provider[\"registry.terraform.io/hashicorp/aws\"]",
      "instances": [
        {
          "index_key": 0,
          "schema_version": 2,
          "attributes": {
            "cidr_blocks": [
              "0.0.0.0/0"
            ],
            "description": "All protocols",
            "from_port": -1,
            "id": "sgrule-4137908323",
            "ipv6_cidr_blocks": [
              "::/0"
            ],
            "prefix_list_ids": [],
            "protocol": "-1",
            "security_group_id": "sg-09d37b6bcd310f9a6",
            "security_group_rule_id": "",
            "self": false,
            "source_security_group_id": null,
            "timeouts": null,
            "to_port": -1,
            "type": "egress"
          },
          "sensitive_attributes": [],
          "private": "eyJlMmJmYjczMC1lY2FhLTExZTYtOGY4OC0zNDM2M2JjN2M0YzAiOnsiY3JlYXRlIjozMDAwMDAwMDAwMDB9LCJzY2hlbWFfdmVyc2lvbiI6IjIifQ==",
          "dependencies": [
            "module.alb_security_group.module.alb_security_group.aws_security_group.this",
            "module.alb_security_group.module.alb_security_group.aws_security_group.this_name_prefix",
            "module.vpc.aws_vpc.this"
          ]
        }
      ]
    },
    {
      "module": "module.alb_security_group.module.alb_security_group",
      "mode": "managed",
      "type": "aws_security_group_rule",
      "name": "ingress_rules",
      "provider": "provider[\"registry.terraform.io/hashicorp/aws\"]",
      "instances": [
        {
          "index_key": 0,
          "schema_version": 2,
          "attributes": {
            "cidr_blocks": [
              "0.0.0.0/0"
            ],
            "description": "HTTP",
            "from_port": 80,
            "id": "sgrule-2660629324",
            "ipv6_cidr_blocks": [],
            "prefix_list_ids": [],
            "protocol": "tcp",
            "security_group_id": "sg-09d37b6bcd310f9a6",
            "security_group_rule_id": "sgr-05e156743dcadf238",
            "self": false,
            "source_security_group_id": null,
            "timeouts": null,
            "to_port": 80,
            "type": "ingress"
          },
          "sensitive_attributes": [],
          "private": "eyJlMmJmYjczMC1lY2FhLTExZTYtOGY4OC0zNDM2M2JjN2M0YzAiOnsiY3JlYXRlIjozMDAwMDAwMDAwMDB9LCJzY2hlbWFfdmVyc2lvbiI6IjIifQ==",
          "dependencies": [
            "module.alb_security_group.module.alb_security_group.aws_security_group.this",
            "module.alb_security_group.module.alb_security_group.aws_security_group.this_name_prefix",
            "module.vpc.aws_vpc.this"
          ]
        },
        {
          "index_key": 1,
          "schema_version": 2,
          "attributes": {
            "cidr_blocks": [
              "0.0.0.0/0"
            ],
            "description": "HTTPS",
            "from_port": 443,
            "id": "sgrule-3498104826",
            "ipv6_cidr_blocks": [],
            "prefix_list_ids": [],
            "protocol": "tcp",
            "security_group_id": "sg-09d37b6bcd310f9a6",
            "security_group_rule_id": "sgr-065998243de886eec",
            "self": false,
            "source_security_group_id": null,
            "timeouts": null,
            "to_port": 443,
            "type": "ingress"
          },
          "sensitive_attributes": [],
          "private": "eyJlMmJmYjczMC1lY2FhLTExZTYtOGY4OC0zNDM2M2JjN2M0YzAiOnsiY3JlYXRlIjozMDAwMDAwMDAwMDB9LCJzY2hlbWFfdmVyc2lvbiI6IjIifQ==",
          "dependencies": [
            "module.alb_security_group.module.alb_security_group.aws_security_group.this",
            "module.alb_security_group.module.alb_security_group.aws_security_group.this_name_prefix",
            "module.vpc.aws_vpc.this"
          ]
        }
      ]
    },
    {
      "module": "module.autoscaling",
      "mode": "managed",
      "type": "aws_autoscaling_group",
      "name": "this",
      "provider": "provider[\"registry.terraform.io/hashicorp/aws\"]",
      "instances": [
        {
          "schema_version": 1,
          "attributes": {
            "arn": "arn:aws:autoscaling:eu-north-1:851725350979:autoScalingGroup:a7b048cb-57e6-4270-bdcd-0210f56670a4:autoScalingGroupName/my-asg",
            "availability_zones": [
              "eu-north-1a",
              "eu-north-1b",
              "eu-north-1c"
            ],
            "capacity_rebalance": false,
            "context": "",
            "default_cooldown": 300,
            "default_instance_warmup": 0,
            "desired_capacity": 1,
            "desired_capacity_type": "",
            "enabled_metrics": null,
            "force_delete": false,
            "force_delete_warm_pool": false,
            "health_check_grace_period": 300,
            "health_check_type": "EC2",
            "id": "my-asg",
            "ignore_failed_scaling_activities": false,
            "initial_lifecycle_hook": [],
            "instance_maintenance_policy": [],
            "instance_refresh": [],
            "launch_configuration": "",
            "launch_template": [
              {
                "id": "lt-042e5009bfcf2bfbe",
                "name": "my-template20240619131249393100000005",
                "version": "1"
              }
            ],
            "load_balancers": [],
            "max_instance_lifetime": 0,
            "max_size": 2,
            "metrics_granularity": "1Minute",
            "min_elb_capacity": null,
            "min_size": 1,
            "mixed_instances_policy": [],
            "name": "my-asg",
            "name_prefix": "",
            "placement_group": "",
            "predicted_capacity": 0,
            "protect_from_scale_in": false,
            "service_linked_role_arn": "arn:aws:iam::851725350979:role/aws-service-role/autoscaling.amazonaws.com/AWSServiceRoleForAutoScaling",
            "suspended_processes": null,
            "tag": [
              {
                "key": "project_intely",
                "propagate_at_launch": true,
                "value": "project_intely"
              }
            ],
            "target_group_arns": [
              "arn:aws:elasticloadbalancing:eu-north-1:851725350979:targetgroup/project-intely-tg-https/d46fb31452fa7c65",
              "arn:aws:elasticloadbalancing:eu-north-1:851725350979:targetgroup/project-intely-tg/480e43945ad23111"
            ],
            "termination_policies": null,
            "timeouts": null,
            "traffic_source": [
              {
                "identifier": "arn:aws:elasticloadbalancing:eu-north-1:851725350979:targetgroup/project-intely-tg-https/d46fb31452fa7c65",
                "type": "elbv2"
              },
              {
                "identifier": "arn:aws:elasticloadbalancing:eu-north-1:851725350979:targetgroup/project-intely-tg/480e43945ad23111",
                "type": "elbv2"
              }
            ],
            "vpc_zone_identifier": [
              "subnet-03aa92fdcda1b281a",
              "subnet-0b4bc54a12ac14f3f",
              "subnet-0b7caba936be467fe"
            ],
            "wait_for_capacity_timeout": "10m",
            "wait_for_elb_capacity": null,
            "warm_pool": [],
            "warm_pool_size": 0
          },
          "sensitive_attributes": [],
          "private": "eyJlMmJmYjczMC1lY2FhLTExZTYtOGY4OC0zNDM2M2JjN2M0YzAiOnsiZGVsZXRlIjo2MDAwMDAwMDAwMDAsInVwZGF0ZSI6NjAwMDAwMDAwMDAwfSwic2NoZW1hX3ZlcnNpb24iOiIxIn0=",
          "dependencies": [
            "module.alb_security_group.module.alb_security_group.aws_security_group.this",
            "module.alb_security_group.module.alb_security_group.aws_security_group.this_name_prefix",
            "module.launch_template.aws_launch_template.web_server",
            "module.target_group_http.aws_lb_target_group.this",
            "module.target_group_https.aws_lb_target_group.this",
            "module.vpc.aws_default_route_table.private",
            "module.vpc.aws_eip.nat",
            "module.vpc.aws_internet_gateway.this",
            "module.vpc.aws_nat_gateway.this",
            "module.vpc.aws_route.private",
            "module.vpc.aws_route.public",
            "module.vpc.aws_route_table.private",
            "module.vpc.aws_route_table.public",
            "module.vpc.aws_route_table_association.private",
            "module.vpc.aws_route_table_association.public",
            "module.vpc.aws_subnet.private",
            "module.vpc.aws_subnet.public",
            "module.vpc.aws_vpc.this",
            "module.vpc.data.aws_route_table.private"
          ]
        }
      ]
    },
    {
      "module": "module.launch_template",
      "mode": "managed",
      "type": "aws_launch_template",
      "name": "web_server",
      "provider": "provider[\"registry.terraform.io/hashicorp/aws\"]",
      "instances": [
        {
          "schema_version": 0,
          "attributes": {
            "arn": "arn:aws:ec2:eu-north-1:851725350979:launch-template/lt-042e5009bfcf2bfbe",
            "block_device_mappings": [
              {
                "device_name": "/dev/sda1",
                "ebs": [
                  {
                    "delete_on_termination": "",
                    "encrypted": "",
                    "iops": 0,
                    "kms_key_id": "",
                    "snapshot_id": "",
                    "throughput": 0,
                    "volume_size": 1,
                    "volume_type": ""
                  }
                ],
                "no_device": "",
                "virtual_name": ""
              }
            ],
            "capacity_reservation_specification": [],
            "cpu_options": [],
            "credit_specification": [],
            "default_version": 1,
            "description": "",
            "disable_api_stop": false,
            "disable_api_termination": false,
            "ebs_optimized": "",
            "elastic_gpu_specifications": [],
            "elastic_inference_accelerator": [],
            "enclave_options": [],
            "hibernation_options": [],
            "iam_instance_profile": [],
            "id": "lt-042e5009bfcf2bfbe",
            "image_id": "ami-0c0e147c706360bd7",
            "instance_initiated_shutdown_behavior": "",
            "instance_market_options": [],
            "instance_requirements": [],
            "instance_type": "t3.micro",
            "kernel_id": "",
            "key_name": "",
            "latest_version": 1,
            "license_specification": [],
            "maintenance_options": [],
            "metadata_options": [],
            "monitoring": [],
            "name": "my-template20240619131249393100000005",
            "name_prefix": "my-template",
            "network_interfaces": [
              {
                "associate_carrier_ip_address": "",
                "associate_public_ip_address": "",
                "delete_on_termination": "",
                "description": "",
                "device_index": 0,
                "interface_type": "",
                "ipv4_address_count": 0,
                "ipv4_addresses": null,
                "ipv4_prefix_count": 0,
                "ipv4_prefixes": null,
                "ipv6_address_count": 0,
                "ipv6_addresses": null,
                "ipv6_prefix_count": 0,
                "ipv6_prefixes": null,
                "network_card_index": 0,
                "network_interface_id": "",
                "private_ip_address": "",
                "security_groups": [
                  "sg-09d37b6bcd310f9a6"
                ],
                "subnet_id": ""
              }
            ],
            "placement": [],
            "private_dns_name_options": [],
            "ram_disk_id": "",
            "security_group_names": null,
            "tag_specifications": [],
            "tags": {
              "Environment": "project_intely",
              "Name": "project_intely-web-server",
              "Terraform": "true"
            },
            "tags_all": {
              "Environment": "project_intely",
              "Name": "project_intely-web-server",
              "Terraform": "true"
            },
            "update_default_version": null,
            "user_data": "IyEvYmluL2Jhc2gKeXVtIGluc3RhbGwgLXkgaHR0cGQKc3lzdGVtY3RsIHN0YXJ0IGh0dHBkCnN5c3RlbWN0bCBlbmFibGUgaHR0cGQKZWNobyAiSXQgd29ya3MhIiA+IC92YXIvd3d3L2h0bWwvaW5kZXguaHRtbA==",
            "vpc_security_group_ids": null
          },
          "sensitive_attributes": [],
          "private": "bnVsbA==",
          "dependencies": [
            "module.alb_security_group.module.alb_security_group.aws_security_group.this",
            "module.alb_security_group.module.alb_security_group.aws_security_group.this_name_prefix",
            "module.vpc.aws_vpc.this"
          ]
        }
      ]
    },
    {
      "module": "module.rds.module.rds",
      "mode": "data",
      "type": "aws_iam_policy_document",
      "name": "monitoring_rds_assume_role",
      "provider": "provider[\"registry.terraform.io/hashicorp/aws\"]",
      "instances": [
        {
          "schema_version": 0,
          "attributes": {
            "id": "76086537",
            "json": "{\n  \"Version\": \"2012-10-17\",\n  \"Statement\": [\n    {\n      \"Effect\": \"Allow\",\n      \"Action\": \"sts:AssumeRole\",\n      \"Principal\": {\n        \"Service\": \"monitoring.rds.amazonaws.com\"\n      }\n    }\n  ]\n}",
            "minified_json": "{\"Version\":\"2012-10-17\",\"Statement\":[{\"Effect\":\"Allow\",\"Action\":\"sts:AssumeRole\",\"Principal\":{\"Service\":\"monitoring.rds.amazonaws.com\"}}]}",
            "override_json": null,
            "override_policy_documents": null,
            "policy_id": null,
            "source_json": null,
            "source_policy_documents": null,
            "statement": [
              {
                "actions": [
                  "sts:AssumeRole"
                ],
                "condition": [],
                "effect": "Allow",
                "not_actions": [],
                "not_principals": [],
                "not_resources": [],
                "principals": [
                  {
                    "identifiers": [
                      "monitoring.rds.amazonaws.com"
                    ],
                    "type": "Service"
                  }
                ],
                "resources": [],
                "sid": ""
              }
            ],
            "version": "2012-10-17"
          },
          "sensitive_attributes": []
        }
      ]
    },
    {
      "module": "module.rds.module.rds",
      "mode": "data",
      "type": "aws_partition",
      "name": "current",
      "provider": "provider[\"registry.terraform.io/hashicorp/aws\"]",
      "instances": [
        {
          "schema_version": 0,
          "attributes": {
            "dns_suffix": "amazonaws.com",
            "id": "aws",
            "partition": "aws",
            "reverse_dns_prefix": "com.amazonaws"
          },
          "sensitive_attributes": []
        }
      ]
    },
    {
      "module": "module.rds.module.rds",
      "mode": "managed",
      "type": "aws_db_subnet_group",
      "name": "this",
      "provider": "provider[\"registry.terraform.io/hashicorp/aws\"]",
      "instances": [
        {
          "index_key": 0,
          "schema_version": 0,
          "attributes": {
            "arn": "arn:aws:rds:eu-north-1:851725350979:subgrp:project-intely-tg",
            "description": "For Aurora cluster project-intely-tg",
            "id": "project-intely-tg",
            "name": "project-intely-tg",
            "name_prefix": "",
            "subnet_ids": [
              "subnet-03aa92fdcda1b281a",
              "subnet-0b4bc54a12ac14f3f",
              "subnet-0b7caba936be467fe"
            ],
            "supported_network_types": [
              "IPV4"
            ],
            "tags": {
              "Environment": "project_intely",
              "Terraform": "true"
            },
            "tags_all": {
              "Environment": "project_intely",
              "Terraform": "true"
            },
            "vpc_id": "vpc-0f673f195ae29dc85"
          },
          "sensitive_attributes": [],
          "private": "bnVsbA==",
          "dependencies": [
            "module.vpc.aws_subnet.private",
            "module.vpc.aws_vpc.this"
          ]
        }
      ]
    },
    {
      "module": "module.rds.module.rds",
      "mode": "managed",
      "type": "aws_rds_cluster",
      "name": "this",
      "provider": "provider[\"registry.terraform.io/hashicorp/aws\"]",
      "instances": [
        {
          "index_key": 0,
          "schema_version": 1,
          "attributes": {
            "allocated_storage": 1,
            "allow_major_version_upgrade": false,
            "apply_immediately": null,
            "arn": "arn:aws:rds:eu-north-1:851725350979:cluster:project-intely-tg",
            "availability_zones": [
              "eu-north-1a",
              "eu-north-1b",
              "eu-north-1c"
            ],
            "backtrack_window": 0,
            "backup_retention_period": 7,
            "cluster_identifier": "project-intely-tg",
            "cluster_identifier_prefix": "",
            "cluster_members": [],
            "cluster_resource_id": "cluster-SZBXVPQTPWXFJNMBS3YJAUO6XI",
            "copy_tags_to_snapshot": false,
            "database_name": "mydatabase",
            "db_cluster_instance_class": "",
            "db_cluster_parameter_group_name": "default.aurora-mysql5.7",
            "db_instance_parameter_group_name": null,
            "db_subnet_group_name": "project-intely-tg",
            "db_system_id": "",
            "delete_automated_backups": true,
            "deletion_protection": false,
            "domain": "",
            "domain_iam_role_name": "",
            "enable_global_write_forwarding": false,
            "enable_http_endpoint": false,
            "enable_local_write_forwarding": false,
            "enabled_cloudwatch_logs_exports": null,
            "endpoint": "project-intely-tg.cluster-c9ucg2ek0yws.eu-north-1.rds.amazonaws.com",
            "engine": "aurora-mysql",
            "engine_mode": "provisioned",
            "engine_version": "5.7.mysql_aurora.2.11.1",
            "engine_version_actual": "5.7.mysql_aurora.2.11.1",
            "final_snapshot_identifier": "final-project-intely-tg-7187b0b2",
            "global_cluster_identifier": "",
            "hosted_zone_id": "Z3MPDEQW7KHUGY",
            "iam_database_authentication_enabled": false,
            "iam_roles": [],
            "id": "project-intely-tg",
            "iops": 0,
            "kms_key_id": "arn:aws:kms:eu-north-1:851725350979:key/6fea809b-c6f2-4e6c-a4c1-c22672fb2c1b",
            "manage_master_user_password": null,
            "master_password": "9qnI9E5YwN",
            "master_user_secret": [],
            "master_user_secret_kms_key_id": null,
            "master_username": "admin",
            "network_type": "IPV4",
            "port": 3306,
            "preferred_backup_window": "02:00-03:00",
            "preferred_maintenance_window": "sun:05:00-sun:06:00",
            "reader_endpoint": "project-intely-tg.cluster-ro-c9ucg2ek0yws.eu-north-1.rds.amazonaws.com",
            "replication_source_identifier": "",
            "restore_to_point_in_time": [],
            "s3_import": [],
            "scaling_configuration": [],
            "serverlessv2_scaling_configuration": [],
            "skip_final_snapshot": false,
            "snapshot_identifier": null,
            "source_region": null,
            "storage_encrypted": true,
            "storage_type": "",
            "tags": {
              "Environment": "project_intely",
              "Terraform": "true"
            },
            "tags_all": {
              "Environment": "project_intely",
              "Terraform": "true"
            },
            "timeouts": {
              "create": null,
              "delete": null,
              "update": null
            },
            "vpc_security_group_ids": [
              "sg-0b22e3c0cfbf9237d",
              "sg-0da85a2d7889b74a3"
            ]
          },
          "sensitive_attributes": [
            [
              {
                "type": "get_attr",
                "value": "master_password"
              }
            ]
          ],
          "private": "eyJlMmJmYjczMC1lY2FhLTExZTYtOGY4OC0zNDM2M2JjN2M0YzAiOnsiY3JlYXRlIjo3MjAwMDAwMDAwMDAwLCJkZWxldGUiOjcyMDAwMDAwMDAwMDAsInVwZGF0ZSI6NzIwMDAwMDAwMDAwMH0sInNjaGVtYV92ZXJzaW9uIjoiMSJ9",
          "dependencies": [
            "aws_security_group.rds_sg",
            "module.alb_security_group.module.alb_security_group.aws_security_group.this",
            "module.alb_security_group.module.alb_security_group.aws_security_group.this_name_prefix",
            "module.rds.module.rds.aws_db_subnet_group.this",
            "module.rds.module.rds.aws_rds_cluster_parameter_group.this",
            "module.rds.module.rds.aws_security_group.this",
            "module.rds.module.rds.random_id.snapshot_identifier",
            "module.rds.module.rds.random_password.master_password",
            "module.vpc.aws_subnet.private",
            "module.vpc.aws_vpc.this"
          ]
        }
      ]
    },
    {
      "module": "module.rds.module.rds",
      "mode": "managed",
      "type": "aws_security_group",
      "name": "this",
      "provider": "provider[\"registry.terraform.io/hashicorp/aws\"]",
      "instances": [
        {
          "index_key": 0,
          "schema_version": 1,
          "attributes": {
            "arn": "arn:aws:ec2:eu-north-1:851725350979:security-group/sg-0b22e3c0cfbf9237d",
            "description": "Control traffic to/from RDS Aurora project-intely-tg",
            "egress": [],
            "id": "sg-0b22e3c0cfbf9237d",
            "ingress": [],
            "name": "project-intely-tg-20240619131248006900000004",
            "name_prefix": "project-intely-tg-",
            "owner_id": "851725350979",
            "revoke_rules_on_delete": false,
            "tags": {
              "Environment": "project_intely",
              "Name": "project-intely-tg",
              "Terraform": "true"
            },
            "tags_all": {
              "Environment": "project_intely",
              "Name": "project-intely-tg",
              "Terraform": "true"
            },
            "timeouts": null,
            "vpc_id": "vpc-0f673f195ae29dc85"
          },
          "sensitive_attributes": [],
          "private": "eyJlMmJmYjczMC1lY2FhLTExZTYtOGY4OC0zNDM2M2JjN2M0YzAiOnsiY3JlYXRlIjo2MDAwMDAwMDAwMDAsImRlbGV0ZSI6OTAwMDAwMDAwMDAwfSwic2NoZW1hX3ZlcnNpb24iOiIxIn0=",
          "dependencies": [
            "module.vpc.aws_vpc.this"
          ],
          "create_before_destroy": true
        }
      ]
    },
    {
      "module": "module.rds.module.rds",
      "mode": "managed",
      "type": "random_id",
      "name": "snapshot_identifier",
      "provider": "provider[\"registry.terraform.io/hashicorp/random\"]",
      "instances": [
        {
          "index_key": 0,
          "schema_version": 0,
          "attributes": {
            "b64_std": "cYewsg==",
            "b64_url": "cYewsg",
            "byte_length": 4,
            "dec": "1904718002",
            "hex": "7187b0b2",
            "id": "cYewsg",
            "keepers": {
              "id": "project-intely-tg"
            },
            "prefix": null
          },
          "sensitive_attributes": []
        }
      ]
    },
    {
      "module": "module.rds.module.rds",
      "mode": "managed",
      "type": "random_password",
      "name": "master_password",
      "provider": "provider[\"registry.terraform.io/hashicorp/random\"]",
      "instances": [
        {
          "index_key": 0,
          "schema_version": 3,
          "attributes": {
            "bcrypt_hash": "$2a$10$bF5MiMV3vOGxU/0OKc0bfeUX08IZyWvoaKkh7VOImijUUE3XrZreu",
            "id": "none",
            "keepers": null,
            "length": 10,
            "lower": true,
            "min_lower": 0,
            "min_numeric": 0,
            "min_special": 0,
            "min_upper": 0,
            "number": true,
            "numeric": true,
            "override_special": null,
            "result": "9qnI9E5YwN",
            "special": false,
            "upper": true
          },
          "sensitive_attributes": [
            [
              {
                "type": "get_attr",
                "value": "bcrypt_hash"
              }
            ],
            [
              {
                "type": "get_attr",
                "value": "result"
              }
            ]
          ]
        }
      ]
    },
    {
      "module": "module.target_group_http",
      "mode": "managed",
      "type": "aws_lb_target_group",
      "name": "this",
      "provider": "provider[\"registry.terraform.io/hashicorp/aws\"]",
      "instances": [
        {
          "schema_version": 0,
          "attributes": {
            "arn": "arn:aws:elasticloadbalancing:eu-north-1:851725350979:targetgroup/project-intely-tg/480e43945ad23111",
            "arn_suffix": "targetgroup/project-intely-tg/480e43945ad23111",
            "connection_termination": null,
            "deregistration_delay": "300",
            "health_check": [
              {
                "enabled": true,
                "healthy_threshold": 2,
                "interval": 5,
                "matcher": "200",
                "path": "/",
                "port": "traffic-port",
                "protocol": "HTTP",
                "timeout": 3,
                "unhealthy_threshold": 10
              }
            ],
            "id": "arn:aws:elasticloadbalancing:eu-north-1:851725350979:targetgroup/project-intely-tg/480e43945ad23111",
            "ip_address_type": "ipv4",
            "lambda_multi_value_headers_enabled": false,
            "load_balancer_arns": [],
            "load_balancing_algorithm_type": "round_robin",
            "load_balancing_anomaly_mitigation": "off",
            "load_balancing_cross_zone_enabled": "use_load_balancer_configuration",
            "name": "project-intely-tg",
            "name_prefix": "",
            "port": 80,
            "preserve_client_ip": null,
            "protocol": "HTTP",
            "protocol_version": "HTTP1",
            "proxy_protocol_v2": false,
            "slow_start": 0,
            "stickiness": [
              {
                "cookie_duration": 86400,
                "cookie_name": "",
                "enabled": false,
                "type": "lb_cookie"
              }
            ],
            "tags": null,
            "tags_all": {},
            "target_failover": [
              {
                "on_deregistration": null,
                "on_unhealthy": null
              }
            ],
            "target_health_state": [
              {
                "enable_unhealthy_connection_termination": null
              }
            ],
            "target_type": "instance",
            "vpc_id": "vpc-0f673f195ae29dc85"
          },
          "sensitive_attributes": [],
          "private": "bnVsbA==",
          "dependencies": [
            "module.vpc.aws_vpc.this"
          ]
        }
      ]
    },
    {
      "module": "module.target_group_https",
      "mode": "managed",
      "type": "aws_lb_target_group",
      "name": "this",
      "provider": "provider[\"registry.terraform.io/hashicorp/aws\"]",
      "instances": [
        {
          "schema_version": 0,
          "attributes": {
            "arn": "arn:aws:elasticloadbalancing:eu-north-1:851725350979:targetgroup/project-intely-tg-https/d46fb31452fa7c65",
            "arn_suffix": "targetgroup/project-intely-tg-https/d46fb31452fa7c65",
            "connection_termination": null,
            "deregistration_delay": "300",
            "health_check": [
              {
                "enabled": true,
                "healthy_threshold": 2,
                "interval": 5,
                "matcher": "200",
                "path": "/",
                "port": "traffic-port",
                "protocol": "HTTP",
                "timeout": 3,
                "unhealthy_threshold": 10
              }
            ],
            "id": "arn:aws:elasticloadbalancing:eu-north-1:851725350979:targetgroup/project-intely-tg-https/d46fb31452fa7c65",
            "ip_address_type": "ipv4",
            "lambda_multi_value_headers_enabled": false,
            "load_balancer_arns": [],
            "load_balancing_algorithm_type": "round_robin",
            "load_balancing_anomaly_mitigation": "off",
            "load_balancing_cross_zone_enabled": "use_load_balancer_configuration",
            "name": "project-intely-tg-https",
            "name_prefix": "",
            "port": 443,
            "preserve_client_ip": null,
            "protocol": "HTTPS",
            "protocol_version": "HTTP1",
            "proxy_protocol_v2": false,
            "slow_start": 0,
            "stickiness": [
              {
                "cookie_duration": 86400,
                "cookie_name": "",
                "enabled": false,
                "type": "lb_cookie"
              }
            ],
            "tags": null,
            "tags_all": {},
            "target_failover": [
              {
                "on_deregistration": null,
                "on_unhealthy": null
              }
            ],
            "target_health_state": [
              {
                "enable_unhealthy_connection_termination": null
              }
            ],
            "target_type": "instance",
            "vpc_id": "vpc-0f673f195ae29dc85"
          },
          "sensitive_attributes": [],
          "private": "bnVsbA==",
          "dependencies": [
            "module.vpc.aws_vpc.this"
          ]
        }
      ]
    },
    {
      "module": "module.vpc",
      "mode": "data",
      "type": "aws_route_table",
      "name": "private",
      "provider": "provider[\"registry.terraform.io/hashicorp/aws\"]",
      "instances": [
        {
          "index_key": 0,
          "schema_version": 0,
          "attributes": {
            "arn": "arn:aws:ec2:eu-north-1:851725350979:route-table/rtb-02726c441f61918fe",
            "associations": [
              {
                "gateway_id": "",
                "main": false,
                "route_table_association_id": "rtbassoc-0575069d2be85ebdc",
                "route_table_id": "rtb-02726c441f61918fe",
                "subnet_id": "subnet-0b4bc54a12ac14f3f"
              },
              {
                "gateway_id": "",
                "main": false,
                "route_table_association_id": "rtbassoc-01a31fd0f8c1b9b6e",
                "route_table_id": "rtb-02726c441f61918fe",
                "subnet_id": "subnet-0b7caba936be467fe"
              },
              {
                "gateway_id": "",
                "main": false,
                "route_table_association_id": "rtbassoc-086514e07c99ff9e1",
                "route_table_id": "rtb-02726c441f61918fe",
                "subnet_id": "subnet-03aa92fdcda1b281a"
              }
            ],
            "filter": null,
            "gateway_id": null,
            "id": "rtb-02726c441f61918fe",
            "owner_id": "851725350979",
            "route_table_id": "rtb-02726c441f61918fe",
            "routes": [],
            "subnet_id": "subnet-0b4bc54a12ac14f3f",
            "tags": {
              "Environment": "project_intely",
              "Terraform": "true"
            },
            "timeouts": null,
            "vpc_id": "vpc-0f673f195ae29dc85"
          },
          "sensitive_attributes": []
        },
        {
          "index_key": 1,
          "schema_version": 0,
          "attributes": {
            "arn": "arn:aws:ec2:eu-north-1:851725350979:route-table/rtb-02726c441f61918fe",
            "associations": [
              {
                "gateway_id": "",
                "main": false,
                "route_table_association_id": "rtbassoc-086514e07c99ff9e1",
                "route_table_id": "rtb-02726c441f61918fe",
                "subnet_id": "subnet-03aa92fdcda1b281a"
              },
              {
                "gateway_id": "",
                "main": false,
                "route_table_association_id": "rtbassoc-01a31fd0f8c1b9b6e",
                "route_table_id": "rtb-02726c441f61918fe",
                "subnet_id": "subnet-0b7caba936be467fe"
              },
              {
                "gateway_id": "",
                "main": false,
                "route_table_association_id": "rtbassoc-0575069d2be85ebdc",
                "route_table_id": "rtb-02726c441f61918fe",
                "subnet_id": "subnet-0b4bc54a12ac14f3f"
              }
            ],
            "filter": null,
            "gateway_id": null,
            "id": "rtb-02726c441f61918fe",
            "owner_id": "851725350979",
            "route_table_id": "rtb-02726c441f61918fe",
            "routes": [],
            "subnet_id": "subnet-0b7caba936be467fe",
            "tags": {
              "Environment": "project_intely",
              "Terraform": "true"
            },
            "timeouts": null,
            "vpc_id": "vpc-0f673f195ae29dc85"
          },
          "sensitive_attributes": []
        },
        {
          "index_key": 2,
          "schema_version": 0,
          "attributes": {
            "arn": "arn:aws:ec2:eu-north-1:851725350979:route-table/rtb-02726c441f61918fe",
            "associations": [
              {
                "gateway_id": "",
                "main": false,
                "route_table_association_id": "rtbassoc-0575069d2be85ebdc",
                "route_table_id": "rtb-02726c441f61918fe",
                "subnet_id": "subnet-0b4bc54a12ac14f3f"
              },
              {
                "gateway_id": "",
                "main": false,
                "route_table_association_id": "rtbassoc-086514e07c99ff9e1",
                "route_table_id": "rtb-02726c441f61918fe",
                "subnet_id": "subnet-03aa92fdcda1b281a"
              },
              {
                "gateway_id": "",
                "main": false,
                "route_table_association_id": "rtbassoc-01a31fd0f8c1b9b6e",
                "route_table_id": "rtb-02726c441f61918fe",
                "subnet_id": "subnet-0b7caba936be467fe"
              }
            ],
            "filter": null,
            "gateway_id": null,
            "id": "rtb-02726c441f61918fe",
            "owner_id": "851725350979",
            "route_table_id": "rtb-02726c441f61918fe",
            "routes": [],
            "subnet_id": "subnet-03aa92fdcda1b281a",
            "tags": {
              "Environment": "project_intely",
              "Terraform": "true"
            },
            "timeouts": null,
            "vpc_id": "vpc-0f673f195ae29dc85"
          },
          "sensitive_attributes": []
        }
      ]
    },
    {
      "module": "module.vpc",
      "mode": "managed",
      "type": "aws_default_route_table",
      "name": "private",
      "provider": "provider[\"registry.terraform.io/hashicorp/aws\"]",
      "instances": [
        {
          "schema_version": 0,
          "attributes": {
            "arn": "arn:aws:ec2:eu-north-1:851725350979:route-table/rtb-029c2411e07e2214d",
            "default_route_table_id": "rtb-029c2411e07e2214d",
            "id": "rtb-029c2411e07e2214d",
            "owner_id": "851725350979",
            "propagating_vgws": null,
            "route": [],
            "tags": {
              "Environment": "project_intely",
              "Terraform": "true"
            },
            "tags_all": {
              "Environment": "project_intely",
              "Terraform": "true"
            },
            "timeouts": null,
            "vpc_id": "vpc-0f673f195ae29dc85"
          },
          "sensitive_attributes": [],
          "private": "eyJlMmJmYjczMC1lY2FhLTExZTYtOGY4OC0zNDM2M2JjN2M0YzAiOnsiY3JlYXRlIjoxMjAwMDAwMDAwMDAsInVwZGF0ZSI6MTIwMDAwMDAwMDAwfX0=",
          "dependencies": [
            "module.vpc.aws_vpc.this"
          ]
        }
      ]
    },
    {
      "module": "module.vpc",
      "mode": "managed",
      "type": "aws_eip",
      "name": "nat",
      "provider": "provider[\"registry.terraform.io/hashicorp/aws\"]",
      "instances": [
        {
          "index_key": 0,
          "schema_version": 0,
          "attributes": {
            "address": null,
            "allocation_id": "eipalloc-00d6ae5fc5e5054df",
            "arn": "arn:aws:ec2:eu-north-1:851725350979:elastic-ip/eipalloc-00d6ae5fc5e5054df",
            "associate_with_private_ip": null,
            "association_id": "",
            "carrier_ip": "",
            "customer_owned_ip": "",
            "customer_owned_ipv4_pool": "",
            "domain": "vpc",
            "id": "eipalloc-00d6ae5fc5e5054df",
            "instance": "",
            "network_border_group": "eu-north-1",
            "network_interface": "",
            "private_dns": null,
            "private_ip": "",
            "ptr_record": "",
            "public_dns": "ec2-51-21-32-29.eu-north-1.compute.amazonaws.com",
            "public_ip": "51.21.32.29",
            "public_ipv4_pool": "amazon",
            "tags": {
              "Environment": "project_intely",
              "Terraform": "true"
            },
            "tags_all": {
              "Environment": "project_intely",
              "Terraform": "true"
            },
            "timeouts": null,
            "vpc": true
          },
          "sensitive_attributes": [],
          "private": "eyJlMmJmYjczMC1lY2FhLTExZTYtOGY4OC0zNDM2M2JjN2M0YzAiOnsiZGVsZXRlIjoxODAwMDAwMDAwMDAsInJlYWQiOjkwMDAwMDAwMDAwMCwidXBkYXRlIjozMDAwMDAwMDAwMDB9fQ=="
        },
        {
          "index_key": 1,
          "schema_version": 0,
          "attributes": {
            "address": null,
            "allocation_id": "eipalloc-010bc0c7416327530",
            "arn": "arn:aws:ec2:eu-north-1:851725350979:elastic-ip/eipalloc-010bc0c7416327530",
            "associate_with_private_ip": null,
            "association_id": "",
            "carrier_ip": "",
            "customer_owned_ip": "",
            "customer_owned_ipv4_pool": "",
            "domain": "vpc",
            "id": "eipalloc-010bc0c7416327530",
            "instance": "",
            "network_border_group": "eu-north-1",
            "network_interface": "",
            "private_dns": null,
            "private_ip": "",
            "ptr_record": "",
            "public_dns": "ec2-13-60-123-67.eu-north-1.compute.amazonaws.com",
            "public_ip": "13.60.123.67",
            "public_ipv4_pool": "amazon",
            "tags": {
              "Environment": "project_intely",
              "Terraform": "true"
            },
            "tags_all": {
              "Environment": "project_intely",
              "Terraform": "true"
            },
            "timeouts": null,
            "vpc": true
          },
          "sensitive_attributes": [],
          "private": "eyJlMmJmYjczMC1lY2FhLTExZTYtOGY4OC0zNDM2M2JjN2M0YzAiOnsiZGVsZXRlIjoxODAwMDAwMDAwMDAsInJlYWQiOjkwMDAwMDAwMDAwMCwidXBkYXRlIjozMDAwMDAwMDAwMDB9fQ=="
        },
        {
          "index_key": 2,
          "schema_version": 0,
          "attributes": {
            "address": null,
            "allocation_id": "eipalloc-08b75f9488e782c55",
            "arn": "arn:aws:ec2:eu-north-1:851725350979:elastic-ip/eipalloc-08b75f9488e782c55",
            "associate_with_private_ip": null,
            "association_id": "",
            "carrier_ip": "",
            "customer_owned_ip": "",
            "customer_owned_ipv4_pool": "",
            "domain": "vpc",
            "id": "eipalloc-08b75f9488e782c55",
            "instance": "",
            "network_border_group": "eu-north-1",
            "network_interface": "",
            "private_dns": null,
            "private_ip": "",
            "ptr_record": "",
            "public_dns": "ec2-16-170-66-237.eu-north-1.compute.amazonaws.com",
            "public_ip": "16.170.66.237",
            "public_ipv4_pool": "amazon",
            "tags": {
              "Environment": "project_intely",
              "Terraform": "true"
            },
            "tags_all": {
              "Environment": "project_intely",
              "Terraform": "true"
            },
            "timeouts": null,
            "vpc": true
          },
          "sensitive_attributes": [],
          "private": "eyJlMmJmYjczMC1lY2FhLTExZTYtOGY4OC0zNDM2M2JjN2M0YzAiOnsiZGVsZXRlIjoxODAwMDAwMDAwMDAsInJlYWQiOjkwMDAwMDAwMDAwMCwidXBkYXRlIjozMDAwMDAwMDAwMDB9fQ=="
        }
      ]
    },
    {
      "module": "module.vpc",
      "mode": "managed",
      "type": "aws_internet_gateway",
      "name": "this",
      "provider": "provider[\"registry.terraform.io/hashicorp/aws\"]",
      "instances": [
        {
          "schema_version": 0,
          "attributes": {
            "arn": "arn:aws:ec2:eu-north-1:851725350979:internet-gateway/igw-04b099bcb111796d2",
            "id": "igw-04b099bcb111796d2",
            "owner_id": "851725350979",
            "tags": {
              "Environment": "project_intely",
              "Terraform": "true"
            },
            "tags_all": {
              "Environment": "project_intely",
              "Terraform": "true"
            },
            "timeouts": null,
            "vpc_id": "vpc-0f673f195ae29dc85"
          },
          "sensitive_attributes": [],
          "private": "eyJlMmJmYjczMC1lY2FhLTExZTYtOGY4OC0zNDM2M2JjN2M0YzAiOnsiY3JlYXRlIjoxMjAwMDAwMDAwMDAwLCJkZWxldGUiOjEyMDAwMDAwMDAwMDAsInVwZGF0ZSI6MTIwMDAwMDAwMDAwMH19",
          "dependencies": [
            "module.vpc.aws_vpc.this"
          ]
        }
      ]
    },
    {
      "module": "module.vpc",
      "mode": "managed",
      "type": "aws_nat_gateway",
      "name": "this",
      "provider": "provider[\"registry.terraform.io/hashicorp/aws\"]",
      "instances": [
        {
          "index_key": 0,
          "schema_version": 0,
          "attributes": {
            "allocation_id": "eipalloc-00d6ae5fc5e5054df",
            "association_id": "eipassoc-09b4a072654a2ac90",
            "connectivity_type": "public",
            "id": "nat-0ad506348970a7d2e",
            "network_interface_id": "eni-07d70a22704f44747",
            "private_ip": "10.0.1.107",
            "public_ip": "51.21.32.29",
            "secondary_allocation_ids": null,
            "secondary_private_ip_address_count": 0,
            "secondary_private_ip_addresses": [],
            "subnet_id": "subnet-0aa1fbfec59e739f8",
            "tags": {
              "Environment": "project_intely",
              "Terraform": "true"
            },
            "tags_all": {
              "Environment": "project_intely",
              "Terraform": "true"
            },
            "timeouts": null
          },
          "sensitive_attributes": [],
          "private": "eyJlMmJmYjczMC1lY2FhLTExZTYtOGY4OC0zNDM2M2JjN2M0YzAiOnsiY3JlYXRlIjo2MDAwMDAwMDAwMDAsImRlbGV0ZSI6MTgwMDAwMDAwMDAwMCwidXBkYXRlIjo2MDAwMDAwMDAwMDB9fQ==",
          "dependencies": [
            "module.vpc.aws_eip.nat",
            "module.vpc.aws_subnet.public",
            "module.vpc.aws_vpc.this"
          ]
        },
        {
          "index_key": 1,
          "schema_version": 0,
          "attributes": {
            "allocation_id": "eipalloc-010bc0c7416327530",
            "association_id": "eipassoc-0bc05743a5bcab8a4",
            "connectivity_type": "public",
            "id": "nat-0447416c200c40953",
            "network_interface_id": "eni-0a0da7b74f9c3572e",
            "private_ip": "10.0.2.179",
            "public_ip": "13.60.123.67",
            "secondary_allocation_ids": null,
            "secondary_private_ip_address_count": 0,
            "secondary_private_ip_addresses": [],
            "subnet_id": "subnet-0e01d7167e2a52f5d",
            "tags": {
              "Environment": "project_intely",
              "Terraform": "true"
            },
            "tags_all": {
              "Environment": "project_intely",
              "Terraform": "true"
            },
            "timeouts": null
          },
          "sensitive_attributes": [],
          "private": "eyJlMmJmYjczMC1lY2FhLTExZTYtOGY4OC0zNDM2M2JjN2M0YzAiOnsiY3JlYXRlIjo2MDAwMDAwMDAwMDAsImRlbGV0ZSI6MTgwMDAwMDAwMDAwMCwidXBkYXRlIjo2MDAwMDAwMDAwMDB9fQ==",
          "dependencies": [
            "module.vpc.aws_eip.nat",
            "module.vpc.aws_subnet.public",
            "module.vpc.aws_vpc.this"
          ]
        },
        {
          "index_key": 2,
          "schema_version": 0,
          "attributes": {
            "allocation_id": "eipalloc-08b75f9488e782c55",
            "association_id": "eipassoc-020b1dfb9a725b94d",
            "connectivity_type": "public",
            "id": "nat-0f498db540ca083ef",
            "network_interface_id": "eni-0acc06116ee4e1aca",
            "private_ip": "10.0.3.225",
            "public_ip": "16.170.66.237",
            "secondary_allocation_ids": null,
            "secondary_private_ip_address_count": 0,
            "secondary_private_ip_addresses": [],
            "subnet_id": "subnet-0de1ebb4ed9a06732",
            "tags": {
              "Environment": "project_intely",
              "Terraform": "true"
            },
            "tags_all": {
              "Environment": "project_intely",
              "Terraform": "true"
            },
            "timeouts": null
          },
          "sensitive_attributes": [],
          "private": "eyJlMmJmYjczMC1lY2FhLTExZTYtOGY4OC0zNDM2M2JjN2M0YzAiOnsiY3JlYXRlIjo2MDAwMDAwMDAwMDAsImRlbGV0ZSI6MTgwMDAwMDAwMDAwMCwidXBkYXRlIjo2MDAwMDAwMDAwMDB9fQ==",
          "dependencies": [
            "module.vpc.aws_eip.nat",
            "module.vpc.aws_subnet.public",
            "module.vpc.aws_vpc.this"
          ]
        }
      ]
    },
    {
      "module": "module.vpc",
      "mode": "managed",
      "type": "aws_route",
      "name": "private",
      "provider": "provider[\"registry.terraform.io/hashicorp/aws\"]",
      "instances": [
        {
          "schema_version": 0,
          "attributes": {
            "carrier_gateway_id": "",
            "core_network_arn": "",
            "destination_cidr_block": "0.0.0.0/0",
            "destination_ipv6_cidr_block": "",
            "destination_prefix_list_id": "",
            "egress_only_gateway_id": "",
            "gateway_id": "",
            "id": "r-rtb-029c2411e07e2214d1080289494",
            "instance_id": "",
            "instance_owner_id": "",
            "local_gateway_id": "",
            "nat_gateway_id": "nat-0ad506348970a7d2e",
            "network_interface_id": "",
            "origin": "CreateRoute",
            "route_table_id": "rtb-029c2411e07e2214d",
            "state": "active",
            "timeouts": null,
            "transit_gateway_id": "",
            "vpc_endpoint_id": "",
            "vpc_peering_connection_id": ""
          },
          "sensitive_attributes": [],
          "private": "eyJlMmJmYjczMC1lY2FhLTExZTYtOGY4OC0zNDM2M2JjN2M0YzAiOnsiY3JlYXRlIjozMDAwMDAwMDAwMDAsImRlbGV0ZSI6MzAwMDAwMDAwMDAwLCJ1cGRhdGUiOjEyMDAwMDAwMDAwMH19",
          "dependencies": [
            "module.vpc.aws_default_route_table.private",
            "module.vpc.aws_eip.nat",
            "module.vpc.aws_nat_gateway.this",
            "module.vpc.aws_subnet.public",
            "module.vpc.aws_vpc.this"
          ]
        }
      ]
    },
    {
      "module": "module.vpc",
      "mode": "managed",
      "type": "aws_route",
      "name": "public",
      "provider": "provider[\"registry.terraform.io/hashicorp/aws\"]",
      "instances": [
        {
          "schema_version": 0,
          "attributes": {
            "carrier_gateway_id": "",
            "core_network_arn": "",
            "destination_cidr_block": "0.0.0.0/0",
            "destination_ipv6_cidr_block": "",
            "destination_prefix_list_id": "",
            "egress_only_gateway_id": "",
            "gateway_id": "igw-04b099bcb111796d2",
            "id": "r-rtb-005574b102bfe1d001080289494",
            "instance_id": "",
            "instance_owner_id": "",
            "local_gateway_id": "",
            "nat_gateway_id": "",
            "network_interface_id": "",
            "origin": "CreateRoute",
            "route_table_id": "rtb-005574b102bfe1d00",
            "state": "active",
            "timeouts": null,
            "transit_gateway_id": "",
            "vpc_endpoint_id": "",
            "vpc_peering_connection_id": ""
          },
          "sensitive_attributes": [],
          "private": "eyJlMmJmYjczMC1lY2FhLTExZTYtOGY4OC0zNDM2M2JjN2M0YzAiOnsiY3JlYXRlIjozMDAwMDAwMDAwMDAsImRlbGV0ZSI6MzAwMDAwMDAwMDAwLCJ1cGRhdGUiOjEyMDAwMDAwMDAwMH19",
          "dependencies": [
            "module.vpc.aws_internet_gateway.this",
            "module.vpc.aws_route_table.public",
            "module.vpc.aws_vpc.this"
          ]
        }
      ]
    },
    {
      "module": "module.vpc",
      "mode": "managed",
      "type": "aws_route_table",
      "name": "private",
      "provider": "provider[\"registry.terraform.io/hashicorp/aws\"]",
      "instances": [
        {
          "schema_version": 0,
          "attributes": {
            "arn": "arn:aws:ec2:eu-north-1:851725350979:route-table/rtb-02726c441f61918fe",
            "id": "rtb-02726c441f61918fe",
            "owner_id": "851725350979",
            "propagating_vgws": [],
            "route": [],
            "tags": {
              "Environment": "project_intely",
              "Terraform": "true"
            },
            "tags_all": {
              "Environment": "project_intely",
              "Terraform": "true"
            },
            "timeouts": null,
            "vpc_id": "vpc-0f673f195ae29dc85"
          },
          "sensitive_attributes": [],
          "private": "eyJlMmJmYjczMC1lY2FhLTExZTYtOGY4OC0zNDM2M2JjN2M0YzAiOnsiY3JlYXRlIjozMDAwMDAwMDAwMDAsImRlbGV0ZSI6MzAwMDAwMDAwMDAwLCJ1cGRhdGUiOjEyMDAwMDAwMDAwMH19",
          "dependencies": [
            "module.vpc.aws_vpc.this"
          ]
        }
      ]
    },
    {
      "module": "module.vpc",
      "mode": "managed",
      "type": "aws_route_table",
      "name": "public",
      "provider": "provider[\"registry.terraform.io/hashicorp/aws\"]",
      "instances": [
        {
          "schema_version": 0,
          "attributes": {
            "arn": "arn:aws:ec2:eu-north-1:851725350979:route-table/rtb-005574b102bfe1d00",
            "id": "rtb-005574b102bfe1d00",
            "owner_id": "851725350979",
            "propagating_vgws": [],
            "route": [],
            "tags": {
              "Environment": "project_intely",
              "Terraform": "true"
            },
            "tags_all": {
              "Environment": "project_intely",
              "Terraform": "true"
            },
            "timeouts": null,
            "vpc_id": "vpc-0f673f195ae29dc85"
          },
          "sensitive_attributes": [],
          "private": "eyJlMmJmYjczMC1lY2FhLTExZTYtOGY4OC0zNDM2M2JjN2M0YzAiOnsiY3JlYXRlIjozMDAwMDAwMDAwMDAsImRlbGV0ZSI6MzAwMDAwMDAwMDAwLCJ1cGRhdGUiOjEyMDAwMDAwMDAwMH19",
          "dependencies": [
            "module.vpc.aws_vpc.this"
          ]
        }
      ]
    },
    {
      "module": "module.vpc",
      "mode": "managed",
      "type": "aws_route_table_association",
      "name": "private",
      "provider": "provider[\"registry.terraform.io/hashicorp/aws\"]",
      "instances": [
        {
          "index_key": 0,
          "schema_version": 0,
          "attributes": {
            "gateway_id": "",
            "id": "rtbassoc-0575069d2be85ebdc",
            "route_table_id": "rtb-02726c441f61918fe",
            "subnet_id": "subnet-0b4bc54a12ac14f3f",
            "timeouts": null
          },
          "sensitive_attributes": [],
          "private": "eyJlMmJmYjczMC1lY2FhLTExZTYtOGY4OC0zNDM2M2JjN2M0YzAiOnsiY3JlYXRlIjozMDAwMDAwMDAwMDAsImRlbGV0ZSI6MzAwMDAwMDAwMDAwLCJ1cGRhdGUiOjEyMDAwMDAwMDAwMH19",
          "dependencies": [
            "module.vpc.aws_route_table.private",
            "module.vpc.aws_subnet.private",
            "module.vpc.aws_vpc.this"
          ]
        },
        {
          "index_key": 1,
          "schema_version": 0,
          "attributes": {
            "gateway_id": "",
            "id": "rtbassoc-01a31fd0f8c1b9b6e",
            "route_table_id": "rtb-02726c441f61918fe",
            "subnet_id": "subnet-0b7caba936be467fe",
            "timeouts": null
          },
          "sensitive_attributes": [],
          "private": "eyJlMmJmYjczMC1lY2FhLTExZTYtOGY4OC0zNDM2M2JjN2M0YzAiOnsiY3JlYXRlIjozMDAwMDAwMDAwMDAsImRlbGV0ZSI6MzAwMDAwMDAwMDAwLCJ1cGRhdGUiOjEyMDAwMDAwMDAwMH19",
          "dependencies": [
            "module.vpc.aws_route_table.private",
            "module.vpc.aws_subnet.private",
            "module.vpc.aws_vpc.this"
          ]
        },
        {
          "index_key": 2,
          "schema_version": 0,
          "attributes": {
            "gateway_id": "",
            "id": "rtbassoc-086514e07c99ff9e1",
            "route_table_id": "rtb-02726c441f61918fe",
            "subnet_id": "subnet-03aa92fdcda1b281a",
            "timeouts": null
          },
          "sensitive_attributes": [],
          "private": "eyJlMmJmYjczMC1lY2FhLTExZTYtOGY4OC0zNDM2M2JjN2M0YzAiOnsiY3JlYXRlIjozMDAwMDAwMDAwMDAsImRlbGV0ZSI6MzAwMDAwMDAwMDAwLCJ1cGRhdGUiOjEyMDAwMDAwMDAwMH19",
          "dependencies": [
            "module.vpc.aws_route_table.private",
            "module.vpc.aws_subnet.private",
            "module.vpc.aws_vpc.this"
          ]
        }
      ]
    },
    {
      "module": "module.vpc",
      "mode": "managed",
      "type": "aws_route_table_association",
      "name": "public",
      "provider": "provider[\"registry.terraform.io/hashicorp/aws\"]",
      "instances": [
        {
          "index_key": 0,
          "schema_version": 0,
          "attributes": {
            "gateway_id": "",
            "id": "rtbassoc-0371f5712a76db119",
            "route_table_id": "rtb-005574b102bfe1d00",
            "subnet_id": "subnet-0aa1fbfec59e739f8",
            "timeouts": null
          },
          "sensitive_attributes": [],
          "private": "eyJlMmJmYjczMC1lY2FhLTExZTYtOGY4OC0zNDM2M2JjN2M0YzAiOnsiY3JlYXRlIjozMDAwMDAwMDAwMDAsImRlbGV0ZSI6MzAwMDAwMDAwMDAwLCJ1cGRhdGUiOjEyMDAwMDAwMDAwMH19",
          "dependencies": [
            "module.vpc.aws_route_table.public",
            "module.vpc.aws_subnet.public",
            "module.vpc.aws_vpc.this"
          ]
        },
        {
          "index_key": 1,
          "schema_version": 0,
          "attributes": {
            "gateway_id": "",
            "id": "rtbassoc-04e682374be3e6618",
            "route_table_id": "rtb-005574b102bfe1d00",
            "subnet_id": "subnet-0e01d7167e2a52f5d",
            "timeouts": null
          },
          "sensitive_attributes": [],
          "private": "eyJlMmJmYjczMC1lY2FhLTExZTYtOGY4OC0zNDM2M2JjN2M0YzAiOnsiY3JlYXRlIjozMDAwMDAwMDAwMDAsImRlbGV0ZSI6MzAwMDAwMDAwMDAwLCJ1cGRhdGUiOjEyMDAwMDAwMDAwMH19",
          "dependencies": [
            "module.vpc.aws_route_table.public",
            "module.vpc.aws_subnet.public",
            "module.vpc.aws_vpc.this"
          ]
        },
        {
          "index_key": 2,
          "schema_version": 0,
          "attributes": {
            "gateway_id": "",
            "id": "rtbassoc-00cc0e2793965b088",
            "route_table_id": "rtb-005574b102bfe1d00",
            "subnet_id": "subnet-0de1ebb4ed9a06732",
            "timeouts": null
          },
          "sensitive_attributes": [],
          "private": "eyJlMmJmYjczMC1lY2FhLTExZTYtOGY4OC0zNDM2M2JjN2M0YzAiOnsiY3JlYXRlIjozMDAwMDAwMDAwMDAsImRlbGV0ZSI6MzAwMDAwMDAwMDAwLCJ1cGRhdGUiOjEyMDAwMDAwMDAwMH19",
          "dependencies": [
            "module.vpc.aws_route_table.public",
            "module.vpc.aws_subnet.public",
            "module.vpc.aws_vpc.this"
          ]
        }
      ]
    },
    {
      "module": "module.vpc",
      "mode": "managed",
      "type": "aws_subnet",
      "name": "private",
      "provider": "provider[\"registry.terraform.io/hashicorp/aws\"]",
      "instances": [
        {
          "index_key": 0,
          "schema_version": 1,
          "attributes": {
            "arn": "arn:aws:ec2:eu-north-1:851725350979:subnet/subnet-0b4bc54a12ac14f3f",
            "assign_ipv6_address_on_creation": false,
            "availability_zone": "eu-north-1a",
            "availability_zone_id": "eun1-az1",
            "cidr_block": "10.0.10.0/24",
            "customer_owned_ipv4_pool": "",
            "enable_dns64": false,
            "enable_lni_at_device_index": 0,
            "enable_resource_name_dns_a_record_on_launch": false,
            "enable_resource_name_dns_aaaa_record_on_launch": false,
            "id": "subnet-0b4bc54a12ac14f3f",
            "ipv6_cidr_block": "",
            "ipv6_cidr_block_association_id": "",
            "ipv6_native": false,
            "map_customer_owned_ip_on_launch": false,
            "map_public_ip_on_launch": false,
            "outpost_arn": "",
            "owner_id": "851725350979",
            "private_dns_hostname_type_on_launch": "ip-name",
            "tags": {
              "Environment": "project_intely",
              "Terraform": "true"
            },
            "tags_all": {
              "Environment": "project_intely",
              "Terraform": "true"
            },
            "timeouts": null,
            "vpc_id": "vpc-0f673f195ae29dc85"
          },
          "sensitive_attributes": [],
          "private": "eyJlMmJmYjczMC1lY2FhLTExZTYtOGY4OC0zNDM2M2JjN2M0YzAiOnsiY3JlYXRlIjo2MDAwMDAwMDAwMDAsImRlbGV0ZSI6MTIwMDAwMDAwMDAwMH0sInNjaGVtYV92ZXJzaW9uIjoiMSJ9",
          "dependencies": [
            "module.vpc.aws_vpc.this"
          ]
        },
        {
          "index_key": 1,
          "schema_version": 1,
          "attributes": {
            "arn": "arn:aws:ec2:eu-north-1:851725350979:subnet/subnet-0b7caba936be467fe",
            "assign_ipv6_address_on_creation": false,
            "availability_zone": "eu-north-1c",
            "availability_zone_id": "eun1-az3",
            "cidr_block": "10.0.20.0/24",
            "customer_owned_ipv4_pool": "",
            "enable_dns64": false,
            "enable_lni_at_device_index": 0,
            "enable_resource_name_dns_a_record_on_launch": false,
            "enable_resource_name_dns_aaaa_record_on_launch": false,
            "id": "subnet-0b7caba936be467fe",
            "ipv6_cidr_block": "",
            "ipv6_cidr_block_association_id": "",
            "ipv6_native": false,
            "map_customer_owned_ip_on_launch": false,
            "map_public_ip_on_launch": false,
            "outpost_arn": "",
            "owner_id": "851725350979",
            "private_dns_hostname_type_on_launch": "ip-name",
            "tags": {
              "Environment": "project_intely",
              "Terraform": "true"
            },
            "tags_all": {
              "Environment": "project_intely",
              "Terraform": "true"
            },
            "timeouts": null,
            "vpc_id": "vpc-0f673f195ae29dc85"
          },
          "sensitive_attributes": [],
          "private": "eyJlMmJmYjczMC1lY2FhLTExZTYtOGY4OC0zNDM2M2JjN2M0YzAiOnsiY3JlYXRlIjo2MDAwMDAwMDAwMDAsImRlbGV0ZSI6MTIwMDAwMDAwMDAwMH0sInNjaGVtYV92ZXJzaW9uIjoiMSJ9",
          "dependencies": [
            "module.vpc.aws_vpc.this"
          ]
        },
        {
          "index_key": 2,
          "schema_version": 1,
          "attributes": {
            "arn": "arn:aws:ec2:eu-north-1:851725350979:subnet/subnet-03aa92fdcda1b281a",
            "assign_ipv6_address_on_creation": false,
            "availability_zone": "eu-north-1b",
            "availability_zone_id": "eun1-az2",
            "cidr_block": "10.0.30.0/24",
            "customer_owned_ipv4_pool": "",
            "enable_dns64": false,
            "enable_lni_at_device_index": 0,
            "enable_resource_name_dns_a_record_on_launch": false,
            "enable_resource_name_dns_aaaa_record_on_launch": false,
            "id": "subnet-03aa92fdcda1b281a",
            "ipv6_cidr_block": "",
            "ipv6_cidr_block_association_id": "",
            "ipv6_native": false,
            "map_customer_owned_ip_on_launch": false,
            "map_public_ip_on_launch": false,
            "outpost_arn": "",
            "owner_id": "851725350979",
            "private_dns_hostname_type_on_launch": "ip-name",
            "tags": {
              "Environment": "project_intely",
              "Terraform": "true"
            },
            "tags_all": {
              "Environment": "project_intely",
              "Terraform": "true"
            },
            "timeouts": null,
            "vpc_id": "vpc-0f673f195ae29dc85"
          },
          "sensitive_attributes": [],
          "private": "eyJlMmJmYjczMC1lY2FhLTExZTYtOGY4OC0zNDM2M2JjN2M0YzAiOnsiY3JlYXRlIjo2MDAwMDAwMDAwMDAsImRlbGV0ZSI6MTIwMDAwMDAwMDAwMH0sInNjaGVtYV92ZXJzaW9uIjoiMSJ9",
          "dependencies": [
            "module.vpc.aws_vpc.this"
          ]
        }
      ]
    },
    {
      "module": "module.vpc",
      "mode": "managed",
      "type": "aws_subnet",
      "name": "public",
      "provider": "provider[\"registry.terraform.io/hashicorp/aws\"]",
      "instances": [
        {
          "index_key": 0,
          "schema_version": 1,
          "attributes": {
            "arn": "arn:aws:ec2:eu-north-1:851725350979:subnet/subnet-0aa1fbfec59e739f8",
            "assign_ipv6_address_on_creation": false,
            "availability_zone": "eu-north-1a",
            "availability_zone_id": "eun1-az1",
            "cidr_block": "10.0.1.0/24",
            "customer_owned_ipv4_pool": "",
            "enable_dns64": false,
            "enable_lni_at_device_index": 0,
            "enable_resource_name_dns_a_record_on_launch": false,
            "enable_resource_name_dns_aaaa_record_on_launch": false,
            "id": "subnet-0aa1fbfec59e739f8",
            "ipv6_cidr_block": "",
            "ipv6_cidr_block_association_id": "",
            "ipv6_native": false,
            "map_customer_owned_ip_on_launch": false,
            "map_public_ip_on_launch": true,
            "outpost_arn": "",
            "owner_id": "851725350979",
            "private_dns_hostname_type_on_launch": "ip-name",
            "tags": {
              "Environment": "project_intely",
              "Terraform": "true"
            },
            "tags_all": {
              "Environment": "project_intely",
              "Terraform": "true"
            },
            "timeouts": null,
            "vpc_id": "vpc-0f673f195ae29dc85"
          },
          "sensitive_attributes": [],
          "private": "eyJlMmJmYjczMC1lY2FhLTExZTYtOGY4OC0zNDM2M2JjN2M0YzAiOnsiY3JlYXRlIjo2MDAwMDAwMDAwMDAsImRlbGV0ZSI6MTIwMDAwMDAwMDAwMH0sInNjaGVtYV92ZXJzaW9uIjoiMSJ9",
          "dependencies": [
            "module.vpc.aws_vpc.this"
          ]
        },
        {
          "index_key": 1,
          "schema_version": 1,
          "attributes": {
            "arn": "arn:aws:ec2:eu-north-1:851725350979:subnet/subnet-0e01d7167e2a52f5d",
            "assign_ipv6_address_on_creation": false,
            "availability_zone": "eu-north-1b",
            "availability_zone_id": "eun1-az2",
            "cidr_block": "10.0.2.0/24",
            "customer_owned_ipv4_pool": "",
            "enable_dns64": false,
            "enable_lni_at_device_index": 0,
            "enable_resource_name_dns_a_record_on_launch": false,
            "enable_resource_name_dns_aaaa_record_on_launch": false,
            "id": "subnet-0e01d7167e2a52f5d",
            "ipv6_cidr_block": "",
            "ipv6_cidr_block_association_id": "",
            "ipv6_native": false,
            "map_customer_owned_ip_on_launch": false,
            "map_public_ip_on_launch": true,
            "outpost_arn": "",
            "owner_id": "851725350979",
            "private_dns_hostname_type_on_launch": "ip-name",
            "tags": {
              "Environment": "project_intely",
              "Terraform": "true"
            },
            "tags_all": {
              "Environment": "project_intely",
              "Terraform": "true"
            },
            "timeouts": null,
            "vpc_id": "vpc-0f673f195ae29dc85"
          },
          "sensitive_attributes": [],
          "private": "eyJlMmJmYjczMC1lY2FhLTExZTYtOGY4OC0zNDM2M2JjN2M0YzAiOnsiY3JlYXRlIjo2MDAwMDAwMDAwMDAsImRlbGV0ZSI6MTIwMDAwMDAwMDAwMH0sInNjaGVtYV92ZXJzaW9uIjoiMSJ9",
          "dependencies": [
            "module.vpc.aws_vpc.this"
          ]
        },
        {
          "index_key": 2,
          "schema_version": 1,
          "attributes": {
            "arn": "arn:aws:ec2:eu-north-1:851725350979:subnet/subnet-0de1ebb4ed9a06732",
            "assign_ipv6_address_on_creation": false,
            "availability_zone": "eu-north-1c",
            "availability_zone_id": "eun1-az3",
            "cidr_block": "10.0.3.0/24",
            "customer_owned_ipv4_pool": "",
            "enable_dns64": false,
            "enable_lni_at_device_index": 0,
            "enable_resource_name_dns_a_record_on_launch": false,
            "enable_resource_name_dns_aaaa_record_on_launch": false,
            "id": "subnet-0de1ebb4ed9a06732",
            "ipv6_cidr_block": "",
            "ipv6_cidr_block_association_id": "",
            "ipv6_native": false,
            "map_customer_owned_ip_on_launch": false,
            "map_public_ip_on_launch": true,
            "outpost_arn": "",
            "owner_id": "851725350979",
            "private_dns_hostname_type_on_launch": "ip-name",
            "tags": {
              "Environment": "project_intely",
              "Terraform": "true"
            },
            "tags_all": {
              "Environment": "project_intely",
              "Terraform": "true"
            },
            "timeouts": null,
            "vpc_id": "vpc-0f673f195ae29dc85"
          },
          "sensitive_attributes": [],
          "private": "eyJlMmJmYjczMC1lY2FhLTExZTYtOGY4OC0zNDM2M2JjN2M0YzAiOnsiY3JlYXRlIjo2MDAwMDAwMDAwMDAsImRlbGV0ZSI6MTIwMDAwMDAwMDAwMH0sInNjaGVtYV92ZXJzaW9uIjoiMSJ9",
          "dependencies": [
            "module.vpc.aws_vpc.this"
          ]
        }
      ]
    },
    {
      "module": "module.vpc",
      "mode": "managed",
      "type": "aws_vpc",
      "name": "this",
      "provider": "provider[\"registry.terraform.io/hashicorp/aws\"]",
      "instances": [
        {
          "schema_version": 1,
          "attributes": {
            "arn": "arn:aws:ec2:eu-north-1:851725350979:vpc/vpc-0f673f195ae29dc85",
            "assign_generated_ipv6_cidr_block": false,
            "cidr_block": "10.0.0.0/16",
            "default_network_acl_id": "acl-0524871635cdadd8b",
            "default_route_table_id": "rtb-029c2411e07e2214d",
            "default_security_group_id": "sg-0c8cbd761fb234a99",
            "dhcp_options_id": "dopt-01fd146d2877d5712",
            "enable_dns_hostnames": false,
            "enable_dns_support": true,
            "enable_network_address_usage_metrics": false,
            "id": "vpc-0f673f195ae29dc85",
            "instance_tenancy": "default",
            "ipv4_ipam_pool_id": null,
            "ipv4_netmask_length": null,
            "ipv6_association_id": "",
            "ipv6_cidr_block": "",
            "ipv6_cidr_block_network_border_group": "",
            "ipv6_ipam_pool_id": "",
            "ipv6_netmask_length": 0,
            "main_route_table_id": "rtb-029c2411e07e2214d",
            "owner_id": "851725350979",
            "tags": {
              "Environment": "project_intely",
              "Terraform": "true"
            },
            "tags_all": {
              "Environment": "project_intely",
              "Terraform": "true"
            }
          },
          "sensitive_attributes": [],
          "private": "eyJzY2hlbWFfdmVyc2lvbiI6IjEifQ==",
          "create_before_destroy": true
        }
      ]
    }
  ],
  "check_results": null
}
